Microsoft Visual Studio Solution File, Format Version 12.00
# Visual Studio Version 17
VisualStudioVersion = 17.4.33205.214
MinimumVisualStudioVersion = 10.0.40219.1
Project("{D954291E-2A0B-460D-934E-DC6B0785DB48}") = "CustomizeVSWindowTitleShared", "CustomizeVSWindowTitleShared\CustomizeVSWindowTitleShared.shproj", "{BBB5B91B-E909-4F08-B623-9F27377EE7DC}"
EndProject
Project("{FAE04EC0-301F-11D3-BF4B-00C04F79EFBC}") = "CustomizeVSWindowTitle2022", "CustomizeVSWindowTitle2022\CustomizeVSWindowTitle2022.csproj", "{BF533FE9-559F-4AC7-8506-81F7883F1AA9}"
	ProjectSection(ProjectDependencies) = postProject
		{422306E2-C814-4827-B5E6-0DAA0C639294} = {422306E2-C814-4827-B5E6-0DAA0C639294}
		{473860A7-963C-40AA-A703-28BD68109AB0} = {473860A7-963C-40AA-A703-28BD68109AB0}
	EndProjectSection
EndProject
Project("{9A19103F-16F7-4668-BE54-9A1E7A4F7556}") = "CustomizeVSWindowTitleSharedResources", "CustomizeVSWindowTitleSharedResources\CustomizeVSWindowTitleSharedResources.csproj", "{A923831E-ED5C-4DBA-85C6-DEF2DB9D23C0}"
EndProject
Project("{FAE04EC0-301F-11D3-BF4B-00C04F79EFBC}") = "VSocketExtension", "VSocketExtension\VSocketExtension.csproj", "{473860A7-963C-40AA-A703-28BD68109AB0}"
EndProject
Project("{9A19103F-16F7-4668-BE54-9A1E7A4F7556}") = "CSFramework", "C:\Dev\UIauto\CSFramework\CSFramework.csproj", "{EDCACBA4-CEBE-4AD3-BD9F-5E386F1A0000}"
EndProject
Project("{778DAE3C-4631-46EA-AA77-85C1314464D9}") = "ClipMasterClass", "C:\Dev\UIauto\ClipMasterClass\ClipMasterClass.vbproj", "{90CC9C53-7637-43A3-A4E5-456D0606EA8A}"
EndProject
Project("{778DAE3C-4631-46EA-AA77-85C1314464D9}") = "ClipMaster_Plugin", "C:\Dev\UIAuto\ClipMaster_Plugin\ClipMaster_Plugin.vbproj", "{6C2ACEB3-BFF8-4B44-826F-E4FEBC42F7A5}"
EndProject
Project("{9A19103F-16F7-4668-BE54-9A1E7A4F7556}") = "Cricket.Utilities", "C:\Dev\WesternCap\Cricket.Utilities\Cricket.Utilities.csproj", "{10A7D908-96EB-403F-B126-FA72975FDFEC}"
EndProject
Project("{6EC3EE1D-3C4E-46DD-8F32-0CC8E7565705}") = "ExceptionalCode", "C:\Dev\WesternCap\ExceptionalCode\ExceptionalCode.fsproj", "{FBBF47FD-19B8-4B0F-BEC7-9B9B1B86EE85}"
EndProject
Project("{6EC3EE1D-3C4E-46DD-8F32-0CC8E7565705}") = "FSSClass", "c:\dev\UIAuto\FSSClass\FSSClass.fsproj", "{130B8480-EA46-41C0-9F99-451C1A21CE46}"
EndProject
Project("{6EC3EE1D-3C4E-46DD-8F32-0CC8E7565705}") = "FSparkle", "C:\Dev\WesternCap\FSparkle\FSparkle.fsproj", "{51885666-F261-48FB-A977-2584C4271098}"
EndProject
Project("{6EC3EE1D-3C4E-46DD-8F32-0CC8E7565705}") = "Flatinum", "C:\Dev\WesternCap\Flatinum\Flatinum.fsproj", "{83B4EAEC-4594-44F1-8074-F4BF184AC9AC}"
EndProject
Project("{6EC3EE1D-3C4E-46DD-8F32-0CC8E7565705}") = "PerFSharp", "C:\Dev\WesternCap\PerFSharp\PerFSharp.fsproj", "{3F94DD60-A4EA-4F7A-8F45-C00954721C28}"
EndProject
Project("{6EC3EE1D-3C4E-46DD-8F32-0CC8E7565705}") = "SharedFSharpForms", "C:\Dev\WesternCap\SharedFSharpForms\SharedFSharpForms.fsproj", "{49378B10-EFE9-46B5-A0CE-98F7AF22BB6D}"
EndProject
Project("{6EC3EE1D-3C4E-46DD-8F32-0CC8E7565705}") = "SharedFSharpVanilla", "C:\Dev\WesternCap\SharedFSharpVanilla\SharedFSharpVanilla.fsproj", "{A5CE9C38-8D0B-40DC-8362-567F193FEA68}"
EndProject
Project("{9A19103F-16F7-4668-BE54-9A1E7A4F7556}") = "SharedFramework", "C:\Dev\WesternCap\SharedFramework\SharedFramework.csproj", "{7535CE2A-06FB-401F-8710-F6A4A6FE98A1}"
EndProject
Project("{6EC3EE1D-3C4E-46DD-8F32-0CC8E7565705}") = "SharedFrameworkEntity", "C:\Dev\WesternCap\SharedFrameworkEntity\SharedFrameworkEntity.fsproj", "{93C5BC65-DEC0-4B95-8D69-8C1610463143}"
EndProject
Project("{9A19103F-16F7-4668-BE54-9A1E7A4F7556}") = "SharedFrameworkInterfaces", "c:\dev\WesternCap\SharedFrameworkInterfaces\SharedFrameworkInterfaces.csproj", "{83664CF7-6BBF-4FDD-852C-66757661E313}"
EndProject
Project("{9A19103F-16F7-4668-BE54-9A1E7A4F7556}") = "SharedFrameworkLogging", "C:\Dev\WesternCap\SharedFrameworkLogging\SharedFrameworkLogging.csproj", "{0212EFB3-789A-46A2-862B-3569CCA8F2BC}"
EndProject
Project("{6EC3EE1D-3C4E-46DD-8F32-0CC8E7565705}") = "SharedFrameworkROP", "C:\Dev\WesternCap\SharedFrameworkROP\SharedFrameworkROP.fsproj", "{275D0D22-5942-4E53-AA31-DEAF6FD0571F}"
EndProject
Project("{9A19103F-16F7-4668-BE54-9A1E7A4F7556}") = "SharedFrameworkSuper", "C:\Dev\WesternCap\SharedFrameworkSuper\SharedFrameworkSuper.csproj", "{BFE1F51E-F444-44F0-96E1-736357A12052}"
EndProject
Project("{778DAE3C-4631-46EA-AA77-85C1314464D9}") = "SourceFramework", "C:\Dev\UIauto\SourceFramework\SourceFramework.vbproj", "{EA6B336F-9409-4A91-825B-2909CE56F6B5}"
EndProject
Project("{9A19103F-16F7-4668-BE54-9A1E7A4F7556}") = "UniversalExtensions", "C:\Dev\WesternCap\UniversalExtensions\UniversalExtensions.csproj", "{706E2D3D-CF9A-4362-A7AD-4A36167C084A}"
EndProject
Project("{778DAE3C-4631-46EA-AA77-85C1314464D9}") = "VSCMD", "c:\dev\UIAuto\VSCMD\VSCMD.vbproj", "{D66D6874-C678-48A2-AE3F-E028C81AD133}"
EndProject
Project("{6EC3EE1D-3C4E-46DD-8F32-0CC8E7565705}") = "VSocket", "C:\Dev\UIauto\VSocket\VSocket.fsproj", "{422306E2-C814-4827-B5E6-0DAA0C639294}"
EndProject
Project("{6EC3EE1D-3C4E-46DD-8F32-0CC8E7565705}") = "WisdominatorClient", "C:\DEV\MatrixOS\WisdominatorClient\WisdominatorClient.fsproj", "{35CAB18C-CF7C-4906-9731-1A5427F94AD5}"
EndProject
Project("{6EC3EE1D-3C4E-46DD-8F32-0CC8E7565705}") = "WinMergeEquals", "C:\dev\WesternCap\WinMergeEquals\WinMergeEquals.fsproj", "{B7077058-DD20-4439-A92D-2AE90C22F6FF}"
EndProject
Project("{9A19103F-16F7-4668-BE54-9A1E7A4F7556}") = "UniversalNetstandardHoldups", "C:\Dev\WesternCap\UniversalNetstandardHoldups\UniversalNetstandardHoldups.csproj", "{1F95ABE1-DC2B-445D-92C6-F4F63A8FD0FB}"
EndProject
Global
	GlobalSection(SolutionConfigurationPlatforms) = preSolution
		Debug|Any CPU = Debug|Any CPU
		Debug|arm64 = Debug|arm64
		Debug|x64 = Debug|x64
		Debug|x86 = Debug|x86
		Release|Any CPU = Release|Any CPU
		Release|arm64 = Release|arm64
		Release|x64 = Release|x64
		Release|x86 = Release|x86
		StrictCompile|Any CPU = StrictCompile|Any CPU
		StrictCompile|arm64 = StrictCompile|arm64
		StrictCompile|x64 = StrictCompile|x64
		StrictCompile|x86 = StrictCompile|x86
	EndGlobalSection
	GlobalSection(ProjectConfigurationPlatforms) = postSolution
		{BF533FE9-559F-4AC7-8506-81F7883F1AA9}.Debug|Any CPU.ActiveCfg = Debug|Any CPU
		{BF533FE9-559F-4AC7-8506-81F7883F1AA9}.Debug|Any CPU.Build.0 = Debug|Any CPU
		{BF533FE9-559F-4AC7-8506-81F7883F1AA9}.Debug|arm64.ActiveCfg = Debug|Any CPU
		{BF533FE9-559F-4AC7-8506-81F7883F1AA9}.Debug|arm64.Build.0 = Debug|Any CPU
		{BF533FE9-559F-4AC7-8506-81F7883F1AA9}.Debug|x64.ActiveCfg = Debug|Any CPU
		{BF533FE9-559F-4AC7-8506-81F7883F1AA9}.Debug|x86.ActiveCfg = Debug|x86
		{BF533FE9-559F-4AC7-8506-81F7883F1AA9}.Debug|x86.Build.0 = Debug|x86
		{BF533FE9-559F-4AC7-8506-81F7883F1AA9}.Release|Any CPU.ActiveCfg = Release|Any CPU
		{BF533FE9-559F-4AC7-8506-81F7883F1AA9}.Release|Any CPU.Build.0 = Release|Any CPU
		{BF533FE9-559F-4AC7-8506-81F7883F1AA9}.Release|arm64.ActiveCfg = Release|Any CPU
		{BF533FE9-559F-4AC7-8506-81F7883F1AA9}.Release|arm64.Build.0 = Release|Any CPU
		{BF533FE9-559F-4AC7-8506-81F7883F1AA9}.Release|x64.ActiveCfg = Release|Any CPU
		{BF533FE9-559F-4AC7-8506-81F7883F1AA9}.Release|x86.ActiveCfg = Release|x86
		{BF533FE9-559F-4AC7-8506-81F7883F1AA9}.Release|x86.Build.0 = Release|x86
		{BF533FE9-559F-4AC7-8506-81F7883F1AA9}.StrictCompile|Any CPU.ActiveCfg = Release|Any CPU
		{BF533FE9-559F-4AC7-8506-81F7883F1AA9}.StrictCompile|Any CPU.Build.0 = Release|Any CPU
		{BF533FE9-559F-4AC7-8506-81F7883F1AA9}.StrictCompile|arm64.ActiveCfg = Release|Any CPU
		{BF533FE9-559F-4AC7-8506-81F7883F1AA9}.StrictCompile|arm64.Build.0 = Release|Any CPU
		{BF533FE9-559F-4AC7-8506-81F7883F1AA9}.StrictCompile|x64.ActiveCfg = Release|Any CPU
		{BF533FE9-559F-4AC7-8506-81F7883F1AA9}.StrictCompile|x64.Build.0 = Release|Any CPU
		{BF533FE9-559F-4AC7-8506-81F7883F1AA9}.StrictCompile|x86.ActiveCfg = Release|x86
		{BF533FE9-559F-4AC7-8506-81F7883F1AA9}.StrictCompile|x86.Build.0 = Release|x86
		{A923831E-ED5C-4DBA-85C6-DEF2DB9D23C0}.Debug|Any CPU.ActiveCfg = Debug|Any CPU
		{A923831E-ED5C-4DBA-85C6-DEF2DB9D23C0}.Debug|Any CPU.Build.0 = Debug|Any CPU
		{A923831E-ED5C-4DBA-85C6-DEF2DB9D23C0}.Debug|arm64.ActiveCfg = Debug|Any CPU
		{A923831E-ED5C-4DBA-85C6-DEF2DB9D23C0}.Debug|arm64.Build.0 = Debug|Any CPU
		{A923831E-ED5C-4DBA-85C6-DEF2DB9D23C0}.Debug|x64.ActiveCfg = Debug|Any CPU
		{A923831E-ED5C-4DBA-85C6-DEF2DB9D23C0}.Debug|x64.Build.0 = Debug|Any CPU
		{A923831E-ED5C-4DBA-85C6-DEF2DB9D23C0}.Debug|x86.ActiveCfg = Debug|Any CPU
		{A923831E-ED5C-4DBA-85C6-DEF2DB9D23C0}.Debug|x86.Build.0 = Debug|Any CPU
		{A923831E-ED5C-4DBA-85C6-DEF2DB9D23C0}.Release|Any CPU.ActiveCfg = Release|Any CPU
		{A923831E-ED5C-4DBA-85C6-DEF2DB9D23C0}.Release|Any CPU.Build.0 = Release|Any CPU
		{A923831E-ED5C-4DBA-85C6-DEF2DB9D23C0}.Release|arm64.ActiveCfg = Release|Any CPU
		{A923831E-ED5C-4DBA-85C6-DEF2DB9D23C0}.Release|arm64.Build.0 = Release|Any CPU
		{A923831E-ED5C-4DBA-85C6-DEF2DB9D23C0}.Release|x64.ActiveCfg = Release|Any CPU
		{A923831E-ED5C-4DBA-85C6-DEF2DB9D23C0}.Release|x64.Build.0 = Release|Any CPU
		{A923831E-ED5C-4DBA-85C6-DEF2DB9D23C0}.Release|x86.ActiveCfg = Release|Any CPU
		{A923831E-ED5C-4DBA-85C6-DEF2DB9D23C0}.Release|x86.Build.0 = Release|Any CPU
		{A923831E-ED5C-4DBA-85C6-DEF2DB9D23C0}.StrictCompile|Any CPU.ActiveCfg = Release|Any CPU
		{A923831E-ED5C-4DBA-85C6-DEF2DB9D23C0}.StrictCompile|Any CPU.Build.0 = Release|Any CPU
		{A923831E-ED5C-4DBA-85C6-DEF2DB9D23C0}.StrictCompile|arm64.ActiveCfg = Release|Any CPU
		{A923831E-ED5C-4DBA-85C6-DEF2DB9D23C0}.StrictCompile|arm64.Build.0 = Release|Any CPU
		{A923831E-ED5C-4DBA-85C6-DEF2DB9D23C0}.StrictCompile|x64.ActiveCfg = Release|Any CPU
		{A923831E-ED5C-4DBA-85C6-DEF2DB9D23C0}.StrictCompile|x64.Build.0 = Release|Any CPU
		{A923831E-ED5C-4DBA-85C6-DEF2DB9D23C0}.StrictCompile|x86.ActiveCfg = Release|Any CPU
		{A923831E-ED5C-4DBA-85C6-DEF2DB9D23C0}.StrictCompile|x86.Build.0 = Release|Any CPU
		{473860A7-963C-40AA-A703-28BD68109AB0}.Debug|Any CPU.ActiveCfg = Debug|Any CPU
		{473860A7-963C-40AA-A703-28BD68109AB0}.Debug|Any CPU.Build.0 = Debug|Any CPU
		{473860A7-963C-40AA-A703-28BD68109AB0}.Debug|arm64.ActiveCfg = Debug|arm64
		{473860A7-963C-40AA-A703-28BD68109AB0}.Debug|arm64.Build.0 = Debug|arm64
		{473860A7-963C-40AA-A703-28BD68109AB0}.Debug|x64.ActiveCfg = Debug|Any CPU
		{473860A7-963C-40AA-A703-28BD68109AB0}.Debug|x64.Build.0 = Debug|Any CPU
		{473860A7-963C-40AA-A703-28BD68109AB0}.Debug|x86.ActiveCfg = Debug|x86
		{473860A7-963C-40AA-A703-28BD68109AB0}.Debug|x86.Build.0 = Debug|x86
		{473860A7-963C-40AA-A703-28BD68109AB0}.Release|Any CPU.ActiveCfg = Release|Any CPU
		{473860A7-963C-40AA-A703-28BD68109AB0}.Release|Any CPU.Build.0 = Release|Any CPU
		{473860A7-963C-40AA-A703-28BD68109AB0}.Release|arm64.ActiveCfg = Release|arm64
		{473860A7-963C-40AA-A703-28BD68109AB0}.Release|arm64.Build.0 = Release|arm64
		{473860A7-963C-40AA-A703-28BD68109AB0}.Release|x64.ActiveCfg = Release|Any CPU
		{473860A7-963C-40AA-A703-28BD68109AB0}.Release|x64.Build.0 = Release|Any CPU
		{473860A7-963C-40AA-A703-28BD68109AB0}.Release|x86.ActiveCfg = Release|x86
		{473860A7-963C-40AA-A703-28BD68109AB0}.Release|x86.Build.0 = Release|x86
		{473860A7-963C-40AA-A703-28BD68109AB0}.StrictCompile|Any CPU.ActiveCfg = Debug|Any CPU
		{473860A7-963C-40AA-A703-28BD68109AB0}.StrictCompile|Any CPU.Build.0 = Debug|Any CPU
		{473860A7-963C-40AA-A703-28BD68109AB0}.StrictCompile|arm64.ActiveCfg = Debug|arm64
		{473860A7-963C-40AA-A703-28BD68109AB0}.StrictCompile|arm64.Build.0 = Debug|arm64
		{473860A7-963C-40AA-A703-28BD68109AB0}.StrictCompile|x64.ActiveCfg = Debug|Any CPU
		{473860A7-963C-40AA-A703-28BD68109AB0}.StrictCompile|x64.Build.0 = Debug|Any CPU
		{473860A7-963C-40AA-A703-28BD68109AB0}.StrictCompile|x86.ActiveCfg = Debug|x86
		{473860A7-963C-40AA-A703-28BD68109AB0}.StrictCompile|x86.Build.0 = Debug|x86
		{EDCACBA4-CEBE-4AD3-BD9F-5E386F1A0000}.Debug|Any CPU.ActiveCfg = Debug|Any CPU
		{EDCACBA4-CEBE-4AD3-BD9F-5E386F1A0000}.Debug|Any CPU.Build.0 = Debug|Any CPU
		{EDCACBA4-CEBE-4AD3-BD9F-5E386F1A0000}.Debug|arm64.ActiveCfg = Debug|Any CPU
		{EDCACBA4-CEBE-4AD3-BD9F-5E386F1A0000}.Debug|arm64.Build.0 = Debug|Any CPU
		{EDCACBA4-CEBE-4AD3-BD9F-5E386F1A0000}.Debug|x64.ActiveCfg = Debug|Any CPU
		{EDCACBA4-CEBE-4AD3-BD9F-5E386F1A0000}.Debug|x64.Build.0 = Debug|Any CPU
		{EDCACBA4-CEBE-4AD3-BD9F-5E386F1A0000}.Debug|x86.ActiveCfg = Debug|Any CPU
		{EDCACBA4-CEBE-4AD3-BD9F-5E386F1A0000}.Debug|x86.Build.0 = Debug|Any CPU
		{EDCACBA4-CEBE-4AD3-BD9F-5E386F1A0000}.Release|Any CPU.ActiveCfg = Release|Any CPU
		{EDCACBA4-CEBE-4AD3-BD9F-5E386F1A0000}.Release|Any CPU.Build.0 = Release|Any CPU
		{EDCACBA4-CEBE-4AD3-BD9F-5E386F1A0000}.Release|arm64.ActiveCfg = Release|Any CPU
		{EDCACBA4-CEBE-4AD3-BD9F-5E386F1A0000}.Release|arm64.Build.0 = Release|Any CPU
		{EDCACBA4-CEBE-4AD3-BD9F-5E386F1A0000}.Release|x64.ActiveCfg = Release|Any CPU
		{EDCACBA4-CEBE-4AD3-BD9F-5E386F1A0000}.Release|x64.Build.0 = Release|Any CPU
		{EDCACBA4-CEBE-4AD3-BD9F-5E386F1A0000}.Release|x86.ActiveCfg = Release|Any CPU
		{EDCACBA4-CEBE-4AD3-BD9F-5E386F1A0000}.Release|x86.Build.0 = Release|Any CPU
		{EDCACBA4-CEBE-4AD3-BD9F-5E386F1A0000}.StrictCompile|Any CPU.ActiveCfg = Debug|Any CPU
		{EDCACBA4-CEBE-4AD3-BD9F-5E386F1A0000}.StrictCompile|Any CPU.Build.0 = Debug|Any CPU
		{EDCACBA4-CEBE-4AD3-BD9F-5E386F1A0000}.StrictCompile|arm64.ActiveCfg = Debug|Any CPU
		{EDCACBA4-CEBE-4AD3-BD9F-5E386F1A0000}.StrictCompile|arm64.Build.0 = Debug|Any CPU
		{EDCACBA4-CEBE-4AD3-BD9F-5E386F1A0000}.StrictCompile|x64.ActiveCfg = Debug|Any CPU
		{EDCACBA4-CEBE-4AD3-BD9F-5E386F1A0000}.StrictCompile|x64.Build.0 = Debug|Any CPU
		{EDCACBA4-CEBE-4AD3-BD9F-5E386F1A0000}.StrictCompile|x86.ActiveCfg = Debug|Any CPU
		{EDCACBA4-CEBE-4AD3-BD9F-5E386F1A0000}.StrictCompile|x86.Build.0 = Debug|Any CPU
		{90CC9C53-7637-43A3-A4E5-456D0606EA8A}.Debug|Any CPU.ActiveCfg = Debug|Any CPU
		{90CC9C53-7637-43A3-A4E5-456D0606EA8A}.Debug|Any CPU.Build.0 = Debug|Any CPU
		{90CC9C53-7637-43A3-A4E5-456D0606EA8A}.Debug|arm64.ActiveCfg = Debug|Any CPU
		{90CC9C53-7637-43A3-A4E5-456D0606EA8A}.Debug|arm64.Build.0 = Debug|Any CPU
		{90CC9C53-7637-43A3-A4E5-456D0606EA8A}.Debug|x64.ActiveCfg = Debug|Any CPU
		{90CC9C53-7637-43A3-A4E5-456D0606EA8A}.Debug|x64.Build.0 = Debug|Any CPU
		{90CC9C53-7637-43A3-A4E5-456D0606EA8A}.Debug|x86.ActiveCfg = Debug|Any CPU
		{90CC9C53-7637-43A3-A4E5-456D0606EA8A}.Debug|x86.Build.0 = Debug|Any CPU
		{90CC9C53-7637-43A3-A4E5-456D0606EA8A}.Release|Any CPU.ActiveCfg = Release|Any CPU
		{90CC9C53-7637-43A3-A4E5-456D0606EA8A}.Release|Any CPU.Build.0 = Release|Any CPU
		{90CC9C53-7637-43A3-A4E5-456D0606EA8A}.Release|arm64.ActiveCfg = Release|Any CPU
		{90CC9C53-7637-43A3-A4E5-456D0606EA8A}.Release|arm64.Build.0 = Release|Any CPU
		{90CC9C53-7637-43A3-A4E5-456D0606EA8A}.Release|x64.ActiveCfg = Release|Any CPU
		{90CC9C53-7637-43A3-A4E5-456D0606EA8A}.Release|x64.Build.0 = Release|Any CPU
		{90CC9C53-7637-43A3-A4E5-456D0606EA8A}.Release|x86.ActiveCfg = Release|Any CPU
		{90CC9C53-7637-43A3-A4E5-456D0606EA8A}.Release|x86.Build.0 = Release|Any CPU
		{90CC9C53-7637-43A3-A4E5-456D0606EA8A}.StrictCompile|Any CPU.ActiveCfg = Debug|Any CPU
		{90CC9C53-7637-43A3-A4E5-456D0606EA8A}.StrictCompile|Any CPU.Build.0 = Debug|Any CPU
		{90CC9C53-7637-43A3-A4E5-456D0606EA8A}.StrictCompile|arm64.ActiveCfg = Debug|Any CPU
		{90CC9C53-7637-43A3-A4E5-456D0606EA8A}.StrictCompile|arm64.Build.0 = Debug|Any CPU
		{90CC9C53-7637-43A3-A4E5-456D0606EA8A}.StrictCompile|x64.ActiveCfg = Debug|Any CPU
		{90CC9C53-7637-43A3-A4E5-456D0606EA8A}.StrictCompile|x64.Build.0 = Debug|Any CPU
		{90CC9C53-7637-43A3-A4E5-456D0606EA8A}.StrictCompile|x86.ActiveCfg = Debug|Any CPU
		{90CC9C53-7637-43A3-A4E5-456D0606EA8A}.StrictCompile|x86.Build.0 = Debug|Any CPU
		{6C2ACEB3-BFF8-4B44-826F-E4FEBC42F7A5}.Debug|Any CPU.ActiveCfg = Debug|Any CPU
		{6C2ACEB3-BFF8-4B44-826F-E4FEBC42F7A5}.Debug|Any CPU.Build.0 = Debug|Any CPU
		{6C2ACEB3-BFF8-4B44-826F-E4FEBC42F7A5}.Debug|arm64.ActiveCfg = Debug|Any CPU
		{6C2ACEB3-BFF8-4B44-826F-E4FEBC42F7A5}.Debug|arm64.Build.0 = Debug|Any CPU
		{6C2ACEB3-BFF8-4B44-826F-E4FEBC42F7A5}.Debug|x64.ActiveCfg = Debug|Any CPU
		{6C2ACEB3-BFF8-4B44-826F-E4FEBC42F7A5}.Debug|x64.Build.0 = Debug|Any CPU
		{6C2ACEB3-BFF8-4B44-826F-E4FEBC42F7A5}.Debug|x86.ActiveCfg = Debug|Any CPU
		{6C2ACEB3-BFF8-4B44-826F-E4FEBC42F7A5}.Debug|x86.Build.0 = Debug|Any CPU
		{6C2ACEB3-BFF8-4B44-826F-E4FEBC42F7A5}.Release|Any CPU.ActiveCfg = Release|Any CPU
		{6C2ACEB3-BFF8-4B44-826F-E4FEBC42F7A5}.Release|Any CPU.Build.0 = Release|Any CPU
		{6C2ACEB3-BFF8-4B44-826F-E4FEBC42F7A5}.Release|arm64.ActiveCfg = Release|Any CPU
		{6C2ACEB3-BFF8-4B44-826F-E4FEBC42F7A5}.Release|arm64.Build.0 = Release|Any CPU
		{6C2ACEB3-BFF8-4B44-826F-E4FEBC42F7A5}.Release|x64.ActiveCfg = Release|Any CPU
		{6C2ACEB3-BFF8-4B44-826F-E4FEBC42F7A5}.Release|x64.Build.0 = Release|Any CPU
		{6C2ACEB3-BFF8-4B44-826F-E4FEBC42F7A5}.Release|x86.ActiveCfg = Release|Any CPU
		{6C2ACEB3-BFF8-4B44-826F-E4FEBC42F7A5}.Release|x86.Build.0 = Release|Any CPU
		{6C2ACEB3-BFF8-4B44-826F-E4FEBC42F7A5}.StrictCompile|Any CPU.ActiveCfg = Debug|Any CPU
		{6C2ACEB3-BFF8-4B44-826F-E4FEBC42F7A5}.StrictCompile|Any CPU.Build.0 = Debug|Any CPU
		{6C2ACEB3-BFF8-4B44-826F-E4FEBC42F7A5}.StrictCompile|arm64.ActiveCfg = Debug|Any CPU
		{6C2ACEB3-BFF8-4B44-826F-E4FEBC42F7A5}.StrictCompile|arm64.Build.0 = Debug|Any CPU
		{6C2ACEB3-BFF8-4B44-826F-E4FEBC42F7A5}.StrictCompile|x64.ActiveCfg = Debug|Any CPU
		{6C2ACEB3-BFF8-4B44-826F-E4FEBC42F7A5}.StrictCompile|x64.Build.0 = Debug|Any CPU
		{6C2ACEB3-BFF8-4B44-826F-E4FEBC42F7A5}.StrictCompile|x86.ActiveCfg = Debug|Any CPU
		{6C2ACEB3-BFF8-4B44-826F-E4FEBC42F7A5}.StrictCompile|x86.Build.0 = Debug|Any CPU
		{10A7D908-96EB-403F-B126-FA72975FDFEC}.Debug|Any CPU.ActiveCfg = Debug|Any CPU
		{10A7D908-96EB-403F-B126-FA72975FDFEC}.Debug|Any CPU.Build.0 = Debug|Any CPU
		{10A7D908-96EB-403F-B126-FA72975FDFEC}.Debug|arm64.ActiveCfg = Debug|Any CPU
		{10A7D908-96EB-403F-B126-FA72975FDFEC}.Debug|arm64.Build.0 = Debug|Any CPU
		{10A7D908-96EB-403F-B126-FA72975FDFEC}.Debug|x64.ActiveCfg = Debug|Any CPU
		{10A7D908-96EB-403F-B126-FA72975FDFEC}.Debug|x64.Build.0 = Debug|Any CPU
		{10A7D908-96EB-403F-B126-FA72975FDFEC}.Debug|x86.ActiveCfg = Debug|Any CPU
		{10A7D908-96EB-403F-B126-FA72975FDFEC}.Debug|x86.Build.0 = Debug|Any CPU
		{10A7D908-96EB-403F-B126-FA72975FDFEC}.Release|Any CPU.ActiveCfg = Release|Any CPU
		{10A7D908-96EB-403F-B126-FA72975FDFEC}.Release|Any CPU.Build.0 = Release|Any CPU
		{10A7D908-96EB-403F-B126-FA72975FDFEC}.Release|arm64.ActiveCfg = Release|Any CPU
		{10A7D908-96EB-403F-B126-FA72975FDFEC}.Release|arm64.Build.0 = Release|Any CPU
		{10A7D908-96EB-403F-B126-FA72975FDFEC}.Release|x64.ActiveCfg = Release|Any CPU
		{10A7D908-96EB-403F-B126-FA72975FDFEC}.Release|x64.Build.0 = Release|Any CPU
		{10A7D908-96EB-403F-B126-FA72975FDFEC}.Release|x86.ActiveCfg = Release|Any CPU
		{10A7D908-96EB-403F-B126-FA72975FDFEC}.Release|x86.Build.0 = Release|Any CPU
		{10A7D908-96EB-403F-B126-FA72975FDFEC}.StrictCompile|Any CPU.ActiveCfg = Debug|Any CPU
		{10A7D908-96EB-403F-B126-FA72975FDFEC}.StrictCompile|Any CPU.Build.0 = Debug|Any CPU
		{10A7D908-96EB-403F-B126-FA72975FDFEC}.StrictCompile|arm64.ActiveCfg = Debug|Any CPU
		{10A7D908-96EB-403F-B126-FA72975FDFEC}.StrictCompile|arm64.Build.0 = Debug|Any CPU
		{10A7D908-96EB-403F-B126-FA72975FDFEC}.StrictCompile|x64.ActiveCfg = Debug|Any CPU
		{10A7D908-96EB-403F-B126-FA72975FDFEC}.StrictCompile|x64.Build.0 = Debug|Any CPU
		{10A7D908-96EB-403F-B126-FA72975FDFEC}.StrictCompile|x86.ActiveCfg = Debug|Any CPU
		{10A7D908-96EB-403F-B126-FA72975FDFEC}.StrictCompile|x86.Build.0 = Debug|Any CPU
		{FBBF47FD-19B8-4B0F-BEC7-9B9B1B86EE85}.Debug|Any CPU.ActiveCfg = Debug|Any CPU
		{FBBF47FD-19B8-4B0F-BEC7-9B9B1B86EE85}.Debug|Any CPU.Build.0 = Debug|Any CPU
		{FBBF47FD-19B8-4B0F-BEC7-9B9B1B86EE85}.Debug|arm64.ActiveCfg = Debug|Any CPU
		{FBBF47FD-19B8-4B0F-BEC7-9B9B1B86EE85}.Debug|arm64.Build.0 = Debug|Any CPU
		{FBBF47FD-19B8-4B0F-BEC7-9B9B1B86EE85}.Debug|x64.ActiveCfg = Debug|Any CPU
		{FBBF47FD-19B8-4B0F-BEC7-9B9B1B86EE85}.Debug|x64.Build.0 = Debug|Any CPU
		{FBBF47FD-19B8-4B0F-BEC7-9B9B1B86EE85}.Debug|x86.ActiveCfg = Debug|Any CPU
		{FBBF47FD-19B8-4B0F-BEC7-9B9B1B86EE85}.Debug|x86.Build.0 = Debug|Any CPU
		{FBBF47FD-19B8-4B0F-BEC7-9B9B1B86EE85}.Release|Any CPU.ActiveCfg = Release|Any CPU
		{FBBF47FD-19B8-4B0F-BEC7-9B9B1B86EE85}.Release|Any CPU.Build.0 = Release|Any CPU
		{FBBF47FD-19B8-4B0F-BEC7-9B9B1B86EE85}.Release|arm64.ActiveCfg = Release|Any CPU
		{FBBF47FD-19B8-4B0F-BEC7-9B9B1B86EE85}.Release|arm64.Build.0 = Release|Any CPU
		{FBBF47FD-19B8-4B0F-BEC7-9B9B1B86EE85}.Release|x64.ActiveCfg = Release|Any CPU
		{FBBF47FD-19B8-4B0F-BEC7-9B9B1B86EE85}.Release|x64.Build.0 = Release|Any CPU
		{FBBF47FD-19B8-4B0F-BEC7-9B9B1B86EE85}.Release|x86.ActiveCfg = Release|Any CPU
		{FBBF47FD-19B8-4B0F-BEC7-9B9B1B86EE85}.Release|x86.Build.0 = Release|Any CPU
		{FBBF47FD-19B8-4B0F-BEC7-9B9B1B86EE85}.StrictCompile|Any CPU.ActiveCfg = Debug|Any CPU
		{FBBF47FD-19B8-4B0F-BEC7-9B9B1B86EE85}.StrictCompile|Any CPU.Build.0 = Debug|Any CPU
		{FBBF47FD-19B8-4B0F-BEC7-9B9B1B86EE85}.StrictCompile|arm64.ActiveCfg = Debug|Any CPU
		{FBBF47FD-19B8-4B0F-BEC7-9B9B1B86EE85}.StrictCompile|arm64.Build.0 = Debug|Any CPU
		{FBBF47FD-19B8-4B0F-BEC7-9B9B1B86EE85}.StrictCompile|x64.ActiveCfg = Debug|Any CPU
		{FBBF47FD-19B8-4B0F-BEC7-9B9B1B86EE85}.StrictCompile|x64.Build.0 = Debug|Any CPU
		{FBBF47FD-19B8-4B0F-BEC7-9B9B1B86EE85}.StrictCompile|x86.ActiveCfg = Debug|Any CPU
		{FBBF47FD-19B8-4B0F-BEC7-9B9B1B86EE85}.StrictCompile|x86.Build.0 = Debug|Any CPU
		{130B8480-EA46-41C0-9F99-451C1A21CE46}.Debug|Any CPU.ActiveCfg = Debug|Any CPU
		{130B8480-EA46-41C0-9F99-451C1A21CE46}.Debug|Any CPU.Build.0 = Debug|Any CPU
		{130B8480-EA46-41C0-9F99-451C1A21CE46}.Debug|arm64.ActiveCfg = Debug|Any CPU
		{130B8480-EA46-41C0-9F99-451C1A21CE46}.Debug|arm64.Build.0 = Debug|Any CPU
		{130B8480-EA46-41C0-9F99-451C1A21CE46}.Debug|x64.ActiveCfg = Debug|Any CPU
		{130B8480-EA46-41C0-9F99-451C1A21CE46}.Debug|x64.Build.0 = Debug|Any CPU
		{130B8480-EA46-41C0-9F99-451C1A21CE46}.Debug|x86.ActiveCfg = Debug|Any CPU
		{130B8480-EA46-41C0-9F99-451C1A21CE46}.Debug|x86.Build.0 = Debug|Any CPU
		{130B8480-EA46-41C0-9F99-451C1A21CE46}.Release|Any CPU.ActiveCfg = Release|Any CPU
		{130B8480-EA46-41C0-9F99-451C1A21CE46}.Release|Any CPU.Build.0 = Release|Any CPU
		{130B8480-EA46-41C0-9F99-451C1A21CE46}.Release|arm64.ActiveCfg = Release|Any CPU
		{130B8480-EA46-41C0-9F99-451C1A21CE46}.Release|arm64.Build.0 = Release|Any CPU
		{130B8480-EA46-41C0-9F99-451C1A21CE46}.Release|x64.ActiveCfg = Release|Any CPU
		{130B8480-EA46-41C0-9F99-451C1A21CE46}.Release|x64.Build.0 = Release|Any CPU
		{130B8480-EA46-41C0-9F99-451C1A21CE46}.Release|x86.ActiveCfg = Release|Any CPU
		{130B8480-EA46-41C0-9F99-451C1A21CE46}.Release|x86.Build.0 = Release|Any CPU
		{130B8480-EA46-41C0-9F99-451C1A21CE46}.StrictCompile|Any CPU.ActiveCfg = Debug|Any CPU
		{130B8480-EA46-41C0-9F99-451C1A21CE46}.StrictCompile|Any CPU.Build.0 = Debug|Any CPU
		{130B8480-EA46-41C0-9F99-451C1A21CE46}.StrictCompile|arm64.ActiveCfg = Debug|Any CPU
		{130B8480-EA46-41C0-9F99-451C1A21CE46}.StrictCompile|arm64.Build.0 = Debug|Any CPU
		{130B8480-EA46-41C0-9F99-451C1A21CE46}.StrictCompile|x64.ActiveCfg = Debug|Any CPU
		{130B8480-EA46-41C0-9F99-451C1A21CE46}.StrictCompile|x64.Build.0 = Debug|Any CPU
		{130B8480-EA46-41C0-9F99-451C1A21CE46}.StrictCompile|x86.ActiveCfg = Debug|Any CPU
		{130B8480-EA46-41C0-9F99-451C1A21CE46}.StrictCompile|x86.Build.0 = Debug|Any CPU
		{51885666-F261-48FB-A977-2584C4271098}.Debug|Any CPU.ActiveCfg = Debug|Any CPU
		{51885666-F261-48FB-A977-2584C4271098}.Debug|Any CPU.Build.0 = Debug|Any CPU
		{51885666-F261-48FB-A977-2584C4271098}.Debug|arm64.ActiveCfg = Debug|Any CPU
		{51885666-F261-48FB-A977-2584C4271098}.Debug|arm64.Build.0 = Debug|Any CPU
		{51885666-F261-48FB-A977-2584C4271098}.Debug|x64.ActiveCfg = Debug|Any CPU
		{51885666-F261-48FB-A977-2584C4271098}.Debug|x64.Build.0 = Debug|Any CPU
		{51885666-F261-48FB-A977-2584C4271098}.Debug|x86.ActiveCfg = Debug|Any CPU
		{51885666-F261-48FB-A977-2584C4271098}.Debug|x86.Build.0 = Debug|Any CPU
		{51885666-F261-48FB-A977-2584C4271098}.Release|Any CPU.ActiveCfg = Release|Any CPU
		{51885666-F261-48FB-A977-2584C4271098}.Release|Any CPU.Build.0 = Release|Any CPU
		{51885666-F261-48FB-A977-2584C4271098}.Release|arm64.ActiveCfg = Release|Any CPU
		{51885666-F261-48FB-A977-2584C4271098}.Release|arm64.Build.0 = Release|Any CPU
		{51885666-F261-48FB-A977-2584C4271098}.Release|x64.ActiveCfg = Release|Any CPU
		{51885666-F261-48FB-A977-2584C4271098}.Release|x64.Build.0 = Release|Any CPU
		{51885666-F261-48FB-A977-2584C4271098}.Release|x86.ActiveCfg = Release|Any CPU
		{51885666-F261-48FB-A977-2584C4271098}.Release|x86.Build.0 = Release|Any CPU
		{51885666-F261-48FB-A977-2584C4271098}.StrictCompile|Any CPU.ActiveCfg = Debug|Any CPU
		{51885666-F261-48FB-A977-2584C4271098}.StrictCompile|Any CPU.Build.0 = Debug|Any CPU
		{51885666-F261-48FB-A977-2584C4271098}.StrictCompile|arm64.ActiveCfg = Debug|Any CPU
		{51885666-F261-48FB-A977-2584C4271098}.StrictCompile|arm64.Build.0 = Debug|Any CPU
		{51885666-F261-48FB-A977-2584C4271098}.StrictCompile|x64.ActiveCfg = Debug|Any CPU
		{51885666-F261-48FB-A977-2584C4271098}.StrictCompile|x64.Build.0 = Debug|Any CPU
		{51885666-F261-48FB-A977-2584C4271098}.StrictCompile|x86.ActiveCfg = Debug|Any CPU
		{51885666-F261-48FB-A977-2584C4271098}.StrictCompile|x86.Build.0 = Debug|Any CPU
		{83B4EAEC-4594-44F1-8074-F4BF184AC9AC}.Debug|Any CPU.ActiveCfg = Debug|Any CPU
		{83B4EAEC-4594-44F1-8074-F4BF184AC9AC}.Debug|Any CPU.Build.0 = Debug|Any CPU
		{83B4EAEC-4594-44F1-8074-F4BF184AC9AC}.Debug|arm64.ActiveCfg = Debug|Any CPU
		{83B4EAEC-4594-44F1-8074-F4BF184AC9AC}.Debug|arm64.Build.0 = Debug|Any CPU
		{83B4EAEC-4594-44F1-8074-F4BF184AC9AC}.Debug|x64.ActiveCfg = Debug|Any CPU
		{83B4EAEC-4594-44F1-8074-F4BF184AC9AC}.Debug|x64.Build.0 = Debug|Any CPU
		{83B4EAEC-4594-44F1-8074-F4BF184AC9AC}.Debug|x86.ActiveCfg = Debug|Any CPU
		{83B4EAEC-4594-44F1-8074-F4BF184AC9AC}.Debug|x86.Build.0 = Debug|Any CPU
		{83B4EAEC-4594-44F1-8074-F4BF184AC9AC}.Release|Any CPU.ActiveCfg = Release|Any CPU
		{83B4EAEC-4594-44F1-8074-F4BF184AC9AC}.Release|Any CPU.Build.0 = Release|Any CPU
		{83B4EAEC-4594-44F1-8074-F4BF184AC9AC}.Release|arm64.ActiveCfg = Release|Any CPU
		{83B4EAEC-4594-44F1-8074-F4BF184AC9AC}.Release|arm64.Build.0 = Release|Any CPU
		{83B4EAEC-4594-44F1-8074-F4BF184AC9AC}.Release|x64.ActiveCfg = Release|Any CPU
		{83B4EAEC-4594-44F1-8074-F4BF184AC9AC}.Release|x64.Build.0 = Release|Any CPU
		{83B4EAEC-4594-44F1-8074-F4BF184AC9AC}.Release|x86.ActiveCfg = Release|Any CPU
		{83B4EAEC-4594-44F1-8074-F4BF184AC9AC}.Release|x86.Build.0 = Release|Any CPU
		{83B4EAEC-4594-44F1-8074-F4BF184AC9AC}.StrictCompile|Any CPU.ActiveCfg = Debug|Any CPU
		{83B4EAEC-4594-44F1-8074-F4BF184AC9AC}.StrictCompile|Any CPU.Build.0 = Debug|Any CPU
		{83B4EAEC-4594-44F1-8074-F4BF184AC9AC}.StrictCompile|arm64.ActiveCfg = Debug|Any CPU
		{83B4EAEC-4594-44F1-8074-F4BF184AC9AC}.StrictCompile|arm64.Build.0 = Debug|Any CPU
		{83B4EAEC-4594-44F1-8074-F4BF184AC9AC}.StrictCompile|x64.ActiveCfg = Debug|Any CPU
		{83B4EAEC-4594-44F1-8074-F4BF184AC9AC}.StrictCompile|x64.Build.0 = Debug|Any CPU
		{83B4EAEC-4594-44F1-8074-F4BF184AC9AC}.StrictCompile|x86.ActiveCfg = Debug|Any CPU
		{83B4EAEC-4594-44F1-8074-F4BF184AC9AC}.StrictCompile|x86.Build.0 = Debug|Any CPU
		{3F94DD60-A4EA-4F7A-8F45-C00954721C28}.Debug|Any CPU.ActiveCfg = Debug|Any CPU
		{3F94DD60-A4EA-4F7A-8F45-C00954721C28}.Debug|Any CPU.Build.0 = Debug|Any CPU
		{3F94DD60-A4EA-4F7A-8F45-C00954721C28}.Debug|arm64.ActiveCfg = Debug|Any CPU
		{3F94DD60-A4EA-4F7A-8F45-C00954721C28}.Debug|arm64.Build.0 = Debug|Any CPU
		{3F94DD60-A4EA-4F7A-8F45-C00954721C28}.Debug|x64.ActiveCfg = Debug|Any CPU
		{3F94DD60-A4EA-4F7A-8F45-C00954721C28}.Debug|x64.Build.0 = Debug|Any CPU
		{3F94DD60-A4EA-4F7A-8F45-C00954721C28}.Debug|x86.ActiveCfg = Debug|Any CPU
		{3F94DD60-A4EA-4F7A-8F45-C00954721C28}.Debug|x86.Build.0 = Debug|Any CPU
		{3F94DD60-A4EA-4F7A-8F45-C00954721C28}.Release|Any CPU.ActiveCfg = Release|Any CPU
		{3F94DD60-A4EA-4F7A-8F45-C00954721C28}.Release|Any CPU.Build.0 = Release|Any CPU
		{3F94DD60-A4EA-4F7A-8F45-C00954721C28}.Release|arm64.ActiveCfg = Release|Any CPU
		{3F94DD60-A4EA-4F7A-8F45-C00954721C28}.Release|arm64.Build.0 = Release|Any CPU
		{3F94DD60-A4EA-4F7A-8F45-C00954721C28}.Release|x64.ActiveCfg = Release|Any CPU
		{3F94DD60-A4EA-4F7A-8F45-C00954721C28}.Release|x64.Build.0 = Release|Any CPU
		{3F94DD60-A4EA-4F7A-8F45-C00954721C28}.Release|x86.ActiveCfg = Release|Any CPU
		{3F94DD60-A4EA-4F7A-8F45-C00954721C28}.Release|x86.Build.0 = Release|Any CPU
		{3F94DD60-A4EA-4F7A-8F45-C00954721C28}.StrictCompile|Any CPU.ActiveCfg = Debug|Any CPU
		{3F94DD60-A4EA-4F7A-8F45-C00954721C28}.StrictCompile|Any CPU.Build.0 = Debug|Any CPU
		{3F94DD60-A4EA-4F7A-8F45-C00954721C28}.StrictCompile|arm64.ActiveCfg = Debug|Any CPU
		{3F94DD60-A4EA-4F7A-8F45-C00954721C28}.StrictCompile|arm64.Build.0 = Debug|Any CPU
		{3F94DD60-A4EA-4F7A-8F45-C00954721C28}.StrictCompile|x64.ActiveCfg = Debug|Any CPU
		{3F94DD60-A4EA-4F7A-8F45-C00954721C28}.StrictCompile|x64.Build.0 = Debug|Any CPU
		{3F94DD60-A4EA-4F7A-8F45-C00954721C28}.StrictCompile|x86.ActiveCfg = Debug|Any CPU
		{3F94DD60-A4EA-4F7A-8F45-C00954721C28}.StrictCompile|x86.Build.0 = Debug|Any CPU
		{49378B10-EFE9-46B5-A0CE-98F7AF22BB6D}.Debug|Any CPU.ActiveCfg = Debug|Any CPU
		{49378B10-EFE9-46B5-A0CE-98F7AF22BB6D}.Debug|Any CPU.Build.0 = Debug|Any CPU
		{49378B10-EFE9-46B5-A0CE-98F7AF22BB6D}.Debug|arm64.ActiveCfg = Debug|Any CPU
		{49378B10-EFE9-46B5-A0CE-98F7AF22BB6D}.Debug|arm64.Build.0 = Debug|Any CPU
		{49378B10-EFE9-46B5-A0CE-98F7AF22BB6D}.Debug|x64.ActiveCfg = Debug|Any CPU
		{49378B10-EFE9-46B5-A0CE-98F7AF22BB6D}.Debug|x64.Build.0 = Debug|Any CPU
		{49378B10-EFE9-46B5-A0CE-98F7AF22BB6D}.Debug|x86.ActiveCfg = Debug|Any CPU
		{49378B10-EFE9-46B5-A0CE-98F7AF22BB6D}.Debug|x86.Build.0 = Debug|Any CPU
		{49378B10-EFE9-46B5-A0CE-98F7AF22BB6D}.Release|Any CPU.ActiveCfg = Release|Any CPU
		{49378B10-EFE9-46B5-A0CE-98F7AF22BB6D}.Release|Any CPU.Build.0 = Release|Any CPU
		{49378B10-EFE9-46B5-A0CE-98F7AF22BB6D}.Release|arm64.ActiveCfg = Release|Any CPU
		{49378B10-EFE9-46B5-A0CE-98F7AF22BB6D}.Release|arm64.Build.0 = Release|Any CPU
		{49378B10-EFE9-46B5-A0CE-98F7AF22BB6D}.Release|x64.ActiveCfg = Release|Any CPU
		{49378B10-EFE9-46B5-A0CE-98F7AF22BB6D}.Release|x64.Build.0 = Release|Any CPU
		{49378B10-EFE9-46B5-A0CE-98F7AF22BB6D}.Release|x86.ActiveCfg = Release|Any CPU
		{49378B10-EFE9-46B5-A0CE-98F7AF22BB6D}.Release|x86.Build.0 = Release|Any CPU
		{49378B10-EFE9-46B5-A0CE-98F7AF22BB6D}.StrictCompile|Any CPU.ActiveCfg = Debug|Any CPU
		{49378B10-EFE9-46B5-A0CE-98F7AF22BB6D}.StrictCompile|Any CPU.Build.0 = Debug|Any CPU
		{49378B10-EFE9-46B5-A0CE-98F7AF22BB6D}.StrictCompile|arm64.ActiveCfg = Debug|Any CPU
		{49378B10-EFE9-46B5-A0CE-98F7AF22BB6D}.StrictCompile|arm64.Build.0 = Debug|Any CPU
		{49378B10-EFE9-46B5-A0CE-98F7AF22BB6D}.StrictCompile|x64.ActiveCfg = Debug|Any CPU
		{49378B10-EFE9-46B5-A0CE-98F7AF22BB6D}.StrictCompile|x64.Build.0 = Debug|Any CPU
		{49378B10-EFE9-46B5-A0CE-98F7AF22BB6D}.StrictCompile|x86.ActiveCfg = Debug|Any CPU
		{49378B10-EFE9-46B5-A0CE-98F7AF22BB6D}.StrictCompile|x86.Build.0 = Debug|Any CPU
		{A5CE9C38-8D0B-40DC-8362-567F193FEA68}.Debug|Any CPU.ActiveCfg = Debug|Any CPU
		{A5CE9C38-8D0B-40DC-8362-567F193FEA68}.Debug|Any CPU.Build.0 = Debug|Any CPU
		{A5CE9C38-8D0B-40DC-8362-567F193FEA68}.Debug|arm64.ActiveCfg = Debug|Any CPU
		{A5CE9C38-8D0B-40DC-8362-567F193FEA68}.Debug|arm64.Build.0 = Debug|Any CPU
		{A5CE9C38-8D0B-40DC-8362-567F193FEA68}.Debug|x64.ActiveCfg = Debug|Any CPU
		{A5CE9C38-8D0B-40DC-8362-567F193FEA68}.Debug|x64.Build.0 = Debug|Any CPU
		{A5CE9C38-8D0B-40DC-8362-567F193FEA68}.Debug|x86.ActiveCfg = Debug|Any CPU
		{A5CE9C38-8D0B-40DC-8362-567F193FEA68}.Debug|x86.Build.0 = Debug|Any CPU
		{A5CE9C38-8D0B-40DC-8362-567F193FEA68}.Release|Any CPU.ActiveCfg = Release|Any CPU
		{A5CE9C38-8D0B-40DC-8362-567F193FEA68}.Release|Any CPU.Build.0 = Release|Any CPU
		{A5CE9C38-8D0B-40DC-8362-567F193FEA68}.Release|arm64.ActiveCfg = Release|Any CPU
		{A5CE9C38-8D0B-40DC-8362-567F193FEA68}.Release|arm64.Build.0 = Release|Any CPU
		{A5CE9C38-8D0B-40DC-8362-567F193FEA68}.Release|x64.ActiveCfg = Release|Any CPU
		{A5CE9C38-8D0B-40DC-8362-567F193FEA68}.Release|x64.Build.0 = Release|Any CPU
		{A5CE9C38-8D0B-40DC-8362-567F193FEA68}.Release|x86.ActiveCfg = Release|Any CPU
		{A5CE9C38-8D0B-40DC-8362-567F193FEA68}.Release|x86.Build.0 = Release|Any CPU
		{A5CE9C38-8D0B-40DC-8362-567F193FEA68}.StrictCompile|Any CPU.ActiveCfg = Debug|Any CPU
		{A5CE9C38-8D0B-40DC-8362-567F193FEA68}.StrictCompile|Any CPU.Build.0 = Debug|Any CPU
		{A5CE9C38-8D0B-40DC-8362-567F193FEA68}.StrictCompile|arm64.ActiveCfg = Debug|Any CPU
		{A5CE9C38-8D0B-40DC-8362-567F193FEA68}.StrictCompile|arm64.Build.0 = Debug|Any CPU
		{A5CE9C38-8D0B-40DC-8362-567F193FEA68}.StrictCompile|x64.ActiveCfg = Debug|Any CPU
		{A5CE9C38-8D0B-40DC-8362-567F193FEA68}.StrictCompile|x64.Build.0 = Debug|Any CPU
		{A5CE9C38-8D0B-40DC-8362-567F193FEA68}.StrictCompile|x86.ActiveCfg = Debug|Any CPU
		{A5CE9C38-8D0B-40DC-8362-567F193FEA68}.StrictCompile|x86.Build.0 = Debug|Any CPU
		{7535CE2A-06FB-401F-8710-F6A4A6FE98A1}.Debug|Any CPU.ActiveCfg = Debug|Any CPU
		{7535CE2A-06FB-401F-8710-F6A4A6FE98A1}.Debug|Any CPU.Build.0 = Debug|Any CPU
		{7535CE2A-06FB-401F-8710-F6A4A6FE98A1}.Debug|arm64.ActiveCfg = Debug|Any CPU
		{7535CE2A-06FB-401F-8710-F6A4A6FE98A1}.Debug|arm64.Build.0 = Debug|Any CPU
		{7535CE2A-06FB-401F-8710-F6A4A6FE98A1}.Debug|x64.ActiveCfg = Debug|Any CPU
		{7535CE2A-06FB-401F-8710-F6A4A6FE98A1}.Debug|x64.Build.0 = Debug|Any CPU
		{7535CE2A-06FB-401F-8710-F6A4A6FE98A1}.Debug|x86.ActiveCfg = Debug|Any CPU
		{7535CE2A-06FB-401F-8710-F6A4A6FE98A1}.Debug|x86.Build.0 = Debug|Any CPU
		{7535CE2A-06FB-401F-8710-F6A4A6FE98A1}.Release|Any CPU.ActiveCfg = Release|Any CPU
		{7535CE2A-06FB-401F-8710-F6A4A6FE98A1}.Release|Any CPU.Build.0 = Release|Any CPU
		{7535CE2A-06FB-401F-8710-F6A4A6FE98A1}.Release|arm64.ActiveCfg = Release|Any CPU
		{7535CE2A-06FB-401F-8710-F6A4A6FE98A1}.Release|arm64.Build.0 = Release|Any CPU
		{7535CE2A-06FB-401F-8710-F6A4A6FE98A1}.Release|x64.ActiveCfg = Release|Any CPU
		{7535CE2A-06FB-401F-8710-F6A4A6FE98A1}.Release|x64.Build.0 = Release|Any CPU
		{7535CE2A-06FB-401F-8710-F6A4A6FE98A1}.Release|x86.ActiveCfg = Release|Any CPU
		{7535CE2A-06FB-401F-8710-F6A4A6FE98A1}.Release|x86.Build.0 = Release|Any CPU
		{7535CE2A-06FB-401F-8710-F6A4A6FE98A1}.StrictCompile|Any CPU.ActiveCfg = Debug|Any CPU
		{7535CE2A-06FB-401F-8710-F6A4A6FE98A1}.StrictCompile|Any CPU.Build.0 = Debug|Any CPU
		{7535CE2A-06FB-401F-8710-F6A4A6FE98A1}.StrictCompile|arm64.ActiveCfg = Debug|Any CPU
		{7535CE2A-06FB-401F-8710-F6A4A6FE98A1}.StrictCompile|arm64.Build.0 = Debug|Any CPU
		{7535CE2A-06FB-401F-8710-F6A4A6FE98A1}.StrictCompile|x64.ActiveCfg = Debug|Any CPU
		{7535CE2A-06FB-401F-8710-F6A4A6FE98A1}.StrictCompile|x64.Build.0 = Debug|Any CPU
		{7535CE2A-06FB-401F-8710-F6A4A6FE98A1}.StrictCompile|x86.ActiveCfg = Debug|Any CPU
		{7535CE2A-06FB-401F-8710-F6A4A6FE98A1}.StrictCompile|x86.Build.0 = Debug|Any CPU
		{93C5BC65-DEC0-4B95-8D69-8C1610463143}.Debug|Any CPU.ActiveCfg = Debug|Any CPU
		{93C5BC65-DEC0-4B95-8D69-8C1610463143}.Debug|Any CPU.Build.0 = Debug|Any CPU
		{93C5BC65-DEC0-4B95-8D69-8C1610463143}.Debug|arm64.ActiveCfg = Debug|Any CPU
		{93C5BC65-DEC0-4B95-8D69-8C1610463143}.Debug|arm64.Build.0 = Debug|Any CPU
		{93C5BC65-DEC0-4B95-8D69-8C1610463143}.Debug|x64.ActiveCfg = Debug|Any CPU
		{93C5BC65-DEC0-4B95-8D69-8C1610463143}.Debug|x64.Build.0 = Debug|Any CPU
		{93C5BC65-DEC0-4B95-8D69-8C1610463143}.Debug|x86.ActiveCfg = Debug|Any CPU
		{93C5BC65-DEC0-4B95-8D69-8C1610463143}.Debug|x86.Build.0 = Debug|Any CPU
		{93C5BC65-DEC0-4B95-8D69-8C1610463143}.Release|Any CPU.ActiveCfg = Release|Any CPU
		{93C5BC65-DEC0-4B95-8D69-8C1610463143}.Release|Any CPU.Build.0 = Release|Any CPU
		{93C5BC65-DEC0-4B95-8D69-8C1610463143}.Release|arm64.ActiveCfg = Release|Any CPU
		{93C5BC65-DEC0-4B95-8D69-8C1610463143}.Release|arm64.Build.0 = Release|Any CPU
		{93C5BC65-DEC0-4B95-8D69-8C1610463143}.Release|x64.ActiveCfg = Release|Any CPU
		{93C5BC65-DEC0-4B95-8D69-8C1610463143}.Release|x64.Build.0 = Release|Any CPU
		{93C5BC65-DEC0-4B95-8D69-8C1610463143}.Release|x86.ActiveCfg = Release|Any CPU
		{93C5BC65-DEC0-4B95-8D69-8C1610463143}.Release|x86.Build.0 = Release|Any CPU
		{93C5BC65-DEC0-4B95-8D69-8C1610463143}.StrictCompile|Any CPU.ActiveCfg = Debug|Any CPU
		{93C5BC65-DEC0-4B95-8D69-8C1610463143}.StrictCompile|Any CPU.Build.0 = Debug|Any CPU
		{93C5BC65-DEC0-4B95-8D69-8C1610463143}.StrictCompile|arm64.ActiveCfg = Debug|Any CPU
		{93C5BC65-DEC0-4B95-8D69-8C1610463143}.StrictCompile|arm64.Build.0 = Debug|Any CPU
		{93C5BC65-DEC0-4B95-8D69-8C1610463143}.StrictCompile|x64.ActiveCfg = Debug|Any CPU
		{93C5BC65-DEC0-4B95-8D69-8C1610463143}.StrictCompile|x64.Build.0 = Debug|Any CPU
		{93C5BC65-DEC0-4B95-8D69-8C1610463143}.StrictCompile|x86.ActiveCfg = Debug|Any CPU
		{93C5BC65-DEC0-4B95-8D69-8C1610463143}.StrictCompile|x86.Build.0 = Debug|Any CPU
		{83664CF7-6BBF-4FDD-852C-66757661E313}.Debug|Any CPU.ActiveCfg = Debug|Any CPU
		{83664CF7-6BBF-4FDD-852C-66757661E313}.Debug|Any CPU.Build.0 = Debug|Any CPU
		{83664CF7-6BBF-4FDD-852C-66757661E313}.Debug|arm64.ActiveCfg = Debug|Any CPU
		{83664CF7-6BBF-4FDD-852C-66757661E313}.Debug|arm64.Build.0 = Debug|Any CPU
		{83664CF7-6BBF-4FDD-852C-66757661E313}.Debug|x64.ActiveCfg = Debug|Any CPU
		{83664CF7-6BBF-4FDD-852C-66757661E313}.Debug|x64.Build.0 = Debug|Any CPU
		{83664CF7-6BBF-4FDD-852C-66757661E313}.Debug|x86.ActiveCfg = Debug|Any CPU
		{83664CF7-6BBF-4FDD-852C-66757661E313}.Debug|x86.Build.0 = Debug|Any CPU
		{83664CF7-6BBF-4FDD-852C-66757661E313}.Release|Any CPU.ActiveCfg = Release|Any CPU
		{83664CF7-6BBF-4FDD-852C-66757661E313}.Release|Any CPU.Build.0 = Release|Any CPU
		{83664CF7-6BBF-4FDD-852C-66757661E313}.Release|arm64.ActiveCfg = Release|Any CPU
		{83664CF7-6BBF-4FDD-852C-66757661E313}.Release|arm64.Build.0 = Release|Any CPU
		{83664CF7-6BBF-4FDD-852C-66757661E313}.Release|x64.ActiveCfg = Release|Any CPU
		{83664CF7-6BBF-4FDD-852C-66757661E313}.Release|x64.Build.0 = Release|Any CPU
		{83664CF7-6BBF-4FDD-852C-66757661E313}.Release|x86.ActiveCfg = Release|Any CPU
		{83664CF7-6BBF-4FDD-852C-66757661E313}.Release|x86.Build.0 = Release|Any CPU
		{83664CF7-6BBF-4FDD-852C-66757661E313}.StrictCompile|Any CPU.ActiveCfg = Debug|Any CPU
		{83664CF7-6BBF-4FDD-852C-66757661E313}.StrictCompile|Any CPU.Build.0 = Debug|Any CPU
		{83664CF7-6BBF-4FDD-852C-66757661E313}.StrictCompile|arm64.ActiveCfg = Debug|Any CPU
		{83664CF7-6BBF-4FDD-852C-66757661E313}.StrictCompile|arm64.Build.0 = Debug|Any CPU
		{83664CF7-6BBF-4FDD-852C-66757661E313}.StrictCompile|x64.ActiveCfg = Debug|Any CPU
		{83664CF7-6BBF-4FDD-852C-66757661E313}.StrictCompile|x64.Build.0 = Debug|Any CPU
		{83664CF7-6BBF-4FDD-852C-66757661E313}.StrictCompile|x86.ActiveCfg = Debug|Any CPU
		{83664CF7-6BBF-4FDD-852C-66757661E313}.StrictCompile|x86.Build.0 = Debug|Any CPU
		{0212EFB3-789A-46A2-862B-3569CCA8F2BC}.Debug|Any CPU.ActiveCfg = Debug|Any CPU
		{0212EFB3-789A-46A2-862B-3569CCA8F2BC}.Debug|Any CPU.Build.0 = Debug|Any CPU
		{0212EFB3-789A-46A2-862B-3569CCA8F2BC}.Debug|arm64.ActiveCfg = Debug|Any CPU
		{0212EFB3-789A-46A2-862B-3569CCA8F2BC}.Debug|arm64.Build.0 = Debug|Any CPU
		{0212EFB3-789A-46A2-862B-3569CCA8F2BC}.Debug|x64.ActiveCfg = Debug|Any CPU
		{0212EFB3-789A-46A2-862B-3569CCA8F2BC}.Debug|x64.Build.0 = Debug|Any CPU
		{0212EFB3-789A-46A2-862B-3569CCA8F2BC}.Debug|x86.ActiveCfg = Debug|Any CPU
		{0212EFB3-789A-46A2-862B-3569CCA8F2BC}.Debug|x86.Build.0 = Debug|Any CPU
		{0212EFB3-789A-46A2-862B-3569CCA8F2BC}.Release|Any CPU.ActiveCfg = Release|Any CPU
		{0212EFB3-789A-46A2-862B-3569CCA8F2BC}.Release|Any CPU.Build.0 = Release|Any CPU
		{0212EFB3-789A-46A2-862B-3569CCA8F2BC}.Release|arm64.ActiveCfg = Release|Any CPU
		{0212EFB3-789A-46A2-862B-3569CCA8F2BC}.Release|arm64.Build.0 = Release|Any CPU
		{0212EFB3-789A-46A2-862B-3569CCA8F2BC}.Release|x64.ActiveCfg = Release|Any CPU
		{0212EFB3-789A-46A2-862B-3569CCA8F2BC}.Release|x64.Build.0 = Release|Any CPU
		{0212EFB3-789A-46A2-862B-3569CCA8F2BC}.Release|x86.ActiveCfg = Release|Any CPU
		{0212EFB3-789A-46A2-862B-3569CCA8F2BC}.Release|x86.Build.0 = Release|Any CPU
		{0212EFB3-789A-46A2-862B-3569CCA8F2BC}.StrictCompile|Any CPU.ActiveCfg = Debug|Any CPU
		{0212EFB3-789A-46A2-862B-3569CCA8F2BC}.StrictCompile|Any CPU.Build.0 = Debug|Any CPU
		{0212EFB3-789A-46A2-862B-3569CCA8F2BC}.StrictCompile|arm64.ActiveCfg = Debug|Any CPU
		{0212EFB3-789A-46A2-862B-3569CCA8F2BC}.StrictCompile|arm64.Build.0 = Debug|Any CPU
		{0212EFB3-789A-46A2-862B-3569CCA8F2BC}.StrictCompile|x64.ActiveCfg = Debug|Any CPU
		{0212EFB3-789A-46A2-862B-3569CCA8F2BC}.StrictCompile|x64.Build.0 = Debug|Any CPU
		{0212EFB3-789A-46A2-862B-3569CCA8F2BC}.StrictCompile|x86.ActiveCfg = Debug|Any CPU
		{0212EFB3-789A-46A2-862B-3569CCA8F2BC}.StrictCompile|x86.Build.0 = Debug|Any CPU
		{275D0D22-5942-4E53-AA31-DEAF6FD0571F}.Debug|Any CPU.ActiveCfg = Debug|Any CPU
		{275D0D22-5942-4E53-AA31-DEAF6FD0571F}.Debug|Any CPU.Build.0 = Debug|Any CPU
		{275D0D22-5942-4E53-AA31-DEAF6FD0571F}.Debug|arm64.ActiveCfg = Debug|Any CPU
		{275D0D22-5942-4E53-AA31-DEAF6FD0571F}.Debug|arm64.Build.0 = Debug|Any CPU
		{275D0D22-5942-4E53-AA31-DEAF6FD0571F}.Debug|x64.ActiveCfg = Debug|Any CPU
		{275D0D22-5942-4E53-AA31-DEAF6FD0571F}.Debug|x64.Build.0 = Debug|Any CPU
		{275D0D22-5942-4E53-AA31-DEAF6FD0571F}.Debug|x86.ActiveCfg = Debug|Any CPU
		{275D0D22-5942-4E53-AA31-DEAF6FD0571F}.Debug|x86.Build.0 = Debug|Any CPU
		{275D0D22-5942-4E53-AA31-DEAF6FD0571F}.Release|Any CPU.ActiveCfg = Release|Any CPU
		{275D0D22-5942-4E53-AA31-DEAF6FD0571F}.Release|Any CPU.Build.0 = Release|Any CPU
		{275D0D22-5942-4E53-AA31-DEAF6FD0571F}.Release|arm64.ActiveCfg = Release|Any CPU
		{275D0D22-5942-4E53-AA31-DEAF6FD0571F}.Release|arm64.Build.0 = Release|Any CPU
		{275D0D22-5942-4E53-AA31-DEAF6FD0571F}.Release|x64.ActiveCfg = Release|Any CPU
		{275D0D22-5942-4E53-AA31-DEAF6FD0571F}.Release|x64.Build.0 = Release|Any CPU
		{275D0D22-5942-4E53-AA31-DEAF6FD0571F}.Release|x86.ActiveCfg = Release|Any CPU
		{275D0D22-5942-4E53-AA31-DEAF6FD0571F}.Release|x86.Build.0 = Release|Any CPU
		{275D0D22-5942-4E53-AA31-DEAF6FD0571F}.StrictCompile|Any CPU.ActiveCfg = Debug|Any CPU
		{275D0D22-5942-4E53-AA31-DEAF6FD0571F}.StrictCompile|Any CPU.Build.0 = Debug|Any CPU
		{275D0D22-5942-4E53-AA31-DEAF6FD0571F}.StrictCompile|arm64.ActiveCfg = Debug|Any CPU
		{275D0D22-5942-4E53-AA31-DEAF6FD0571F}.StrictCompile|arm64.Build.0 = Debug|Any CPU
		{275D0D22-5942-4E53-AA31-DEAF6FD0571F}.StrictCompile|x64.ActiveCfg = Debug|Any CPU
		{275D0D22-5942-4E53-AA31-DEAF6FD0571F}.StrictCompile|x64.Build.0 = Debug|Any CPU
		{275D0D22-5942-4E53-AA31-DEAF6FD0571F}.StrictCompile|x86.ActiveCfg = Debug|Any CPU
		{275D0D22-5942-4E53-AA31-DEAF6FD0571F}.StrictCompile|x86.Build.0 = Debug|Any CPU
		{BFE1F51E-F444-44F0-96E1-736357A12052}.Debug|Any CPU.ActiveCfg = Debug|Any CPU
		{BFE1F51E-F444-44F0-96E1-736357A12052}.Debug|Any CPU.Build.0 = Debug|Any CPU
		{BFE1F51E-F444-44F0-96E1-736357A12052}.Debug|arm64.ActiveCfg = Debug|Any CPU
		{BFE1F51E-F444-44F0-96E1-736357A12052}.Debug|arm64.Build.0 = Debug|Any CPU
		{BFE1F51E-F444-44F0-96E1-736357A12052}.Debug|x64.ActiveCfg = Debug|Any CPU
		{BFE1F51E-F444-44F0-96E1-736357A12052}.Debug|x64.Build.0 = Debug|Any CPU
		{BFE1F51E-F444-44F0-96E1-736357A12052}.Debug|x86.ActiveCfg = Debug|Any CPU
		{BFE1F51E-F444-44F0-96E1-736357A12052}.Debug|x86.Build.0 = Debug|Any CPU
		{BFE1F51E-F444-44F0-96E1-736357A12052}.Release|Any CPU.ActiveCfg = Release|Any CPU
		{BFE1F51E-F444-44F0-96E1-736357A12052}.Release|Any CPU.Build.0 = Release|Any CPU
		{BFE1F51E-F444-44F0-96E1-736357A12052}.Release|arm64.ActiveCfg = Release|Any CPU
		{BFE1F51E-F444-44F0-96E1-736357A12052}.Release|arm64.Build.0 = Release|Any CPU
		{BFE1F51E-F444-44F0-96E1-736357A12052}.Release|x64.ActiveCfg = Release|Any CPU
		{BFE1F51E-F444-44F0-96E1-736357A12052}.Release|x64.Build.0 = Release|Any CPU
		{BFE1F51E-F444-44F0-96E1-736357A12052}.Release|x86.ActiveCfg = Release|Any CPU
		{BFE1F51E-F444-44F0-96E1-736357A12052}.Release|x86.Build.0 = Release|Any CPU
		{BFE1F51E-F444-44F0-96E1-736357A12052}.StrictCompile|Any CPU.ActiveCfg = Debug|Any CPU
		{BFE1F51E-F444-44F0-96E1-736357A12052}.StrictCompile|Any CPU.Build.0 = Debug|Any CPU
		{BFE1F51E-F444-44F0-96E1-736357A12052}.StrictCompile|arm64.ActiveCfg = Debug|Any CPU
		{BFE1F51E-F444-44F0-96E1-736357A12052}.StrictCompile|arm64.Build.0 = Debug|Any CPU
		{BFE1F51E-F444-44F0-96E1-736357A12052}.StrictCompile|x64.ActiveCfg = Debug|Any CPU
		{BFE1F51E-F444-44F0-96E1-736357A12052}.StrictCompile|x64.Build.0 = Debug|Any CPU
		{BFE1F51E-F444-44F0-96E1-736357A12052}.StrictCompile|x86.ActiveCfg = Debug|Any CPU
		{BFE1F51E-F444-44F0-96E1-736357A12052}.StrictCompile|x86.Build.0 = Debug|Any CPU
		{EA6B336F-9409-4A91-825B-2909CE56F6B5}.Debug|Any CPU.ActiveCfg = Debug|Any CPU
		{EA6B336F-9409-4A91-825B-2909CE56F6B5}.Debug|Any CPU.Build.0 = Debug|Any CPU
		{EA6B336F-9409-4A91-825B-2909CE56F6B5}.Debug|arm64.ActiveCfg = Debug|Any CPU
		{EA6B336F-9409-4A91-825B-2909CE56F6B5}.Debug|arm64.Build.0 = Debug|Any CPU
		{EA6B336F-9409-4A91-825B-2909CE56F6B5}.Debug|x64.ActiveCfg = Debug|Any CPU
		{EA6B336F-9409-4A91-825B-2909CE56F6B5}.Debug|x64.Build.0 = Debug|Any CPU
		{EA6B336F-9409-4A91-825B-2909CE56F6B5}.Debug|x86.ActiveCfg = Debug|Any CPU
		{EA6B336F-9409-4A91-825B-2909CE56F6B5}.Debug|x86.Build.0 = Debug|Any CPU
		{EA6B336F-9409-4A91-825B-2909CE56F6B5}.Release|Any CPU.ActiveCfg = Release|Any CPU
		{EA6B336F-9409-4A91-825B-2909CE56F6B5}.Release|Any CPU.Build.0 = Release|Any CPU
		{EA6B336F-9409-4A91-825B-2909CE56F6B5}.Release|arm64.ActiveCfg = Release|Any CPU
		{EA6B336F-9409-4A91-825B-2909CE56F6B5}.Release|arm64.Build.0 = Release|Any CPU
		{EA6B336F-9409-4A91-825B-2909CE56F6B5}.Release|x64.ActiveCfg = Release|Any CPU
		{EA6B336F-9409-4A91-825B-2909CE56F6B5}.Release|x64.Build.0 = Release|Any CPU
		{EA6B336F-9409-4A91-825B-2909CE56F6B5}.Release|x86.ActiveCfg = Release|Any CPU
		{EA6B336F-9409-4A91-825B-2909CE56F6B5}.Release|x86.Build.0 = Release|Any CPU
		{EA6B336F-9409-4A91-825B-2909CE56F6B5}.StrictCompile|Any CPU.ActiveCfg = Debug|Any CPU
		{EA6B336F-9409-4A91-825B-2909CE56F6B5}.StrictCompile|Any CPU.Build.0 = Debug|Any CPU
		{EA6B336F-9409-4A91-825B-2909CE56F6B5}.StrictCompile|arm64.ActiveCfg = Debug|Any CPU
		{EA6B336F-9409-4A91-825B-2909CE56F6B5}.StrictCompile|arm64.Build.0 = Debug|Any CPU
		{EA6B336F-9409-4A91-825B-2909CE56F6B5}.StrictCompile|x64.ActiveCfg = Debug|Any CPU
		{EA6B336F-9409-4A91-825B-2909CE56F6B5}.StrictCompile|x64.Build.0 = Debug|Any CPU
		{EA6B336F-9409-4A91-825B-2909CE56F6B5}.StrictCompile|x86.ActiveCfg = Debug|Any CPU
		{EA6B336F-9409-4A91-825B-2909CE56F6B5}.StrictCompile|x86.Build.0 = Debug|Any CPU
		{706E2D3D-CF9A-4362-A7AD-4A36167C084A}.Debug|Any CPU.ActiveCfg = Debug|Any CPU
		{706E2D3D-CF9A-4362-A7AD-4A36167C084A}.Debug|Any CPU.Build.0 = Debug|Any CPU
		{706E2D3D-CF9A-4362-A7AD-4A36167C084A}.Debug|arm64.ActiveCfg = Debug|Any CPU
		{706E2D3D-CF9A-4362-A7AD-4A36167C084A}.Debug|arm64.Build.0 = Debug|Any CPU
		{706E2D3D-CF9A-4362-A7AD-4A36167C084A}.Debug|x64.ActiveCfg = Debug|Any CPU
		{706E2D3D-CF9A-4362-A7AD-4A36167C084A}.Debug|x64.Build.0 = Debug|Any CPU
		{706E2D3D-CF9A-4362-A7AD-4A36167C084A}.Debug|x86.ActiveCfg = Debug|Any CPU
		{706E2D3D-CF9A-4362-A7AD-4A36167C084A}.Debug|x86.Build.0 = Debug|Any CPU
		{706E2D3D-CF9A-4362-A7AD-4A36167C084A}.Release|Any CPU.ActiveCfg = Release|Any CPU
		{706E2D3D-CF9A-4362-A7AD-4A36167C084A}.Release|Any CPU.Build.0 = Release|Any CPU
		{706E2D3D-CF9A-4362-A7AD-4A36167C084A}.Release|arm64.ActiveCfg = Release|Any CPU
		{706E2D3D-CF9A-4362-A7AD-4A36167C084A}.Release|arm64.Build.0 = Release|Any CPU
		{706E2D3D-CF9A-4362-A7AD-4A36167C084A}.Release|x64.ActiveCfg = Release|Any CPU
		{706E2D3D-CF9A-4362-A7AD-4A36167C084A}.Release|x64.Build.0 = Release|Any CPU
		{706E2D3D-CF9A-4362-A7AD-4A36167C084A}.Release|x86.ActiveCfg = Release|Any CPU
		{706E2D3D-CF9A-4362-A7AD-4A36167C084A}.Release|x86.Build.0 = Release|Any CPU
		{706E2D3D-CF9A-4362-A7AD-4A36167C084A}.StrictCompile|Any CPU.ActiveCfg = Debug|Any CPU
		{706E2D3D-CF9A-4362-A7AD-4A36167C084A}.StrictCompile|Any CPU.Build.0 = Debug|Any CPU
		{706E2D3D-CF9A-4362-A7AD-4A36167C084A}.StrictCompile|arm64.ActiveCfg = Debug|Any CPU
		{706E2D3D-CF9A-4362-A7AD-4A36167C084A}.StrictCompile|arm64.Build.0 = Debug|Any CPU
		{706E2D3D-CF9A-4362-A7AD-4A36167C084A}.StrictCompile|x64.ActiveCfg = Debug|Any CPU
		{706E2D3D-CF9A-4362-A7AD-4A36167C084A}.StrictCompile|x64.Build.0 = Debug|Any CPU
		{706E2D3D-CF9A-4362-A7AD-4A36167C084A}.StrictCompile|x86.ActiveCfg = Debug|Any CPU
		{706E2D3D-CF9A-4362-A7AD-4A36167C084A}.StrictCompile|x86.Build.0 = Debug|Any CPU
		{D66D6874-C678-48A2-AE3F-E028C81AD133}.Debug|Any CPU.ActiveCfg = Debug|Any CPU
		{D66D6874-C678-48A2-AE3F-E028C81AD133}.Debug|Any CPU.Build.0 = Debug|Any CPU
		{D66D6874-C678-48A2-AE3F-E028C81AD133}.Debug|arm64.ActiveCfg = Debug|Any CPU
		{D66D6874-C678-48A2-AE3F-E028C81AD133}.Debug|arm64.Build.0 = Debug|Any CPU
		{D66D6874-C678-48A2-AE3F-E028C81AD133}.Debug|x64.ActiveCfg = Debug|Any CPU
		{D66D6874-C678-48A2-AE3F-E028C81AD133}.Debug|x64.Build.0 = Debug|Any CPU
		{D66D6874-C678-48A2-AE3F-E028C81AD133}.Debug|x86.ActiveCfg = Debug|Any CPU
		{D66D6874-C678-48A2-AE3F-E028C81AD133}.Debug|x86.Build.0 = Debug|Any CPU
		{D66D6874-C678-48A2-AE3F-E028C81AD133}.Release|Any CPU.ActiveCfg = Release|Any CPU
		{D66D6874-C678-48A2-AE3F-E028C81AD133}.Release|Any CPU.Build.0 = Release|Any CPU
		{D66D6874-C678-48A2-AE3F-E028C81AD133}.Release|arm64.ActiveCfg = Release|Any CPU
		{D66D6874-C678-48A2-AE3F-E028C81AD133}.Release|arm64.Build.0 = Release|Any CPU
		{D66D6874-C678-48A2-AE3F-E028C81AD133}.Release|x64.ActiveCfg = Release|Any CPU
		{D66D6874-C678-48A2-AE3F-E028C81AD133}.Release|x64.Build.0 = Release|Any CPU
		{D66D6874-C678-48A2-AE3F-E028C81AD133}.Release|x86.ActiveCfg = Release|Any CPU
		{D66D6874-C678-48A2-AE3F-E028C81AD133}.Release|x86.Build.0 = Release|Any CPU
		{D66D6874-C678-48A2-AE3F-E028C81AD133}.StrictCompile|Any CPU.ActiveCfg = Debug|Any CPU
		{D66D6874-C678-48A2-AE3F-E028C81AD133}.StrictCompile|Any CPU.Build.0 = Debug|Any CPU
		{D66D6874-C678-48A2-AE3F-E028C81AD133}.StrictCompile|arm64.ActiveCfg = Debug|Any CPU
		{D66D6874-C678-48A2-AE3F-E028C81AD133}.StrictCompile|arm64.Build.0 = Debug|Any CPU
		{D66D6874-C678-48A2-AE3F-E028C81AD133}.StrictCompile|x64.ActiveCfg = Debug|Any CPU
		{D66D6874-C678-48A2-AE3F-E028C81AD133}.StrictCompile|x64.Build.0 = Debug|Any CPU
		{D66D6874-C678-48A2-AE3F-E028C81AD133}.StrictCompile|x86.ActiveCfg = Debug|Any CPU
		{D66D6874-C678-48A2-AE3F-E028C81AD133}.StrictCompile|x86.Build.0 = Debug|Any CPU
		{422306E2-C814-4827-B5E6-0DAA0C639294}.Debug|Any CPU.ActiveCfg = Debug|Any CPU
		{422306E2-C814-4827-B5E6-0DAA0C639294}.Debug|Any CPU.Build.0 = Debug|Any CPU
		{422306E2-C814-4827-B5E6-0DAA0C639294}.Debug|arm64.ActiveCfg = Debug|Any CPU
		{422306E2-C814-4827-B5E6-0DAA0C639294}.Debug|arm64.Build.0 = Debug|Any CPU
		{422306E2-C814-4827-B5E6-0DAA0C639294}.Debug|x64.ActiveCfg = Debug|Any CPU
		{422306E2-C814-4827-B5E6-0DAA0C639294}.Debug|x64.Build.0 = Debug|Any CPU
		{422306E2-C814-4827-B5E6-0DAA0C639294}.Debug|x86.ActiveCfg = Debug|Any CPU
		{422306E2-C814-4827-B5E6-0DAA0C639294}.Debug|x86.Build.0 = Debug|Any CPU
		{422306E2-C814-4827-B5E6-0DAA0C639294}.Release|Any CPU.ActiveCfg = Release|Any CPU
		{422306E2-C814-4827-B5E6-0DAA0C639294}.Release|Any CPU.Build.0 = Release|Any CPU
		{422306E2-C814-4827-B5E6-0DAA0C639294}.Release|arm64.ActiveCfg = Release|Any CPU
		{422306E2-C814-4827-B5E6-0DAA0C639294}.Release|arm64.Build.0 = Release|Any CPU
		{422306E2-C814-4827-B5E6-0DAA0C639294}.Release|x64.ActiveCfg = Release|Any CPU
		{422306E2-C814-4827-B5E6-0DAA0C639294}.Release|x64.Build.0 = Release|Any CPU
		{422306E2-C814-4827-B5E6-0DAA0C639294}.Release|x86.ActiveCfg = Release|Any CPU
		{422306E2-C814-4827-B5E6-0DAA0C639294}.Release|x86.Build.0 = Release|Any CPU
		{422306E2-C814-4827-B5E6-0DAA0C639294}.StrictCompile|Any CPU.ActiveCfg = Debug|Any CPU
		{422306E2-C814-4827-B5E6-0DAA0C639294}.StrictCompile|Any CPU.Build.0 = Debug|Any CPU
		{422306E2-C814-4827-B5E6-0DAA0C639294}.StrictCompile|arm64.ActiveCfg = Debug|Any CPU
		{422306E2-C814-4827-B5E6-0DAA0C639294}.StrictCompile|arm64.Build.0 = Debug|Any CPU
		{422306E2-C814-4827-B5E6-0DAA0C639294}.StrictCompile|x64.ActiveCfg = Debug|Any CPU
		{422306E2-C814-4827-B5E6-0DAA0C639294}.StrictCompile|x64.Build.0 = Debug|Any CPU
		{422306E2-C814-4827-B5E6-0DAA0C639294}.StrictCompile|x86.ActiveCfg = Debug|Any CPU
		{422306E2-C814-4827-B5E6-0DAA0C639294}.StrictCompile|x86.Build.0 = Debug|Any CPU
		{35CAB18C-CF7C-4906-9731-1A5427F94AD5}.Debug|Any CPU.ActiveCfg = Debug|Any CPU
		{35CAB18C-CF7C-4906-9731-1A5427F94AD5}.Debug|Any CPU.Build.0 = Debug|Any CPU
		{35CAB18C-CF7C-4906-9731-1A5427F94AD5}.Debug|arm64.ActiveCfg = Debug|Any CPU
		{35CAB18C-CF7C-4906-9731-1A5427F94AD5}.Debug|arm64.Build.0 = Debug|Any CPU
		{35CAB18C-CF7C-4906-9731-1A5427F94AD5}.Debug|x64.ActiveCfg = Debug|Any CPU
		{35CAB18C-CF7C-4906-9731-1A5427F94AD5}.Debug|x64.Build.0 = Debug|Any CPU
		{35CAB18C-CF7C-4906-9731-1A5427F94AD5}.Debug|x86.ActiveCfg = Debug|Any CPU
		{35CAB18C-CF7C-4906-9731-1A5427F94AD5}.Debug|x86.Build.0 = Debug|Any CPU
		{35CAB18C-CF7C-4906-9731-1A5427F94AD5}.Release|Any CPU.ActiveCfg = Release|Any CPU
		{35CAB18C-CF7C-4906-9731-1A5427F94AD5}.Release|Any CPU.Build.0 = Release|Any CPU
		{35CAB18C-CF7C-4906-9731-1A5427F94AD5}.Release|arm64.ActiveCfg = Release|Any CPU
		{35CAB18C-CF7C-4906-9731-1A5427F94AD5}.Release|arm64.Build.0 = Release|Any CPU
		{35CAB18C-CF7C-4906-9731-1A5427F94AD5}.Release|x64.ActiveCfg = Release|Any CPU
		{35CAB18C-CF7C-4906-9731-1A5427F94AD5}.Release|x64.Build.0 = Release|Any CPU
		{35CAB18C-CF7C-4906-9731-1A5427F94AD5}.Release|x86.ActiveCfg = Release|Any CPU
		{35CAB18C-CF7C-4906-9731-1A5427F94AD5}.Release|x86.Build.0 = Release|Any CPU
		{35CAB18C-CF7C-4906-9731-1A5427F94AD5}.StrictCompile|Any CPU.ActiveCfg = Debug|Any CPU
		{35CAB18C-CF7C-4906-9731-1A5427F94AD5}.StrictCompile|Any CPU.Build.0 = Debug|Any CPU
		{35CAB18C-CF7C-4906-9731-1A5427F94AD5}.StrictCompile|arm64.ActiveCfg = Debug|Any CPU
		{35CAB18C-CF7C-4906-9731-1A5427F94AD5}.StrictCompile|arm64.Build.0 = Debug|Any CPU
		{35CAB18C-CF7C-4906-9731-1A5427F94AD5}.StrictCompile|x64.ActiveCfg = Debug|Any CPU
		{35CAB18C-CF7C-4906-9731-1A5427F94AD5}.StrictCompile|x64.Build.0 = Debug|Any CPU
		{35CAB18C-CF7C-4906-9731-1A5427F94AD5}.StrictCompile|x86.ActiveCfg = Debug|Any CPU
		{35CAB18C-CF7C-4906-9731-1A5427F94AD5}.StrictCompile|x86.Build.0 = Debug|Any CPU
		{B7077058-DD20-4439-A92D-2AE90C22F6FF}.Debug|Any CPU.ActiveCfg = Debug|Any CPU
		{B7077058-DD20-4439-A92D-2AE90C22F6FF}.Debug|Any CPU.Build.0 = Debug|Any CPU
		{B7077058-DD20-4439-A92D-2AE90C22F6FF}.Debug|arm64.ActiveCfg = Debug|Any CPU
		{B7077058-DD20-4439-A92D-2AE90C22F6FF}.Debug|arm64.Build.0 = Debug|Any CPU
		{B7077058-DD20-4439-A92D-2AE90C22F6FF}.Debug|x64.ActiveCfg = Debug|Any CPU
		{B7077058-DD20-4439-A92D-2AE90C22F6FF}.Debug|x64.Build.0 = Debug|Any CPU
		{B7077058-DD20-4439-A92D-2AE90C22F6FF}.Debug|x86.ActiveCfg = Debug|Any CPU
		{B7077058-DD20-4439-A92D-2AE90C22F6FF}.Debug|x86.Build.0 = Debug|Any CPU
		{B7077058-DD20-4439-A92D-2AE90C22F6FF}.Release|Any CPU.ActiveCfg = Release|Any CPU
		{B7077058-DD20-4439-A92D-2AE90C22F6FF}.Release|Any CPU.Build.0 = Release|Any CPU
		{B7077058-DD20-4439-A92D-2AE90C22F6FF}.Release|arm64.ActiveCfg = Release|Any CPU
		{B7077058-DD20-4439-A92D-2AE90C22F6FF}.Release|arm64.Build.0 = Release|Any CPU
		{B7077058-DD20-4439-A92D-2AE90C22F6FF}.Release|x64.ActiveCfg = Release|Any CPU
		{B7077058-DD20-4439-A92D-2AE90C22F6FF}.Release|x64.Build.0 = Release|Any CPU
		{B7077058-DD20-4439-A92D-2AE90C22F6FF}.Release|x86.ActiveCfg = Release|Any CPU
		{B7077058-DD20-4439-A92D-2AE90C22F6FF}.Release|x86.Build.0 = Release|Any CPU
		{B7077058-DD20-4439-A92D-2AE90C22F6FF}.StrictCompile|Any CPU.ActiveCfg = Debug|Any CPU
		{B7077058-DD20-4439-A92D-2AE90C22F6FF}.StrictCompile|Any CPU.Build.0 = Debug|Any CPU
		{B7077058-DD20-4439-A92D-2AE90C22F6FF}.StrictCompile|arm64.ActiveCfg = Debug|Any CPU
		{B7077058-DD20-4439-A92D-2AE90C22F6FF}.StrictCompile|arm64.Build.0 = Debug|Any CPU
		{B7077058-DD20-4439-A92D-2AE90C22F6FF}.StrictCompile|x64.ActiveCfg = Debug|Any CPU
		{B7077058-DD20-4439-A92D-2AE90C22F6FF}.StrictCompile|x64.Build.0 = Debug|Any CPU
		{B7077058-DD20-4439-A92D-2AE90C22F6FF}.StrictCompile|x86.ActiveCfg = Debug|Any CPU
		{B7077058-DD20-4439-A92D-2AE90C22F6FF}.StrictCompile|x86.Build.0 = Debug|Any CPU
		{1F95ABE1-DC2B-445D-92C6-F4F63A8FD0FB}.Debug|Any CPU.ActiveCfg = Debug|Any CPU
		{1F95ABE1-DC2B-445D-92C6-F4F63A8FD0FB}.Debug|Any CPU.Build.0 = Debug|Any CPU
		{1F95ABE1-DC2B-445D-92C6-F4F63A8FD0FB}.Debug|arm64.ActiveCfg = Debug|Any CPU
		{1F95ABE1-DC2B-445D-92C6-F4F63A8FD0FB}.Debug|arm64.Build.0 = Debug|Any CPU
		{1F95ABE1-DC2B-445D-92C6-F4F63A8FD0FB}.Debug|x64.ActiveCfg = Debug|Any CPU
		{1F95ABE1-DC2B-445D-92C6-F4F63A8FD0FB}.Debug|x64.Build.0 = Debug|Any CPU
		{1F95ABE1-DC2B-445D-92C6-F4F63A8FD0FB}.Debug|x86.ActiveCfg = Debug|Any CPU
		{1F95ABE1-DC2B-445D-92C6-F4F63A8FD0FB}.Debug|x86.Build.0 = Debug|Any CPU
		{1F95ABE1-DC2B-445D-92C6-F4F63A8FD0FB}.Release|Any CPU.ActiveCfg = Release|Any CPU
		{1F95ABE1-DC2B-445D-92C6-F4F63A8FD0FB}.Release|Any CPU.Build.0 = Release|Any CPU
		{1F95ABE1-DC2B-445D-92C6-F4F63A8FD0FB}.Release|arm64.ActiveCfg = Release|Any CPU
		{1F95ABE1-DC2B-445D-92C6-F4F63A8FD0FB}.Release|arm64.Build.0 = Release|Any CPU
		{1F95ABE1-DC2B-445D-92C6-F4F63A8FD0FB}.Release|x64.ActiveCfg = Release|Any CPU
		{1F95ABE1-DC2B-445D-92C6-F4F63A8FD0FB}.Release|x64.Build.0 = Release|Any CPU
		{1F95ABE1-DC2B-445D-92C6-F4F63A8FD0FB}.Release|x86.ActiveCfg = Release|Any CPU
		{1F95ABE1-DC2B-445D-92C6-F4F63A8FD0FB}.Release|x86.Build.0 = Release|Any CPU
		{1F95ABE1-DC2B-445D-92C6-F4F63A8FD0FB}.StrictCompile|Any CPU.ActiveCfg = Debug|Any CPU
		{1F95ABE1-DC2B-445D-92C6-F4F63A8FD0FB}.StrictCompile|Any CPU.Build.0 = Debug|Any CPU
		{1F95ABE1-DC2B-445D-92C6-F4F63A8FD0FB}.StrictCompile|arm64.ActiveCfg = Debug|Any CPU
		{1F95ABE1-DC2B-445D-92C6-F4F63A8FD0FB}.StrictCompile|arm64.Build.0 = Debug|Any CPU
		{1F95ABE1-DC2B-445D-92C6-F4F63A8FD0FB}.StrictCompile|x64.ActiveCfg = Debug|Any CPU
		{1F95ABE1-DC2B-445D-92C6-F4F63A8FD0FB}.StrictCompile|x64.Build.0 = Debug|Any CPU
		{1F95ABE1-DC2B-445D-92C6-F4F63A8FD0FB}.StrictCompile|x86.ActiveCfg = Debug|Any CPU
		{1F95ABE1-DC2B-445D-92C6-F4F63A8FD0FB}.StrictCompile|x86.Build.0 = Debug|Any CPU
	EndGlobalSection
	GlobalSection(SolutionProperties) = preSolution
		HideSolutionNode = FALSE
	EndGlobalSection
	GlobalSection(ExtensibilityGlobals) = postSolution
		SolutionGuid = {5A40B2FE-FE61-4A0F-88F7-D9D978B2D9EE}
	EndGlobalSection
	GlobalSection(SharedMSBuildProjectFiles) = preSolution
		CustomizeVSWindowTitleShared\CustomizeVSWindowTitleShared.projitems*{bbb5b91b-e909-4f08-b623-9f27377ee7dc}*SharedItemsImports = 13
		CustomizeVSWindowTitleShared\CustomizeVSWindowTitleShared.projitems*{bf533fe9-559f-4ac7-8506-81f7883f1aa9}*SharedItemsImports = 4
	EndGlobalSection
EndGlobal
