
Microsoft Visual Studio Solution File, Format Version 12.00
# Visual Studio Version 16
VisualStudioVersion = 16.0.28711.60
MinimumVisualStudioVersion = 10.0.40219.1
Project("{FAE04EC0-301F-11D3-BF4B-00C04F79EFBC}") = "CustomizeVSWindowTitle", "CustomizeVSWindowTitle\CustomizeVSWindowTitle.csproj", "{EA0E0D3B-0669-4422-9E9A-C53284DDEA44}"
EndProject
Global
	GlobalSection(SolutionConfigurationPlatforms) = preSolution
		Debug|Any CPU = Debug|Any CPU
		Release|Any CPU = Release|Any CPU
	EndGlobalSection
	GlobalSection(ProjectConfigurationPlatforms) = postSolution
		{EA0E0D3B-0669-4422-9E9A-C53284DDEA44}.Debug|Any CPU.ActiveCfg = Debug|Any CPU
		{EA0E0D3B-0669-4422-9E9A-C53284DDEA44}.Debug|Any CPU.Build.0 = Debug|Any CPU
		{EA0E0D3B-0669-4422-9E9A-C53284DDEA44}.Release|Any CPU.ActiveCfg = Release|Any CPU
		{EA0E0D3B-0669-4422-9E9A-C53284DDEA44}.Release|Any CPU.Build.0 = Release|Any CPU
	EndGlobalSection
	GlobalSection(SolutionProperties) = preSolution
		HideSolutionNode = FALSE
	EndGlobalSection
	GlobalSection(ExtensibilityGlobals) = postSolution
		SolutionGuid = {5A40B2FE-FE61-4A0F-88F7-D9D978B2D9EE}
	EndGlobalSection
EndGlobal
