
Microsoft Visual Studio Solution File, Format Version 12.00
# Visual Studio 2012
Project("{F184B08F-C81C-45F6-A57F-5ABD9991F28F}") = "RenameVSWindowTitle", "RenameVSWindowTitle\RenameVSWindowTitle.vbproj", "{185F79B2-DCC3-4A8E-A50E-6941989B81ED}"
EndProject
Project("{FAE04EC0-301F-11D3-BF4B-00C04F79EFBC}") = "RenameVSWindowTitle.V10", "RenameVSWindowTitle.V10\RenameVSWindowTitle.V10.csproj", "{A8DBB5A8-555B-4C11-81D2-DF6B616AE9EB}"
EndProject
Project("{FAE04EC0-301F-11D3-BF4B-00C04F79EFBC}") = "RenameVSWindowTitle.V11", "RenameVSWindowTitle.V11\RenameVSWindowTitle.V11.csproj", "{EC1E2B55-5DAF-44AC-81B8-1935CBB069D4}"
EndProject
Project("{FAE04EC0-301F-11D3-BF4B-00C04F79EFBC}") = "RenameVSWindowTitle.V12", "RenameVSWindowTitle.V12\RenameVSWindowTitle.V12.csproj", "{FE674DC6-0292-4591-B9D1-3B850AEF4D55}"
EndProject
Global
	GlobalSection(SolutionConfigurationPlatforms) = preSolution
		Debug|Any CPU = Debug|Any CPU
		Release|Any CPU = Release|Any CPU
	EndGlobalSection
	GlobalSection(ProjectConfigurationPlatforms) = postSolution
		{185F79B2-DCC3-4A8E-A50E-6941989B81ED}.Debug|Any CPU.ActiveCfg = Debug|Any CPU
		{185F79B2-DCC3-4A8E-A50E-6941989B81ED}.Debug|Any CPU.Build.0 = Debug|Any CPU
		{185F79B2-DCC3-4A8E-A50E-6941989B81ED}.Release|Any CPU.ActiveCfg = Release|Any CPU
		{185F79B2-DCC3-4A8E-A50E-6941989B81ED}.Release|Any CPU.Build.0 = Release|Any CPU
		{A8DBB5A8-555B-4C11-81D2-DF6B616AE9EB}.Debug|Any CPU.ActiveCfg = Debug|Any CPU
		{A8DBB5A8-555B-4C11-81D2-DF6B616AE9EB}.Debug|Any CPU.Build.0 = Debug|Any CPU
		{A8DBB5A8-555B-4C11-81D2-DF6B616AE9EB}.Release|Any CPU.ActiveCfg = Release|Any CPU
		{A8DBB5A8-555B-4C11-81D2-DF6B616AE9EB}.Release|Any CPU.Build.0 = Release|Any CPU
		{EC1E2B55-5DAF-44AC-81B8-1935CBB069D4}.Debug|Any CPU.ActiveCfg = Debug|Any CPU
		{EC1E2B55-5DAF-44AC-81B8-1935CBB069D4}.Debug|Any CPU.Build.0 = Debug|Any CPU
		{EC1E2B55-5DAF-44AC-81B8-1935CBB069D4}.Release|Any CPU.ActiveCfg = Release|Any CPU
		{EC1E2B55-5DAF-44AC-81B8-1935CBB069D4}.Release|Any CPU.Build.0 = Release|Any CPU
		{FE674DC6-0292-4591-B9D1-3B850AEF4D55}.Debug|Any CPU.ActiveCfg = Debug|Any CPU
		{FE674DC6-0292-4591-B9D1-3B850AEF4D55}.Debug|Any CPU.Build.0 = Debug|Any CPU
		{FE674DC6-0292-4591-B9D1-3B850AEF4D55}.Release|Any CPU.ActiveCfg = Release|Any CPU
		{FE674DC6-0292-4591-B9D1-3B850AEF4D55}.Release|Any CPU.Build.0 = Release|Any CPU
	EndGlobalSection
	GlobalSection(SolutionProperties) = preSolution
		HideSolutionNode = FALSE
	EndGlobalSection
EndGlobal
