
Microsoft Visual Studio Solution File, Format Version 12.00
# Visual Studio Version 17
VisualStudioVersion = 17.12.35728.132 d17.12
MinimumVisualStudioVersion = 10.0.40219.1
Project("{2150E333-8FDC-42A3-9474-1A3956D46DE8}") = "Solution Items", "Solution Items", "{3AB93496-CDD5-4E03-8425-87C668790532}"
	ProjectSection(SolutionItems) = preProject
		..\WesternCap\.editorconfig = ..\WesternCap\.editorconfig
		..\WesternCap\Cricket.Intranet.sln.rn.xml = ..\WesternCap\Cricket.Intranet.sln.rn.xml
		..\WesternCap\OnCheckout.ps1 = ..\WesternCap\OnCheckout.ps1
		..\WesternCap\Cricket.Intranet\startup.txt = ..\WesternCap\Cricket.Intranet\startup.txt
	EndProjectSection
EndProject
Project("{2150E333-8FDC-42A3-9474-1A3956D46DE8}") = "Accessories", "Accessories", "{96E72B04-DDBE-460A-9ABC-B1BC31E62456}"
	ProjectSection(SolutionItems) = preProject
		..\WesternCap\Cricket.Intranet\Views\Accessories\Accessories.ts = ..\WesternCap\Cricket.Intranet\Views\Accessories\Accessories.ts
		..\WesternCap\Cricket.Intranet\Views\Accessories\ManageAccessories.ts = ..\WesternCap\Cricket.Intranet\Views\Accessories\ManageAccessories.ts
		..\WesternCap\Cricket.Intranet\Views\Accessories\OrderAccessories.ts = ..\WesternCap\Cricket.Intranet\Views\Accessories\OrderAccessories.ts
		..\WesternCap\Cricket.Intranet\Views\Accessories\TestOrderAccessories.ts = ..\WesternCap\Cricket.Intranet\Views\Accessories\TestOrderAccessories.ts
	EndProjectSection
EndProject
Project("{2150E333-8FDC-42A3-9474-1A3956D46DE8}") = "PettyCash", "PettyCash", "{106BA256-6FD6-46FB-B09B-076B92D03DC1}"
	ProjectSection(SolutionItems) = preProject
		..\WesternCap\Cricket.Intranet\Views\PettyCash\PettyCash.ts = ..\WesternCap\Cricket.Intranet\Views\PettyCash\PettyCash.ts
		..\WesternCap\Cricket.Intranet\Views\PettyCash\TestPettyCash.ts = ..\WesternCap\Cricket.Intranet\Views\PettyCash\TestPettyCash.ts
	EndProjectSection
EndProject
Project("{2150E333-8FDC-42A3-9474-1A3956D46DE8}") = "Goals", "Goals", "{E2996920-0584-4DDB-ABA6-40FC0195D82F}"
	ProjectSection(SolutionItems) = preProject
		..\WesternCap\Cricket.Intranet\Views\Goals\Goals.ts = ..\WesternCap\Cricket.Intranet\Views\Goals\Goals.ts
		..\WesternCap\Cricket.Intranet\Views\Goals\TestGoals.ts = ..\WesternCap\Cricket.Intranet\Views\Goals\TestGoals.ts
	EndProjectSection
EndProject
Project("{2150E333-8FDC-42A3-9474-1A3956D46DE8}") = "TrailingCreditAudit", "TrailingCreditAudit", "{F7D915B7-D728-4E85-8B9E-221EA9E33491}"
	ProjectSection(SolutionItems) = preProject
		..\WesternCap\Cricket.Intranet\Views\TrailingCreditAudit\TrailingCreditAudit.ts = ..\WesternCap\Cricket.Intranet\Views\TrailingCreditAudit\TrailingCreditAudit.ts
	EndProjectSection
EndProject
Project("{2150E333-8FDC-42A3-9474-1A3956D46DE8}") = "TimeClock", "TimeClock", "{8ADDB9C3-734F-4E02-BBFA-4EB76335DBC3}"
	ProjectSection(SolutionItems) = preProject
		..\WesternCap\Cricket.Intranet\Views\TimeClock\Adjustment.cshtml = ..\WesternCap\Cricket.Intranet\Views\TimeClock\Adjustment.cshtml
		..\WesternCap\Cricket.Intranet\Views\TimeClock\Adjustment.ts = ..\WesternCap\Cricket.Intranet\Views\TimeClock\Adjustment.ts
		..\WesternCap\Cricket.Intranet\Views\TimeClock\Timecard.cshtml = ..\WesternCap\Cricket.Intranet\Views\TimeClock\Timecard.cshtml
		..\WesternCap\Cricket.Intranet\Views\TimeClock\Timecard.ts = ..\WesternCap\Cricket.Intranet\Views\TimeClock\Timecard.ts
	EndProjectSection
EndProject
Project("{2150E333-8FDC-42A3-9474-1A3956D46DE8}") = "Import", "Import", "{038D0B4F-EC0A-428A-9E19-BB70F62AB987}"
	ProjectSection(SolutionItems) = preProject
		..\WesternCap\Cricket.Intranet\Views\Import\Import.ts = ..\WesternCap\Cricket.Intranet\Views\Import\Import.ts
	EndProjectSection
EndProject
Project("{2150E333-8FDC-42A3-9474-1A3956D46DE8}") = "Payroll", "Payroll", "{A7F4B358-49EB-44F5-A254-910F71B38A2C}"
	ProjectSection(SolutionItems) = preProject
		..\WesternCap\Cricket.Intranet\Views\TimeClock\Payroll.ts = ..\WesternCap\Cricket.Intranet\Views\TimeClock\Payroll.ts
	EndProjectSection
EndProject
Project("{2150E333-8FDC-42A3-9474-1A3956D46DE8}") = "Payment", "Payment", "{578DA579-17C6-409F-8F39-316772FC1363}"
	ProjectSection(SolutionItems) = preProject
		..\WesternCap\Cricket.Intranet\Views\Payment\TransactionAdmin.ts = ..\WesternCap\Cricket.Intranet\Views\Payment\TransactionAdmin.ts
	EndProjectSection
EndProject
Project("{2150E333-8FDC-42A3-9474-1A3956D46DE8}") = "ExpenseReports", "ExpenseReports", "{009C7352-3638-4C16-B66E-DE54D1FE1255}"
	ProjectSection(SolutionItems) = preProject
		..\WesternCap\Cricket.Intranet\Views\ExpenseReports\ExpenseReports.ts = ..\WesternCap\Cricket.Intranet\Views\ExpenseReports\ExpenseReports.ts
		..\WesternCap\Cricket.Intranet\Views\ExpenseReports\ExpenseReportsTests.ts = ..\WesternCap\Cricket.Intranet\Views\ExpenseReports\ExpenseReportsTests.ts
		..\WesternCap\Cricket.Intranet\Views\ExpenseReports\Mileage.cshtml = ..\WesternCap\Cricket.Intranet\Views\ExpenseReports\Mileage.cshtml
		..\WesternCap\Cricket.Intranet\Views\ExpenseReports\Mileage.ts = ..\WesternCap\Cricket.Intranet\Views\ExpenseReports\Mileage.ts
		..\WesternCap\Cricket.Intranet\Views\ExpenseReports\Receipt.cshtml = ..\WesternCap\Cricket.Intranet\Views\ExpenseReports\Receipt.cshtml
		..\WesternCap\Cricket.Intranet\Views\ExpenseReports\Receipt.ts = ..\WesternCap\Cricket.Intranet\Views\ExpenseReports\Receipt.ts
		..\WesternCap\Cricket.Intranet\Views\ExpenseReports\Search.cshtml = ..\WesternCap\Cricket.Intranet\Views\ExpenseReports\Search.cshtml
		..\WesternCap\Cricket.Intranet\Views\ExpenseReports\Search.ts = ..\WesternCap\Cricket.Intranet\Views\ExpenseReports\Search.ts
	EndProjectSection
EndProject
Project("{FAE04EC0-301F-11D3-BF4B-00C04F79EFBC}") = "CustomizeVSWindowTitle2022", "CustomizeVSWindowTitle2022\CustomizeVSWindowTitle2022.csproj", "{BF533FE9-559F-4AC7-8506-81F7883F1AA9}"
EndProject
Global
	GlobalSection(SolutionConfigurationPlatforms) = preSolution
		ActiveDirectoryTesting|Any CPU = ActiveDirectoryTesting|Any CPU
		ActiveDirectoryTesting|arm64 = ActiveDirectoryTesting|arm64
		ActiveDirectoryTesting|x86 = ActiveDirectoryTesting|x86
		Debug|Any CPU = Debug|Any CPU
		Debug|arm64 = Debug|arm64
		Debug|x86 = Debug|x86
		IncludeSlowTests|Any CPU = IncludeSlowTests|Any CPU
		IncludeSlowTests|arm64 = IncludeSlowTests|arm64
		IncludeSlowTests|x86 = IncludeSlowTests|x86
		Release|Any CPU = Release|Any CPU
		Release|arm64 = Release|arm64
		Release|x86 = Release|x86
		Test|Any CPU = Test|Any CPU
		Test|arm64 = Test|arm64
		Test|x86 = Test|x86
	EndGlobalSection
	GlobalSection(ProjectConfigurationPlatforms) = postSolution
		{BF533FE9-559F-4AC7-8506-81F7883F1AA9}.ActiveDirectoryTesting|Any CPU.ActiveCfg = Debug|Any CPU
		{BF533FE9-559F-4AC7-8506-81F7883F1AA9}.ActiveDirectoryTesting|Any CPU.Build.0 = Debug|Any CPU
		{BF533FE9-559F-4AC7-8506-81F7883F1AA9}.ActiveDirectoryTesting|arm64.ActiveCfg = Debug|arm64
		{BF533FE9-559F-4AC7-8506-81F7883F1AA9}.ActiveDirectoryTesting|arm64.Build.0 = Debug|arm64
		{BF533FE9-559F-4AC7-8506-81F7883F1AA9}.ActiveDirectoryTesting|x86.ActiveCfg = Debug|x86
		{BF533FE9-559F-4AC7-8506-81F7883F1AA9}.ActiveDirectoryTesting|x86.Build.0 = Debug|x86
		{BF533FE9-559F-4AC7-8506-81F7883F1AA9}.Debug|Any CPU.ActiveCfg = Debug|Any CPU
		{BF533FE9-559F-4AC7-8506-81F7883F1AA9}.Debug|Any CPU.Build.0 = Debug|Any CPU
		{BF533FE9-559F-4AC7-8506-81F7883F1AA9}.Debug|arm64.ActiveCfg = Debug|arm64
		{BF533FE9-559F-4AC7-8506-81F7883F1AA9}.Debug|arm64.Build.0 = Debug|arm64
		{BF533FE9-559F-4AC7-8506-81F7883F1AA9}.Debug|x86.ActiveCfg = Debug|x86
		{BF533FE9-559F-4AC7-8506-81F7883F1AA9}.Debug|x86.Build.0 = Debug|x86
		{BF533FE9-559F-4AC7-8506-81F7883F1AA9}.IncludeSlowTests|Any CPU.ActiveCfg = Debug|Any CPU
		{BF533FE9-559F-4AC7-8506-81F7883F1AA9}.IncludeSlowTests|Any CPU.Build.0 = Debug|Any CPU
		{BF533FE9-559F-4AC7-8506-81F7883F1AA9}.IncludeSlowTests|arm64.ActiveCfg = Debug|arm64
		{BF533FE9-559F-4AC7-8506-81F7883F1AA9}.IncludeSlowTests|arm64.Build.0 = Debug|arm64
		{BF533FE9-559F-4AC7-8506-81F7883F1AA9}.IncludeSlowTests|x86.ActiveCfg = Debug|x86
		{BF533FE9-559F-4AC7-8506-81F7883F1AA9}.IncludeSlowTests|x86.Build.0 = Debug|x86
		{BF533FE9-559F-4AC7-8506-81F7883F1AA9}.Release|Any CPU.ActiveCfg = Release|Any CPU
		{BF533FE9-559F-4AC7-8506-81F7883F1AA9}.Release|Any CPU.Build.0 = Release|Any CPU
		{BF533FE9-559F-4AC7-8506-81F7883F1AA9}.Release|arm64.ActiveCfg = Release|arm64
		{BF533FE9-559F-4AC7-8506-81F7883F1AA9}.Release|arm64.Build.0 = Release|arm64
		{BF533FE9-559F-4AC7-8506-81F7883F1AA9}.Release|x86.ActiveCfg = Release|x86
		{BF533FE9-559F-4AC7-8506-81F7883F1AA9}.Release|x86.Build.0 = Release|x86
		{BF533FE9-559F-4AC7-8506-81F7883F1AA9}.Test|Any CPU.ActiveCfg = Debug|Any CPU
		{BF533FE9-559F-4AC7-8506-81F7883F1AA9}.Test|Any CPU.Build.0 = Debug|Any CPU
		{BF533FE9-559F-4AC7-8506-81F7883F1AA9}.Test|arm64.ActiveCfg = Debug|arm64
		{BF533FE9-559F-4AC7-8506-81F7883F1AA9}.Test|arm64.Build.0 = Debug|arm64
		{BF533FE9-559F-4AC7-8506-81F7883F1AA9}.Test|x86.ActiveCfg = Debug|x86
		{BF533FE9-559F-4AC7-8506-81F7883F1AA9}.Test|x86.Build.0 = Debug|x86
	EndGlobalSection
	GlobalSection(SolutionProperties) = preSolution
		HideSolutionNode = FALSE
	EndGlobalSection
	GlobalSection(NestedProjects) = preSolution
		{96E72B04-DDBE-460A-9ABC-B1BC31E62456} = {3AB93496-CDD5-4E03-8425-87C668790532}
		{106BA256-6FD6-46FB-B09B-076B92D03DC1} = {3AB93496-CDD5-4E03-8425-87C668790532}
		{E2996920-0584-4DDB-ABA6-40FC0195D82F} = {3AB93496-CDD5-4E03-8425-87C668790532}
		{F7D915B7-D728-4E85-8B9E-221EA9E33491} = {3AB93496-CDD5-4E03-8425-87C668790532}
		{8ADDB9C3-734F-4E02-BBFA-4EB76335DBC3} = {3AB93496-CDD5-4E03-8425-87C668790532}
		{038D0B4F-EC0A-428A-9E19-BB70F62AB987} = {3AB93496-CDD5-4E03-8425-87C668790532}
		{A7F4B358-49EB-44F5-A254-910F71B38A2C} = {3AB93496-CDD5-4E03-8425-87C668790532}
		{578DA579-17C6-409F-8F39-316772FC1363} = {3AB93496-CDD5-4E03-8425-87C668790532}
		{009C7352-3638-4C16-B66E-DE54D1FE1255} = {3AB93496-CDD5-4E03-8425-87C668790532}
	EndGlobalSection
	GlobalSection(ExtensibilityGlobals) = postSolution
		LessCompiler = 4139c61e-b545-45f4-82ae-04a952b97bec
		SolutionGuid = {6F83A532-9528-4348-AB02-CA422B96DA87}
	EndGlobalSection
EndGlobal
