Microsoft Visual Studio Solution File, Format Version 12.00
# Visual Studio Version 17
VisualStudioVersion = 17.4.33205.214
MinimumVisualStudioVersion = 10.0.40219.1
Project("{6EC3EE1D-3C4E-46DD-8F32-0CC8E7565705}") = "VSocket", "..\UIauto\VSocket\VSocket.fsproj", "{E153A356-2386-4345-B5D8-1A7113EF824B}"
EndProject
Project("{6EC3EE1D-3C4E-46DD-8F32-0CC8E7565705}") = "FSSClass", "..\UIauto\FSSClass\FSSClass.fsproj", "{040E6526-25ED-4450-A3AF-6A29C545E65F}"
EndProject
Project("{778DAE3C-4631-46EA-AA77-85C1314464D9}") = "VSCMD", "..\UIauto\VSCMD\VSCMD.vbproj", "{1C13FCCF-0756-41CA-ABCA-C0D338EF4D8A}"
EndProject
Project("{778DAE3C-4631-46EA-AA77-85C1314464D9}") = "SourceFramework", "..\UIauto\SourceFramework\SourceFramework.vbproj", "{040957FF-F7A2-4CB4-B02F-1C110634F787}"
EndProject
Project("{6EC3EE1D-3C4E-46DD-8F32-0CC8E7565705}") = "WisdominatorClient", "..\MatrixOS\WisdominatorClient\WisdominatorClient.fsproj", "{43642E60-C64D-464D-954C-9789B1FC92EE}"
EndProject
Project("{778DAE3C-4631-46EA-AA77-85C1314464D9}") = "ClipMasterClass", "C:\Dev\UIauto\ClipMasterClass\ClipMasterClass.vbproj", "{2DCAF743-3340-4ABC-9FE3-ACB717D044C6}"
EndProject
Project("{9A19103F-16F7-4668-BE54-9A1E7A4F7556}") = "SharedFramework", "C:\Dev\SharedFrameworkArchive\SharedFramework\SharedFramework.csproj", "{21B2142C-F3C2-4F49-B3BA-0BE45E820919}"
EndProject
Project("{6EC3EE1D-3C4E-46DD-8F32-0CC8E7565705}") = "SharedFrameworkEntity", "C:\Dev\SharedFrameworkArchive\SharedFrameworkEntity\SharedFrameworkEntity.fsproj", "{344091B7-4D0A-4F62-BB06-05140A63A46A}"
EndProject
Project("{778DAE3C-4631-46EA-AA77-85C1314464D9}") = "ClipMaster_Plugin", "C:\Dev\UIAuto\ClipMaster_Plugin\ClipMaster_Plugin.vbproj", "{EDCACBA4-CEBE-4AD3-BD9F-5E386F1A0000}"
EndProject
Project("{9A19103F-16F7-4668-BE54-9A1E7A4F7556}") = "SharedFrameworkTests", "C:\Dev\SharedFrameworkArchive\SharedFrameworkTests\SharedFrameworkTests.csproj", "{2356475C-6214-427D-81EA-F0752145219D}"
EndProject
Project("{FAE04EC0-301F-11D3-BF4B-00C04F79EFBC}") = "VSocketExtension", "VSocketExtension\VSocketExtension.csproj", "{473860A7-963C-40AA-A703-28BD68109AB0}"
EndProject
Project("{778DAE3C-4631-46EA-AA77-85C1314464D9}") = "Delimitext", "C:\Dev\UIauto\Delimitext\Delimitext.vbproj", "{65CAAFC3-E5A4-4C87-9291-72ACC6D1010B}"
EndProject
Project("{6EC3EE1D-3C4E-46DD-8F32-0CC8E7565705}") = "SolutionManagement", "C:\Dev\SharedFrameworkArchive\SolutionManagement\SolutionManagement.fsproj", "{35079C63-BD05-4943-B408-A1C4914EF4AD}"
EndProject
Project("{9A19103F-16F7-4668-BE54-9A1E7A4F7556}") = "UniversalNetstandardHoldups", "C:\Dev\SharedFrameworkArchive\UniversalNetstandardHoldups\UniversalNetstandardHoldups.csproj", "{0138943C-6DC4-491C-B3E1-070DFBD15167}"
EndProject
Project("{F2A71F9B-5D33-465A-A702-920D77279786}") = "FlatinumAHK", "..\MatrixOS\FlatinumAHK\FlatinumAHK.fsproj", "{1C84012A-5286-4890-B3F7-DCFD8B82CBD3}"
EndProject
Project("{F2A71F9B-5D33-465A-A702-920D77279786}") = "SharedFSharpForms", "..\SharedFrameworkArchive\SharedFSharpForms\SharedFSharpForms.fsproj", "{89DD5E0F-FD67-4195-8A08-73A88644A6BC}"
EndProject
Project("{FAE04EC0-301F-11D3-BF4B-00C04F79EFBC}") = "NamedPipeInterop", "..\MatrixOS\NamedPipeInterop\NamedPipeInterop.csproj", "{466F777B-3FCD-45D2-8293-B9CC2AD3C15F}"
EndProject
Project("{F2A71F9B-5D33-465A-A702-920D77279786}") = "WinMergeEquals", "..\SharedFrameworkArchive\WinMergeEquals\WinMergeEquals.fsproj", "{EDD65A09-9745-4926-901F-A1444316E843}"
EndProject
Project("{F2A71F9B-5D33-465A-A702-920D77279786}") = "SharedFSharpVanilla", "..\SharedFrameworkArchive\SharedFSharpVanilla\SharedFSharpVanilla.fsproj", "{19DA73BB-CF63-475B-ABAD-8B0ECC11E584}"
EndProject
Project("{F2A71F9B-5D33-465A-A702-920D77279786}") = "Flatinum", "..\SharedFrameworkArchive\Flatinum\Flatinum.fsproj", "{DC59BB64-5AC3-43F8-A42E-25B92E8EE328}"
EndProject
Project("{F2A71F9B-5D33-465A-A702-920D77279786}") = "ExceptionalCode", "..\SharedFrameworkArchive\ExceptionalCode\ExceptionalCode.fsproj", "{E73ED715-768A-47A9-8144-57986AD56139}"
EndProject
Project("{FAE04EC0-301F-11D3-BF4B-00C04F79EFBC}") = "SharedFrameworkLogging", "..\SharedFrameworkArchive\SharedFrameworkLogging\SharedFrameworkLogging.csproj", "{8E28EDE7-16C4-434F-BA86-8DC20B6B95C0}"
EndProject
Project("{F2A71F9B-5D33-465A-A702-920D77279786}") = "SharedFrameworkROP", "..\SharedFrameworkArchive\SharedFrameworkROP\SharedFrameworkROP.fsproj", "{BFCC3E4B-F560-4483-A7E9-6C508831DB59}"
EndProject
Project("{FAE04EC0-301F-11D3-BF4B-00C04F79EFBC}") = "UniversalExtensions", "..\SharedFrameworkArchive\UniversalExtensions\UniversalExtensions.csproj", "{80C25BAA-A2CF-4E0C-9C9E-976115D36565}"
EndProject
Project("{F2A71F9B-5D33-465A-A702-920D77279786}") = "AHKFunctionProxy", "..\UIauto\AHKFunctionProxy\AHKFunctionProxy.fsproj", "{658F3C07-7D20-42BE-BAB2-161B96EFD4F2}"
EndProject
Project("{FAE04EC0-301F-11D3-BF4B-00C04F79EFBC}") = "Stopwatcher.Abstractions", "..\SharedFrameworkArchive\Stopwatcher.Abstractions\Stopwatcher.Abstractions.csproj", "{A339F606-11DC-4982-A9A2-DC0BE158EBCA}"
EndProject
Project("{F2A71F9B-5D33-465A-A702-920D77279786}") = "CasePipes", "..\SharedFrameworkArchive\CasePipes\CasePipes.fsproj", "{2ECEA0D4-AC03-4247-AA84-295A922E9C30}"
EndProject
Project("{F2A71F9B-5D33-465A-A702-920D77279786}") = "SystemConsole", "..\SharedFrameworkArchive\SystemConsole\SystemConsole.fsproj", "{F7BCB80F-968B-481F-B2DF-FDC608651290}"
EndProject
Project("{FAE04EC0-301F-11D3-BF4B-00C04F79EFBC}") = "SharedFrameworkInterfaces", "..\SharedFrameworkArchive\SharedFrameworkInterfaces\SharedFrameworkInterfaces.csproj", "{A7731B65-8CAF-4BB4-B241-42730CC9ED85}"
EndProject
Global
	GlobalSection(SolutionConfigurationPlatforms) = preSolution
		Debug|Any CPU = Debug|Any CPU
		Debug|arm64 = Debug|arm64
		Debug|x64 = Debug|x64
		Debug|x86 = Debug|x86
		Release|Any CPU = Release|Any CPU
		Release|arm64 = Release|arm64
		Release|x64 = Release|x64
		Release|x86 = Release|x86
		StrictCompile|Any CPU = StrictCompile|Any CPU
		StrictCompile|arm64 = StrictCompile|arm64
		StrictCompile|x64 = StrictCompile|x64
		StrictCompile|x86 = StrictCompile|x86
	EndGlobalSection
	GlobalSection(ProjectConfigurationPlatforms) = postSolution
		{E153A356-2386-4345-B5D8-1A7113EF824B}.Debug|Any CPU.ActiveCfg = Debug|Any CPU
		{E153A356-2386-4345-B5D8-1A7113EF824B}.Debug|Any CPU.Build.0 = Debug|Any CPU
		{E153A356-2386-4345-B5D8-1A7113EF824B}.Debug|arm64.ActiveCfg = Debug|Any CPU
		{E153A356-2386-4345-B5D8-1A7113EF824B}.Debug|arm64.Build.0 = Debug|Any CPU
		{E153A356-2386-4345-B5D8-1A7113EF824B}.Debug|x64.ActiveCfg = Debug|Any CPU
		{E153A356-2386-4345-B5D8-1A7113EF824B}.Debug|x64.Build.0 = Debug|Any CPU
		{E153A356-2386-4345-B5D8-1A7113EF824B}.Debug|x86.ActiveCfg = Debug|Any CPU
		{E153A356-2386-4345-B5D8-1A7113EF824B}.Debug|x86.Build.0 = Debug|Any CPU
		{E153A356-2386-4345-B5D8-1A7113EF824B}.Release|Any CPU.ActiveCfg = Release|Any CPU
		{E153A356-2386-4345-B5D8-1A7113EF824B}.Release|Any CPU.Build.0 = Release|Any CPU
		{E153A356-2386-4345-B5D8-1A7113EF824B}.Release|arm64.ActiveCfg = Release|Any CPU
		{E153A356-2386-4345-B5D8-1A7113EF824B}.Release|arm64.Build.0 = Release|Any CPU
		{E153A356-2386-4345-B5D8-1A7113EF824B}.Release|x64.ActiveCfg = Release|Any CPU
		{E153A356-2386-4345-B5D8-1A7113EF824B}.Release|x64.Build.0 = Release|Any CPU
		{E153A356-2386-4345-B5D8-1A7113EF824B}.Release|x86.ActiveCfg = Release|Any CPU
		{E153A356-2386-4345-B5D8-1A7113EF824B}.Release|x86.Build.0 = Release|Any CPU
		{E153A356-2386-4345-B5D8-1A7113EF824B}.StrictCompile|Any CPU.ActiveCfg = Release|Any CPU
		{E153A356-2386-4345-B5D8-1A7113EF824B}.StrictCompile|Any CPU.Build.0 = Release|Any CPU
		{E153A356-2386-4345-B5D8-1A7113EF824B}.StrictCompile|arm64.ActiveCfg = Release|Any CPU
		{E153A356-2386-4345-B5D8-1A7113EF824B}.StrictCompile|arm64.Build.0 = Release|Any CPU
		{E153A356-2386-4345-B5D8-1A7113EF824B}.StrictCompile|x64.ActiveCfg = Release|Any CPU
		{E153A356-2386-4345-B5D8-1A7113EF824B}.StrictCompile|x64.Build.0 = Release|Any CPU
		{E153A356-2386-4345-B5D8-1A7113EF824B}.StrictCompile|x86.ActiveCfg = Release|Any CPU
		{E153A356-2386-4345-B5D8-1A7113EF824B}.StrictCompile|x86.Build.0 = Release|Any CPU
		{040E6526-25ED-4450-A3AF-6A29C545E65F}.Debug|Any CPU.ActiveCfg = Debug|Any CPU
		{040E6526-25ED-4450-A3AF-6A29C545E65F}.Debug|Any CPU.Build.0 = Debug|Any CPU
		{040E6526-25ED-4450-A3AF-6A29C545E65F}.Debug|arm64.ActiveCfg = Debug|Any CPU
		{040E6526-25ED-4450-A3AF-6A29C545E65F}.Debug|arm64.Build.0 = Debug|Any CPU
		{040E6526-25ED-4450-A3AF-6A29C545E65F}.Debug|x64.ActiveCfg = Debug|Any CPU
		{040E6526-25ED-4450-A3AF-6A29C545E65F}.Debug|x64.Build.0 = Debug|Any CPU
		{040E6526-25ED-4450-A3AF-6A29C545E65F}.Debug|x86.ActiveCfg = Debug|Any CPU
		{040E6526-25ED-4450-A3AF-6A29C545E65F}.Debug|x86.Build.0 = Debug|Any CPU
		{040E6526-25ED-4450-A3AF-6A29C545E65F}.Release|Any CPU.ActiveCfg = Release|Any CPU
		{040E6526-25ED-4450-A3AF-6A29C545E65F}.Release|Any CPU.Build.0 = Release|Any CPU
		{040E6526-25ED-4450-A3AF-6A29C545E65F}.Release|arm64.ActiveCfg = Release|Any CPU
		{040E6526-25ED-4450-A3AF-6A29C545E65F}.Release|arm64.Build.0 = Release|Any CPU
		{040E6526-25ED-4450-A3AF-6A29C545E65F}.Release|x64.ActiveCfg = Release|Any CPU
		{040E6526-25ED-4450-A3AF-6A29C545E65F}.Release|x64.Build.0 = Release|Any CPU
		{040E6526-25ED-4450-A3AF-6A29C545E65F}.Release|x86.ActiveCfg = Release|Any CPU
		{040E6526-25ED-4450-A3AF-6A29C545E65F}.Release|x86.Build.0 = Release|Any CPU
		{040E6526-25ED-4450-A3AF-6A29C545E65F}.StrictCompile|Any CPU.ActiveCfg = Release|Any CPU
		{040E6526-25ED-4450-A3AF-6A29C545E65F}.StrictCompile|Any CPU.Build.0 = Release|Any CPU
		{040E6526-25ED-4450-A3AF-6A29C545E65F}.StrictCompile|arm64.ActiveCfg = Release|Any CPU
		{040E6526-25ED-4450-A3AF-6A29C545E65F}.StrictCompile|arm64.Build.0 = Release|Any CPU
		{040E6526-25ED-4450-A3AF-6A29C545E65F}.StrictCompile|x64.ActiveCfg = Release|Any CPU
		{040E6526-25ED-4450-A3AF-6A29C545E65F}.StrictCompile|x64.Build.0 = Release|Any CPU
		{040E6526-25ED-4450-A3AF-6A29C545E65F}.StrictCompile|x86.ActiveCfg = Release|Any CPU
		{040E6526-25ED-4450-A3AF-6A29C545E65F}.StrictCompile|x86.Build.0 = Release|Any CPU
		{1C13FCCF-0756-41CA-ABCA-C0D338EF4D8A}.Debug|Any CPU.ActiveCfg = Debug|Any CPU
		{1C13FCCF-0756-41CA-ABCA-C0D338EF4D8A}.Debug|Any CPU.Build.0 = Debug|Any CPU
		{1C13FCCF-0756-41CA-ABCA-C0D338EF4D8A}.Debug|arm64.ActiveCfg = Debug|Any CPU
		{1C13FCCF-0756-41CA-ABCA-C0D338EF4D8A}.Debug|arm64.Build.0 = Debug|Any CPU
		{1C13FCCF-0756-41CA-ABCA-C0D338EF4D8A}.Debug|x64.ActiveCfg = Debug|Any CPU
		{1C13FCCF-0756-41CA-ABCA-C0D338EF4D8A}.Debug|x64.Build.0 = Debug|Any CPU
		{1C13FCCF-0756-41CA-ABCA-C0D338EF4D8A}.Debug|x86.ActiveCfg = Debug|Any CPU
		{1C13FCCF-0756-41CA-ABCA-C0D338EF4D8A}.Debug|x86.Build.0 = Debug|Any CPU
		{1C13FCCF-0756-41CA-ABCA-C0D338EF4D8A}.Release|Any CPU.ActiveCfg = Release|Any CPU
		{1C13FCCF-0756-41CA-ABCA-C0D338EF4D8A}.Release|Any CPU.Build.0 = Release|Any CPU
		{1C13FCCF-0756-41CA-ABCA-C0D338EF4D8A}.Release|arm64.ActiveCfg = Release|Any CPU
		{1C13FCCF-0756-41CA-ABCA-C0D338EF4D8A}.Release|arm64.Build.0 = Release|Any CPU
		{1C13FCCF-0756-41CA-ABCA-C0D338EF4D8A}.Release|x64.ActiveCfg = Release|Any CPU
		{1C13FCCF-0756-41CA-ABCA-C0D338EF4D8A}.Release|x64.Build.0 = Release|Any CPU
		{1C13FCCF-0756-41CA-ABCA-C0D338EF4D8A}.Release|x86.ActiveCfg = Release|Any CPU
		{1C13FCCF-0756-41CA-ABCA-C0D338EF4D8A}.Release|x86.Build.0 = Release|Any CPU
		{1C13FCCF-0756-41CA-ABCA-C0D338EF4D8A}.StrictCompile|Any CPU.ActiveCfg = Release|Any CPU
		{1C13FCCF-0756-41CA-ABCA-C0D338EF4D8A}.StrictCompile|Any CPU.Build.0 = Release|Any CPU
		{1C13FCCF-0756-41CA-ABCA-C0D338EF4D8A}.StrictCompile|arm64.ActiveCfg = Release|Any CPU
		{1C13FCCF-0756-41CA-ABCA-C0D338EF4D8A}.StrictCompile|arm64.Build.0 = Release|Any CPU
		{1C13FCCF-0756-41CA-ABCA-C0D338EF4D8A}.StrictCompile|x64.ActiveCfg = Release|Any CPU
		{1C13FCCF-0756-41CA-ABCA-C0D338EF4D8A}.StrictCompile|x64.Build.0 = Release|Any CPU
		{1C13FCCF-0756-41CA-ABCA-C0D338EF4D8A}.StrictCompile|x86.ActiveCfg = Release|Any CPU
		{1C13FCCF-0756-41CA-ABCA-C0D338EF4D8A}.StrictCompile|x86.Build.0 = Release|Any CPU
		{040957FF-F7A2-4CB4-B02F-1C110634F787}.Debug|Any CPU.ActiveCfg = Debug|Any CPU
		{040957FF-F7A2-4CB4-B02F-1C110634F787}.Debug|Any CPU.Build.0 = Debug|Any CPU
		{040957FF-F7A2-4CB4-B02F-1C110634F787}.Debug|arm64.ActiveCfg = Debug|Any CPU
		{040957FF-F7A2-4CB4-B02F-1C110634F787}.Debug|arm64.Build.0 = Debug|Any CPU
		{040957FF-F7A2-4CB4-B02F-1C110634F787}.Debug|x64.ActiveCfg = Debug|Any CPU
		{040957FF-F7A2-4CB4-B02F-1C110634F787}.Debug|x64.Build.0 = Debug|Any CPU
		{040957FF-F7A2-4CB4-B02F-1C110634F787}.Debug|x86.ActiveCfg = Debug|Any CPU
		{040957FF-F7A2-4CB4-B02F-1C110634F787}.Debug|x86.Build.0 = Debug|Any CPU
		{040957FF-F7A2-4CB4-B02F-1C110634F787}.Release|Any CPU.ActiveCfg = Release|Any CPU
		{040957FF-F7A2-4CB4-B02F-1C110634F787}.Release|Any CPU.Build.0 = Release|Any CPU
		{040957FF-F7A2-4CB4-B02F-1C110634F787}.Release|arm64.ActiveCfg = Release|Any CPU
		{040957FF-F7A2-4CB4-B02F-1C110634F787}.Release|arm64.Build.0 = Release|Any CPU
		{040957FF-F7A2-4CB4-B02F-1C110634F787}.Release|x64.ActiveCfg = Release|Any CPU
		{040957FF-F7A2-4CB4-B02F-1C110634F787}.Release|x64.Build.0 = Release|Any CPU
		{040957FF-F7A2-4CB4-B02F-1C110634F787}.Release|x86.ActiveCfg = Release|Any CPU
		{040957FF-F7A2-4CB4-B02F-1C110634F787}.Release|x86.Build.0 = Release|Any CPU
		{040957FF-F7A2-4CB4-B02F-1C110634F787}.StrictCompile|Any CPU.ActiveCfg = Release|Any CPU
		{040957FF-F7A2-4CB4-B02F-1C110634F787}.StrictCompile|Any CPU.Build.0 = Release|Any CPU
		{040957FF-F7A2-4CB4-B02F-1C110634F787}.StrictCompile|arm64.ActiveCfg = StrictCompile|Any CPU
		{040957FF-F7A2-4CB4-B02F-1C110634F787}.StrictCompile|arm64.Build.0 = StrictCompile|Any CPU
		{040957FF-F7A2-4CB4-B02F-1C110634F787}.StrictCompile|x64.ActiveCfg = StrictCompile|Any CPU
		{040957FF-F7A2-4CB4-B02F-1C110634F787}.StrictCompile|x64.Build.0 = StrictCompile|Any CPU
		{040957FF-F7A2-4CB4-B02F-1C110634F787}.StrictCompile|x86.ActiveCfg = StrictCompile|Any CPU
		{040957FF-F7A2-4CB4-B02F-1C110634F787}.StrictCompile|x86.Build.0 = StrictCompile|Any CPU
		{43642E60-C64D-464D-954C-9789B1FC92EE}.Debug|Any CPU.ActiveCfg = Debug|Any CPU
		{43642E60-C64D-464D-954C-9789B1FC92EE}.Debug|Any CPU.Build.0 = Debug|Any CPU
		{43642E60-C64D-464D-954C-9789B1FC92EE}.Debug|arm64.ActiveCfg = Debug|Any CPU
		{43642E60-C64D-464D-954C-9789B1FC92EE}.Debug|arm64.Build.0 = Debug|Any CPU
		{43642E60-C64D-464D-954C-9789B1FC92EE}.Debug|x64.ActiveCfg = Debug|Any CPU
		{43642E60-C64D-464D-954C-9789B1FC92EE}.Debug|x64.Build.0 = Debug|Any CPU
		{43642E60-C64D-464D-954C-9789B1FC92EE}.Debug|x86.ActiveCfg = Debug|Any CPU
		{43642E60-C64D-464D-954C-9789B1FC92EE}.Debug|x86.Build.0 = Debug|Any CPU
		{43642E60-C64D-464D-954C-9789B1FC92EE}.Release|Any CPU.ActiveCfg = Release|Any CPU
		{43642E60-C64D-464D-954C-9789B1FC92EE}.Release|Any CPU.Build.0 = Release|Any CPU
		{43642E60-C64D-464D-954C-9789B1FC92EE}.Release|arm64.ActiveCfg = Release|Any CPU
		{43642E60-C64D-464D-954C-9789B1FC92EE}.Release|arm64.Build.0 = Release|Any CPU
		{43642E60-C64D-464D-954C-9789B1FC92EE}.Release|x64.ActiveCfg = Release|Any CPU
		{43642E60-C64D-464D-954C-9789B1FC92EE}.Release|x64.Build.0 = Release|Any CPU
		{43642E60-C64D-464D-954C-9789B1FC92EE}.Release|x86.ActiveCfg = Release|Any CPU
		{43642E60-C64D-464D-954C-9789B1FC92EE}.Release|x86.Build.0 = Release|Any CPU
		{43642E60-C64D-464D-954C-9789B1FC92EE}.StrictCompile|Any CPU.ActiveCfg = Release|Any CPU
		{43642E60-C64D-464D-954C-9789B1FC92EE}.StrictCompile|Any CPU.Build.0 = Release|Any CPU
		{43642E60-C64D-464D-954C-9789B1FC92EE}.StrictCompile|arm64.ActiveCfg = Release|Any CPU
		{43642E60-C64D-464D-954C-9789B1FC92EE}.StrictCompile|arm64.Build.0 = Release|Any CPU
		{43642E60-C64D-464D-954C-9789B1FC92EE}.StrictCompile|x64.ActiveCfg = Debug|Any CPU
		{43642E60-C64D-464D-954C-9789B1FC92EE}.StrictCompile|x64.Build.0 = Debug|Any CPU
		{43642E60-C64D-464D-954C-9789B1FC92EE}.StrictCompile|x86.ActiveCfg = Debug|Any CPU
		{43642E60-C64D-464D-954C-9789B1FC92EE}.StrictCompile|x86.Build.0 = Debug|Any CPU
		{2DCAF743-3340-4ABC-9FE3-ACB717D044C6}.Debug|Any CPU.ActiveCfg = Debug|Any CPU
		{2DCAF743-3340-4ABC-9FE3-ACB717D044C6}.Debug|Any CPU.Build.0 = Debug|Any CPU
		{2DCAF743-3340-4ABC-9FE3-ACB717D044C6}.Debug|arm64.ActiveCfg = Debug|Any CPU
		{2DCAF743-3340-4ABC-9FE3-ACB717D044C6}.Debug|arm64.Build.0 = Debug|Any CPU
		{2DCAF743-3340-4ABC-9FE3-ACB717D044C6}.Debug|x64.ActiveCfg = Debug|Any CPU
		{2DCAF743-3340-4ABC-9FE3-ACB717D044C6}.Debug|x64.Build.0 = Debug|Any CPU
		{2DCAF743-3340-4ABC-9FE3-ACB717D044C6}.Debug|x86.ActiveCfg = Debug|Any CPU
		{2DCAF743-3340-4ABC-9FE3-ACB717D044C6}.Debug|x86.Build.0 = Debug|Any CPU
		{2DCAF743-3340-4ABC-9FE3-ACB717D044C6}.Release|Any CPU.ActiveCfg = Release|Any CPU
		{2DCAF743-3340-4ABC-9FE3-ACB717D044C6}.Release|Any CPU.Build.0 = Release|Any CPU
		{2DCAF743-3340-4ABC-9FE3-ACB717D044C6}.Release|arm64.ActiveCfg = Release|Any CPU
		{2DCAF743-3340-4ABC-9FE3-ACB717D044C6}.Release|arm64.Build.0 = Release|Any CPU
		{2DCAF743-3340-4ABC-9FE3-ACB717D044C6}.Release|x64.ActiveCfg = Release|Any CPU
		{2DCAF743-3340-4ABC-9FE3-ACB717D044C6}.Release|x64.Build.0 = Release|Any CPU
		{2DCAF743-3340-4ABC-9FE3-ACB717D044C6}.Release|x86.ActiveCfg = Release|Any CPU
		{2DCAF743-3340-4ABC-9FE3-ACB717D044C6}.Release|x86.Build.0 = Release|Any CPU
		{2DCAF743-3340-4ABC-9FE3-ACB717D044C6}.StrictCompile|Any CPU.ActiveCfg = Release|Any CPU
		{2DCAF743-3340-4ABC-9FE3-ACB717D044C6}.StrictCompile|Any CPU.Build.0 = Release|Any CPU
		{2DCAF743-3340-4ABC-9FE3-ACB717D044C6}.StrictCompile|arm64.ActiveCfg = Release|Any CPU
		{2DCAF743-3340-4ABC-9FE3-ACB717D044C6}.StrictCompile|arm64.Build.0 = Release|Any CPU
		{2DCAF743-3340-4ABC-9FE3-ACB717D044C6}.StrictCompile|x64.ActiveCfg = Debug|Any CPU
		{2DCAF743-3340-4ABC-9FE3-ACB717D044C6}.StrictCompile|x64.Build.0 = Debug|Any CPU
		{2DCAF743-3340-4ABC-9FE3-ACB717D044C6}.StrictCompile|x86.ActiveCfg = Debug|Any CPU
		{2DCAF743-3340-4ABC-9FE3-ACB717D044C6}.StrictCompile|x86.Build.0 = Debug|Any CPU
		{21B2142C-F3C2-4F49-B3BA-0BE45E820919}.Debug|Any CPU.ActiveCfg = Debug|Any CPU
		{21B2142C-F3C2-4F49-B3BA-0BE45E820919}.Debug|Any CPU.Build.0 = Debug|Any CPU
		{21B2142C-F3C2-4F49-B3BA-0BE45E820919}.Debug|arm64.ActiveCfg = Debug|Any CPU
		{21B2142C-F3C2-4F49-B3BA-0BE45E820919}.Debug|arm64.Build.0 = Debug|Any CPU
		{21B2142C-F3C2-4F49-B3BA-0BE45E820919}.Debug|x64.ActiveCfg = Debug|Any CPU
		{21B2142C-F3C2-4F49-B3BA-0BE45E820919}.Debug|x64.Build.0 = Debug|Any CPU
		{21B2142C-F3C2-4F49-B3BA-0BE45E820919}.Debug|x86.ActiveCfg = Debug|Any CPU
		{21B2142C-F3C2-4F49-B3BA-0BE45E820919}.Debug|x86.Build.0 = Debug|Any CPU
		{21B2142C-F3C2-4F49-B3BA-0BE45E820919}.Release|Any CPU.ActiveCfg = Release|Any CPU
		{21B2142C-F3C2-4F49-B3BA-0BE45E820919}.Release|Any CPU.Build.0 = Release|Any CPU
		{21B2142C-F3C2-4F49-B3BA-0BE45E820919}.Release|arm64.ActiveCfg = Release|Any CPU
		{21B2142C-F3C2-4F49-B3BA-0BE45E820919}.Release|arm64.Build.0 = Release|Any CPU
		{21B2142C-F3C2-4F49-B3BA-0BE45E820919}.Release|x64.ActiveCfg = Release|Any CPU
		{21B2142C-F3C2-4F49-B3BA-0BE45E820919}.Release|x64.Build.0 = Release|Any CPU
		{21B2142C-F3C2-4F49-B3BA-0BE45E820919}.Release|x86.ActiveCfg = Release|Any CPU
		{21B2142C-F3C2-4F49-B3BA-0BE45E820919}.Release|x86.Build.0 = Release|Any CPU
		{21B2142C-F3C2-4F49-B3BA-0BE45E820919}.StrictCompile|Any CPU.ActiveCfg = Release|Any CPU
		{21B2142C-F3C2-4F49-B3BA-0BE45E820919}.StrictCompile|Any CPU.Build.0 = Release|Any CPU
		{21B2142C-F3C2-4F49-B3BA-0BE45E820919}.StrictCompile|arm64.ActiveCfg = Release|Any CPU
		{21B2142C-F3C2-4F49-B3BA-0BE45E820919}.StrictCompile|arm64.Build.0 = Release|Any CPU
		{21B2142C-F3C2-4F49-B3BA-0BE45E820919}.StrictCompile|x64.ActiveCfg = Debug|Any CPU
		{21B2142C-F3C2-4F49-B3BA-0BE45E820919}.StrictCompile|x64.Build.0 = Debug|Any CPU
		{21B2142C-F3C2-4F49-B3BA-0BE45E820919}.StrictCompile|x86.ActiveCfg = Debug|Any CPU
		{21B2142C-F3C2-4F49-B3BA-0BE45E820919}.StrictCompile|x86.Build.0 = Debug|Any CPU
		{344091B7-4D0A-4F62-BB06-05140A63A46A}.Debug|Any CPU.ActiveCfg = Debug|Any CPU
		{344091B7-4D0A-4F62-BB06-05140A63A46A}.Debug|Any CPU.Build.0 = Debug|Any CPU
		{344091B7-4D0A-4F62-BB06-05140A63A46A}.Debug|arm64.ActiveCfg = Debug|Any CPU
		{344091B7-4D0A-4F62-BB06-05140A63A46A}.Debug|arm64.Build.0 = Debug|Any CPU
		{344091B7-4D0A-4F62-BB06-05140A63A46A}.Debug|x64.ActiveCfg = Debug|Any CPU
		{344091B7-4D0A-4F62-BB06-05140A63A46A}.Debug|x64.Build.0 = Debug|Any CPU
		{344091B7-4D0A-4F62-BB06-05140A63A46A}.Debug|x86.ActiveCfg = Debug|Any CPU
		{344091B7-4D0A-4F62-BB06-05140A63A46A}.Debug|x86.Build.0 = Debug|Any CPU
		{344091B7-4D0A-4F62-BB06-05140A63A46A}.Release|Any CPU.ActiveCfg = Release|Any CPU
		{344091B7-4D0A-4F62-BB06-05140A63A46A}.Release|Any CPU.Build.0 = Release|Any CPU
		{344091B7-4D0A-4F62-BB06-05140A63A46A}.Release|arm64.ActiveCfg = Release|Any CPU
		{344091B7-4D0A-4F62-BB06-05140A63A46A}.Release|arm64.Build.0 = Release|Any CPU
		{344091B7-4D0A-4F62-BB06-05140A63A46A}.Release|x64.ActiveCfg = Release|Any CPU
		{344091B7-4D0A-4F62-BB06-05140A63A46A}.Release|x64.Build.0 = Release|Any CPU
		{344091B7-4D0A-4F62-BB06-05140A63A46A}.Release|x86.ActiveCfg = Release|Any CPU
		{344091B7-4D0A-4F62-BB06-05140A63A46A}.Release|x86.Build.0 = Release|Any CPU
		{344091B7-4D0A-4F62-BB06-05140A63A46A}.StrictCompile|Any CPU.ActiveCfg = Release|Any CPU
		{344091B7-4D0A-4F62-BB06-05140A63A46A}.StrictCompile|Any CPU.Build.0 = Release|Any CPU
		{344091B7-4D0A-4F62-BB06-05140A63A46A}.StrictCompile|arm64.ActiveCfg = Release|Any CPU
		{344091B7-4D0A-4F62-BB06-05140A63A46A}.StrictCompile|arm64.Build.0 = Release|Any CPU
		{344091B7-4D0A-4F62-BB06-05140A63A46A}.StrictCompile|x64.ActiveCfg = Debug|Any CPU
		{344091B7-4D0A-4F62-BB06-05140A63A46A}.StrictCompile|x64.Build.0 = Debug|Any CPU
		{344091B7-4D0A-4F62-BB06-05140A63A46A}.StrictCompile|x86.ActiveCfg = Debug|Any CPU
		{344091B7-4D0A-4F62-BB06-05140A63A46A}.StrictCompile|x86.Build.0 = Debug|Any CPU
		{EDCACBA4-CEBE-4AD3-BD9F-5E386F1A0000}.Debug|Any CPU.ActiveCfg = Debug|Any CPU
		{EDCACBA4-CEBE-4AD3-BD9F-5E386F1A0000}.Debug|Any CPU.Build.0 = Debug|Any CPU
		{EDCACBA4-CEBE-4AD3-BD9F-5E386F1A0000}.Debug|arm64.ActiveCfg = Debug|Any CPU
		{EDCACBA4-CEBE-4AD3-BD9F-5E386F1A0000}.Debug|arm64.Build.0 = Debug|Any CPU
		{EDCACBA4-CEBE-4AD3-BD9F-5E386F1A0000}.Debug|x64.ActiveCfg = Debug|Any CPU
		{EDCACBA4-CEBE-4AD3-BD9F-5E386F1A0000}.Debug|x64.Build.0 = Debug|Any CPU
		{EDCACBA4-CEBE-4AD3-BD9F-5E386F1A0000}.Debug|x86.ActiveCfg = Debug|Any CPU
		{EDCACBA4-CEBE-4AD3-BD9F-5E386F1A0000}.Debug|x86.Build.0 = Debug|Any CPU
		{EDCACBA4-CEBE-4AD3-BD9F-5E386F1A0000}.Release|Any CPU.ActiveCfg = Release|Any CPU
		{EDCACBA4-CEBE-4AD3-BD9F-5E386F1A0000}.Release|Any CPU.Build.0 = Release|Any CPU
		{EDCACBA4-CEBE-4AD3-BD9F-5E386F1A0000}.Release|arm64.ActiveCfg = Release|Any CPU
		{EDCACBA4-CEBE-4AD3-BD9F-5E386F1A0000}.Release|arm64.Build.0 = Release|Any CPU
		{EDCACBA4-CEBE-4AD3-BD9F-5E386F1A0000}.Release|x64.ActiveCfg = Release|Any CPU
		{EDCACBA4-CEBE-4AD3-BD9F-5E386F1A0000}.Release|x64.Build.0 = Release|Any CPU
		{EDCACBA4-CEBE-4AD3-BD9F-5E386F1A0000}.Release|x86.ActiveCfg = Release|Any CPU
		{EDCACBA4-CEBE-4AD3-BD9F-5E386F1A0000}.Release|x86.Build.0 = Release|Any CPU
		{EDCACBA4-CEBE-4AD3-BD9F-5E386F1A0000}.StrictCompile|Any CPU.ActiveCfg = Debug|Any CPU
		{EDCACBA4-CEBE-4AD3-BD9F-5E386F1A0000}.StrictCompile|Any CPU.Build.0 = Debug|Any CPU
		{EDCACBA4-CEBE-4AD3-BD9F-5E386F1A0000}.StrictCompile|arm64.ActiveCfg = Release|Any CPU
		{EDCACBA4-CEBE-4AD3-BD9F-5E386F1A0000}.StrictCompile|arm64.Build.0 = Release|Any CPU
		{EDCACBA4-CEBE-4AD3-BD9F-5E386F1A0000}.StrictCompile|x64.ActiveCfg = Debug|Any CPU
		{EDCACBA4-CEBE-4AD3-BD9F-5E386F1A0000}.StrictCompile|x64.Build.0 = Debug|Any CPU
		{EDCACBA4-CEBE-4AD3-BD9F-5E386F1A0000}.StrictCompile|x86.ActiveCfg = Debug|Any CPU
		{EDCACBA4-CEBE-4AD3-BD9F-5E386F1A0000}.StrictCompile|x86.Build.0 = Debug|Any CPU
		{2356475C-6214-427D-81EA-F0752145219D}.Debug|Any CPU.ActiveCfg = Debug|Any CPU
		{2356475C-6214-427D-81EA-F0752145219D}.Debug|Any CPU.Build.0 = Debug|Any CPU
		{2356475C-6214-427D-81EA-F0752145219D}.Debug|arm64.ActiveCfg = Debug|Any CPU
		{2356475C-6214-427D-81EA-F0752145219D}.Debug|arm64.Build.0 = Debug|Any CPU
		{2356475C-6214-427D-81EA-F0752145219D}.Debug|x64.ActiveCfg = Debug|Any CPU
		{2356475C-6214-427D-81EA-F0752145219D}.Debug|x64.Build.0 = Debug|Any CPU
		{2356475C-6214-427D-81EA-F0752145219D}.Debug|x86.ActiveCfg = Debug|Any CPU
		{2356475C-6214-427D-81EA-F0752145219D}.Debug|x86.Build.0 = Debug|Any CPU
		{2356475C-6214-427D-81EA-F0752145219D}.Release|Any CPU.ActiveCfg = Release|Any CPU
		{2356475C-6214-427D-81EA-F0752145219D}.Release|Any CPU.Build.0 = Release|Any CPU
		{2356475C-6214-427D-81EA-F0752145219D}.Release|arm64.ActiveCfg = Release|Any CPU
		{2356475C-6214-427D-81EA-F0752145219D}.Release|arm64.Build.0 = Release|Any CPU
		{2356475C-6214-427D-81EA-F0752145219D}.Release|x64.ActiveCfg = Release|Any CPU
		{2356475C-6214-427D-81EA-F0752145219D}.Release|x64.Build.0 = Release|Any CPU
		{2356475C-6214-427D-81EA-F0752145219D}.Release|x86.ActiveCfg = Release|Any CPU
		{2356475C-6214-427D-81EA-F0752145219D}.Release|x86.Build.0 = Release|Any CPU
		{2356475C-6214-427D-81EA-F0752145219D}.StrictCompile|Any CPU.ActiveCfg = Debug|Any CPU
		{2356475C-6214-427D-81EA-F0752145219D}.StrictCompile|Any CPU.Build.0 = Debug|Any CPU
		{2356475C-6214-427D-81EA-F0752145219D}.StrictCompile|arm64.ActiveCfg = Release|Any CPU
		{2356475C-6214-427D-81EA-F0752145219D}.StrictCompile|arm64.Build.0 = Release|Any CPU
		{2356475C-6214-427D-81EA-F0752145219D}.StrictCompile|x64.ActiveCfg = Debug|Any CPU
		{2356475C-6214-427D-81EA-F0752145219D}.StrictCompile|x64.Build.0 = Debug|Any CPU
		{2356475C-6214-427D-81EA-F0752145219D}.StrictCompile|x86.ActiveCfg = Debug|Any CPU
		{2356475C-6214-427D-81EA-F0752145219D}.StrictCompile|x86.Build.0 = Debug|Any CPU
		{473860A7-963C-40AA-A703-28BD68109AB0}.Debug|Any CPU.ActiveCfg = Debug|Any CPU
		{473860A7-963C-40AA-A703-28BD68109AB0}.Debug|Any CPU.Build.0 = Debug|Any CPU
		{473860A7-963C-40AA-A703-28BD68109AB0}.Debug|arm64.ActiveCfg = Debug|arm64
		{473860A7-963C-40AA-A703-28BD68109AB0}.Debug|arm64.Build.0 = Debug|arm64
		{473860A7-963C-40AA-A703-28BD68109AB0}.Debug|x64.ActiveCfg = Debug|Any CPU
		{473860A7-963C-40AA-A703-28BD68109AB0}.Debug|x64.Build.0 = Debug|Any CPU
		{473860A7-963C-40AA-A703-28BD68109AB0}.Debug|x86.ActiveCfg = Debug|x86
		{473860A7-963C-40AA-A703-28BD68109AB0}.Debug|x86.Build.0 = Debug|x86
		{473860A7-963C-40AA-A703-28BD68109AB0}.Release|Any CPU.ActiveCfg = Release|Any CPU
		{473860A7-963C-40AA-A703-28BD68109AB0}.Release|Any CPU.Build.0 = Release|Any CPU
		{473860A7-963C-40AA-A703-28BD68109AB0}.Release|arm64.ActiveCfg = Release|arm64
		{473860A7-963C-40AA-A703-28BD68109AB0}.Release|arm64.Build.0 = Release|arm64
		{473860A7-963C-40AA-A703-28BD68109AB0}.Release|x64.ActiveCfg = Release|Any CPU
		{473860A7-963C-40AA-A703-28BD68109AB0}.Release|x64.Build.0 = Release|Any CPU
		{473860A7-963C-40AA-A703-28BD68109AB0}.Release|x86.ActiveCfg = Release|x86
		{473860A7-963C-40AA-A703-28BD68109AB0}.Release|x86.Build.0 = Release|x86
		{473860A7-963C-40AA-A703-28BD68109AB0}.StrictCompile|Any CPU.ActiveCfg = Debug|Any CPU
		{473860A7-963C-40AA-A703-28BD68109AB0}.StrictCompile|Any CPU.Build.0 = Debug|Any CPU
		{473860A7-963C-40AA-A703-28BD68109AB0}.StrictCompile|arm64.ActiveCfg = Debug|arm64
		{473860A7-963C-40AA-A703-28BD68109AB0}.StrictCompile|arm64.Build.0 = Debug|arm64
		{473860A7-963C-40AA-A703-28BD68109AB0}.StrictCompile|x64.ActiveCfg = Debug|Any CPU
		{473860A7-963C-40AA-A703-28BD68109AB0}.StrictCompile|x64.Build.0 = Debug|Any CPU
		{473860A7-963C-40AA-A703-28BD68109AB0}.StrictCompile|x86.ActiveCfg = Debug|x86
		{473860A7-963C-40AA-A703-28BD68109AB0}.StrictCompile|x86.Build.0 = Debug|x86
		{65CAAFC3-E5A4-4C87-9291-72ACC6D1010B}.Debug|Any CPU.ActiveCfg = Debug|Any CPU
		{65CAAFC3-E5A4-4C87-9291-72ACC6D1010B}.Debug|Any CPU.Build.0 = Debug|Any CPU
		{65CAAFC3-E5A4-4C87-9291-72ACC6D1010B}.Debug|arm64.ActiveCfg = Debug|Any CPU
		{65CAAFC3-E5A4-4C87-9291-72ACC6D1010B}.Debug|arm64.Build.0 = Debug|Any CPU
		{65CAAFC3-E5A4-4C87-9291-72ACC6D1010B}.Debug|x64.ActiveCfg = Debug|Any CPU
		{65CAAFC3-E5A4-4C87-9291-72ACC6D1010B}.Debug|x64.Build.0 = Debug|Any CPU
		{65CAAFC3-E5A4-4C87-9291-72ACC6D1010B}.Debug|x86.ActiveCfg = Debug|Any CPU
		{65CAAFC3-E5A4-4C87-9291-72ACC6D1010B}.Debug|x86.Build.0 = Debug|Any CPU
		{65CAAFC3-E5A4-4C87-9291-72ACC6D1010B}.Release|Any CPU.ActiveCfg = Release|Any CPU
		{65CAAFC3-E5A4-4C87-9291-72ACC6D1010B}.Release|Any CPU.Build.0 = Release|Any CPU
		{65CAAFC3-E5A4-4C87-9291-72ACC6D1010B}.Release|arm64.ActiveCfg = Release|Any CPU
		{65CAAFC3-E5A4-4C87-9291-72ACC6D1010B}.Release|arm64.Build.0 = Release|Any CPU
		{65CAAFC3-E5A4-4C87-9291-72ACC6D1010B}.Release|x64.ActiveCfg = Release|Any CPU
		{65CAAFC3-E5A4-4C87-9291-72ACC6D1010B}.Release|x64.Build.0 = Release|Any CPU
		{65CAAFC3-E5A4-4C87-9291-72ACC6D1010B}.Release|x86.ActiveCfg = Release|Any CPU
		{65CAAFC3-E5A4-4C87-9291-72ACC6D1010B}.Release|x86.Build.0 = Release|Any CPU
		{65CAAFC3-E5A4-4C87-9291-72ACC6D1010B}.StrictCompile|Any CPU.ActiveCfg = Debug|Any CPU
		{65CAAFC3-E5A4-4C87-9291-72ACC6D1010B}.StrictCompile|Any CPU.Build.0 = Debug|Any CPU
		{65CAAFC3-E5A4-4C87-9291-72ACC6D1010B}.StrictCompile|arm64.ActiveCfg = Debug|Any CPU
		{65CAAFC3-E5A4-4C87-9291-72ACC6D1010B}.StrictCompile|arm64.Build.0 = Debug|Any CPU
		{65CAAFC3-E5A4-4C87-9291-72ACC6D1010B}.StrictCompile|x64.ActiveCfg = Debug|Any CPU
		{65CAAFC3-E5A4-4C87-9291-72ACC6D1010B}.StrictCompile|x64.Build.0 = Debug|Any CPU
		{65CAAFC3-E5A4-4C87-9291-72ACC6D1010B}.StrictCompile|x86.ActiveCfg = Debug|Any CPU
		{65CAAFC3-E5A4-4C87-9291-72ACC6D1010B}.StrictCompile|x86.Build.0 = Debug|Any CPU
		{35079C63-BD05-4943-B408-A1C4914EF4AD}.Debug|Any CPU.ActiveCfg = Debug|Any CPU
		{35079C63-BD05-4943-B408-A1C4914EF4AD}.Debug|Any CPU.Build.0 = Debug|Any CPU
		{35079C63-BD05-4943-B408-A1C4914EF4AD}.Debug|arm64.ActiveCfg = Debug|Any CPU
		{35079C63-BD05-4943-B408-A1C4914EF4AD}.Debug|arm64.Build.0 = Debug|Any CPU
		{35079C63-BD05-4943-B408-A1C4914EF4AD}.Debug|x64.ActiveCfg = Debug|Any CPU
		{35079C63-BD05-4943-B408-A1C4914EF4AD}.Debug|x64.Build.0 = Debug|Any CPU
		{35079C63-BD05-4943-B408-A1C4914EF4AD}.Debug|x86.ActiveCfg = Debug|Any CPU
		{35079C63-BD05-4943-B408-A1C4914EF4AD}.Debug|x86.Build.0 = Debug|Any CPU
		{35079C63-BD05-4943-B408-A1C4914EF4AD}.Release|Any CPU.ActiveCfg = Release|Any CPU
		{35079C63-BD05-4943-B408-A1C4914EF4AD}.Release|Any CPU.Build.0 = Release|Any CPU
		{35079C63-BD05-4943-B408-A1C4914EF4AD}.Release|arm64.ActiveCfg = Release|Any CPU
		{35079C63-BD05-4943-B408-A1C4914EF4AD}.Release|arm64.Build.0 = Release|Any CPU
		{35079C63-BD05-4943-B408-A1C4914EF4AD}.Release|x64.ActiveCfg = Release|Any CPU
		{35079C63-BD05-4943-B408-A1C4914EF4AD}.Release|x64.Build.0 = Release|Any CPU
		{35079C63-BD05-4943-B408-A1C4914EF4AD}.Release|x86.ActiveCfg = Release|Any CPU
		{35079C63-BD05-4943-B408-A1C4914EF4AD}.Release|x86.Build.0 = Release|Any CPU
		{35079C63-BD05-4943-B408-A1C4914EF4AD}.StrictCompile|Any CPU.ActiveCfg = Debug|Any CPU
		{35079C63-BD05-4943-B408-A1C4914EF4AD}.StrictCompile|Any CPU.Build.0 = Debug|Any CPU
		{35079C63-BD05-4943-B408-A1C4914EF4AD}.StrictCompile|arm64.ActiveCfg = Debug|Any CPU
		{35079C63-BD05-4943-B408-A1C4914EF4AD}.StrictCompile|arm64.Build.0 = Debug|Any CPU
		{35079C63-BD05-4943-B408-A1C4914EF4AD}.StrictCompile|x64.ActiveCfg = Debug|Any CPU
		{35079C63-BD05-4943-B408-A1C4914EF4AD}.StrictCompile|x64.Build.0 = Debug|Any CPU
		{35079C63-BD05-4943-B408-A1C4914EF4AD}.StrictCompile|x86.ActiveCfg = Debug|Any CPU
		{35079C63-BD05-4943-B408-A1C4914EF4AD}.StrictCompile|x86.Build.0 = Debug|Any CPU
		{0138943C-6DC4-491C-B3E1-070DFBD15167}.Debug|Any CPU.ActiveCfg = Debug|Any CPU
		{0138943C-6DC4-491C-B3E1-070DFBD15167}.Debug|Any CPU.Build.0 = Debug|Any CPU
		{0138943C-6DC4-491C-B3E1-070DFBD15167}.Debug|arm64.ActiveCfg = Debug|Any CPU
		{0138943C-6DC4-491C-B3E1-070DFBD15167}.Debug|arm64.Build.0 = Debug|Any CPU
		{0138943C-6DC4-491C-B3E1-070DFBD15167}.Debug|x64.ActiveCfg = Debug|Any CPU
		{0138943C-6DC4-491C-B3E1-070DFBD15167}.Debug|x64.Build.0 = Debug|Any CPU
		{0138943C-6DC4-491C-B3E1-070DFBD15167}.Debug|x86.ActiveCfg = Debug|Any CPU
		{0138943C-6DC4-491C-B3E1-070DFBD15167}.Debug|x86.Build.0 = Debug|Any CPU
		{0138943C-6DC4-491C-B3E1-070DFBD15167}.Release|Any CPU.ActiveCfg = Release|Any CPU
		{0138943C-6DC4-491C-B3E1-070DFBD15167}.Release|Any CPU.Build.0 = Release|Any CPU
		{0138943C-6DC4-491C-B3E1-070DFBD15167}.Release|arm64.ActiveCfg = Release|Any CPU
		{0138943C-6DC4-491C-B3E1-070DFBD15167}.Release|arm64.Build.0 = Release|Any CPU
		{0138943C-6DC4-491C-B3E1-070DFBD15167}.Release|x64.ActiveCfg = Release|Any CPU
		{0138943C-6DC4-491C-B3E1-070DFBD15167}.Release|x64.Build.0 = Release|Any CPU
		{0138943C-6DC4-491C-B3E1-070DFBD15167}.Release|x86.ActiveCfg = Release|Any CPU
		{0138943C-6DC4-491C-B3E1-070DFBD15167}.Release|x86.Build.0 = Release|Any CPU
		{0138943C-6DC4-491C-B3E1-070DFBD15167}.StrictCompile|Any CPU.ActiveCfg = Debug|Any CPU
		{0138943C-6DC4-491C-B3E1-070DFBD15167}.StrictCompile|Any CPU.Build.0 = Debug|Any CPU
		{0138943C-6DC4-491C-B3E1-070DFBD15167}.StrictCompile|arm64.ActiveCfg = Debug|Any CPU
		{0138943C-6DC4-491C-B3E1-070DFBD15167}.StrictCompile|arm64.Build.0 = Debug|Any CPU
		{0138943C-6DC4-491C-B3E1-070DFBD15167}.StrictCompile|x64.ActiveCfg = Debug|Any CPU
		{0138943C-6DC4-491C-B3E1-070DFBD15167}.StrictCompile|x64.Build.0 = Debug|Any CPU
		{0138943C-6DC4-491C-B3E1-070DFBD15167}.StrictCompile|x86.ActiveCfg = Debug|Any CPU
		{0138943C-6DC4-491C-B3E1-070DFBD15167}.StrictCompile|x86.Build.0 = Debug|Any CPU
		{1C84012A-5286-4890-B3F7-DCFD8B82CBD3}.Debug|Any CPU.ActiveCfg = Debug|Any CPU
		{1C84012A-5286-4890-B3F7-DCFD8B82CBD3}.Debug|Any CPU.Build.0 = Debug|Any CPU
		{1C84012A-5286-4890-B3F7-DCFD8B82CBD3}.Debug|arm64.ActiveCfg = Debug|Any CPU
		{1C84012A-5286-4890-B3F7-DCFD8B82CBD3}.Debug|arm64.Build.0 = Debug|Any CPU
		{1C84012A-5286-4890-B3F7-DCFD8B82CBD3}.Debug|x64.ActiveCfg = Debug|Any CPU
		{1C84012A-5286-4890-B3F7-DCFD8B82CBD3}.Debug|x64.Build.0 = Debug|Any CPU
		{1C84012A-5286-4890-B3F7-DCFD8B82CBD3}.Debug|x86.ActiveCfg = Debug|Any CPU
		{1C84012A-5286-4890-B3F7-DCFD8B82CBD3}.Debug|x86.Build.0 = Debug|Any CPU
		{1C84012A-5286-4890-B3F7-DCFD8B82CBD3}.Release|Any CPU.ActiveCfg = Release|Any CPU
		{1C84012A-5286-4890-B3F7-DCFD8B82CBD3}.Release|Any CPU.Build.0 = Release|Any CPU
		{1C84012A-5286-4890-B3F7-DCFD8B82CBD3}.Release|arm64.ActiveCfg = Release|Any CPU
		{1C84012A-5286-4890-B3F7-DCFD8B82CBD3}.Release|arm64.Build.0 = Release|Any CPU
		{1C84012A-5286-4890-B3F7-DCFD8B82CBD3}.Release|x64.ActiveCfg = Release|Any CPU
		{1C84012A-5286-4890-B3F7-DCFD8B82CBD3}.Release|x64.Build.0 = Release|Any CPU
		{1C84012A-5286-4890-B3F7-DCFD8B82CBD3}.Release|x86.ActiveCfg = Release|Any CPU
		{1C84012A-5286-4890-B3F7-DCFD8B82CBD3}.Release|x86.Build.0 = Release|Any CPU
		{1C84012A-5286-4890-B3F7-DCFD8B82CBD3}.StrictCompile|Any CPU.ActiveCfg = Debug|Any CPU
		{1C84012A-5286-4890-B3F7-DCFD8B82CBD3}.StrictCompile|Any CPU.Build.0 = Debug|Any CPU
		{1C84012A-5286-4890-B3F7-DCFD8B82CBD3}.StrictCompile|arm64.ActiveCfg = Debug|Any CPU
		{1C84012A-5286-4890-B3F7-DCFD8B82CBD3}.StrictCompile|arm64.Build.0 = Debug|Any CPU
		{1C84012A-5286-4890-B3F7-DCFD8B82CBD3}.StrictCompile|x64.ActiveCfg = Debug|Any CPU
		{1C84012A-5286-4890-B3F7-DCFD8B82CBD3}.StrictCompile|x64.Build.0 = Debug|Any CPU
		{1C84012A-5286-4890-B3F7-DCFD8B82CBD3}.StrictCompile|x86.ActiveCfg = Debug|Any CPU
		{1C84012A-5286-4890-B3F7-DCFD8B82CBD3}.StrictCompile|x86.Build.0 = Debug|Any CPU
		{89DD5E0F-FD67-4195-8A08-73A88644A6BC}.Debug|Any CPU.ActiveCfg = Debug|Any CPU
		{89DD5E0F-FD67-4195-8A08-73A88644A6BC}.Debug|Any CPU.Build.0 = Debug|Any CPU
		{89DD5E0F-FD67-4195-8A08-73A88644A6BC}.Debug|arm64.ActiveCfg = Debug|Any CPU
		{89DD5E0F-FD67-4195-8A08-73A88644A6BC}.Debug|arm64.Build.0 = Debug|Any CPU
		{89DD5E0F-FD67-4195-8A08-73A88644A6BC}.Debug|x64.ActiveCfg = Debug|Any CPU
		{89DD5E0F-FD67-4195-8A08-73A88644A6BC}.Debug|x64.Build.0 = Debug|Any CPU
		{89DD5E0F-FD67-4195-8A08-73A88644A6BC}.Debug|x86.ActiveCfg = Debug|Any CPU
		{89DD5E0F-FD67-4195-8A08-73A88644A6BC}.Debug|x86.Build.0 = Debug|Any CPU
		{89DD5E0F-FD67-4195-8A08-73A88644A6BC}.Release|Any CPU.ActiveCfg = Release|Any CPU
		{89DD5E0F-FD67-4195-8A08-73A88644A6BC}.Release|Any CPU.Build.0 = Release|Any CPU
		{89DD5E0F-FD67-4195-8A08-73A88644A6BC}.Release|arm64.ActiveCfg = Release|Any CPU
		{89DD5E0F-FD67-4195-8A08-73A88644A6BC}.Release|arm64.Build.0 = Release|Any CPU
		{89DD5E0F-FD67-4195-8A08-73A88644A6BC}.Release|x64.ActiveCfg = Release|Any CPU
		{89DD5E0F-FD67-4195-8A08-73A88644A6BC}.Release|x64.Build.0 = Release|Any CPU
		{89DD5E0F-FD67-4195-8A08-73A88644A6BC}.Release|x86.ActiveCfg = Release|Any CPU
		{89DD5E0F-FD67-4195-8A08-73A88644A6BC}.Release|x86.Build.0 = Release|Any CPU
		{89DD5E0F-FD67-4195-8A08-73A88644A6BC}.StrictCompile|Any CPU.ActiveCfg = Debug|Any CPU
		{89DD5E0F-FD67-4195-8A08-73A88644A6BC}.StrictCompile|Any CPU.Build.0 = Debug|Any CPU
		{89DD5E0F-FD67-4195-8A08-73A88644A6BC}.StrictCompile|arm64.ActiveCfg = Debug|Any CPU
		{89DD5E0F-FD67-4195-8A08-73A88644A6BC}.StrictCompile|arm64.Build.0 = Debug|Any CPU
		{89DD5E0F-FD67-4195-8A08-73A88644A6BC}.StrictCompile|x64.ActiveCfg = Debug|Any CPU
		{89DD5E0F-FD67-4195-8A08-73A88644A6BC}.StrictCompile|x64.Build.0 = Debug|Any CPU
		{89DD5E0F-FD67-4195-8A08-73A88644A6BC}.StrictCompile|x86.ActiveCfg = Debug|Any CPU
		{89DD5E0F-FD67-4195-8A08-73A88644A6BC}.StrictCompile|x86.Build.0 = Debug|Any CPU
		{466F777B-3FCD-45D2-8293-B9CC2AD3C15F}.Debug|Any CPU.ActiveCfg = Debug|Any CPU
		{466F777B-3FCD-45D2-8293-B9CC2AD3C15F}.Debug|Any CPU.Build.0 = Debug|Any CPU
		{466F777B-3FCD-45D2-8293-B9CC2AD3C15F}.Debug|arm64.ActiveCfg = Debug|Any CPU
		{466F777B-3FCD-45D2-8293-B9CC2AD3C15F}.Debug|arm64.Build.0 = Debug|Any CPU
		{466F777B-3FCD-45D2-8293-B9CC2AD3C15F}.Debug|x64.ActiveCfg = Debug|Any CPU
		{466F777B-3FCD-45D2-8293-B9CC2AD3C15F}.Debug|x64.Build.0 = Debug|Any CPU
		{466F777B-3FCD-45D2-8293-B9CC2AD3C15F}.Debug|x86.ActiveCfg = Debug|Any CPU
		{466F777B-3FCD-45D2-8293-B9CC2AD3C15F}.Debug|x86.Build.0 = Debug|Any CPU
		{466F777B-3FCD-45D2-8293-B9CC2AD3C15F}.Release|Any CPU.ActiveCfg = Release|Any CPU
		{466F777B-3FCD-45D2-8293-B9CC2AD3C15F}.Release|Any CPU.Build.0 = Release|Any CPU
		{466F777B-3FCD-45D2-8293-B9CC2AD3C15F}.Release|arm64.ActiveCfg = Release|Any CPU
		{466F777B-3FCD-45D2-8293-B9CC2AD3C15F}.Release|arm64.Build.0 = Release|Any CPU
		{466F777B-3FCD-45D2-8293-B9CC2AD3C15F}.Release|x64.ActiveCfg = Release|Any CPU
		{466F777B-3FCD-45D2-8293-B9CC2AD3C15F}.Release|x64.Build.0 = Release|Any CPU
		{466F777B-3FCD-45D2-8293-B9CC2AD3C15F}.Release|x86.ActiveCfg = Release|Any CPU
		{466F777B-3FCD-45D2-8293-B9CC2AD3C15F}.Release|x86.Build.0 = Release|Any CPU
		{466F777B-3FCD-45D2-8293-B9CC2AD3C15F}.StrictCompile|Any CPU.ActiveCfg = Debug|Any CPU
		{466F777B-3FCD-45D2-8293-B9CC2AD3C15F}.StrictCompile|Any CPU.Build.0 = Debug|Any CPU
		{466F777B-3FCD-45D2-8293-B9CC2AD3C15F}.StrictCompile|arm64.ActiveCfg = Debug|Any CPU
		{466F777B-3FCD-45D2-8293-B9CC2AD3C15F}.StrictCompile|arm64.Build.0 = Debug|Any CPU
		{466F777B-3FCD-45D2-8293-B9CC2AD3C15F}.StrictCompile|x64.ActiveCfg = Debug|Any CPU
		{466F777B-3FCD-45D2-8293-B9CC2AD3C15F}.StrictCompile|x64.Build.0 = Debug|Any CPU
		{466F777B-3FCD-45D2-8293-B9CC2AD3C15F}.StrictCompile|x86.ActiveCfg = Debug|Any CPU
		{466F777B-3FCD-45D2-8293-B9CC2AD3C15F}.StrictCompile|x86.Build.0 = Debug|Any CPU
		{EDD65A09-9745-4926-901F-A1444316E843}.Debug|Any CPU.ActiveCfg = Debug|Any CPU
		{EDD65A09-9745-4926-901F-A1444316E843}.Debug|Any CPU.Build.0 = Debug|Any CPU
		{EDD65A09-9745-4926-901F-A1444316E843}.Debug|arm64.ActiveCfg = Debug|Any CPU
		{EDD65A09-9745-4926-901F-A1444316E843}.Debug|arm64.Build.0 = Debug|Any CPU
		{EDD65A09-9745-4926-901F-A1444316E843}.Debug|x64.ActiveCfg = Debug|Any CPU
		{EDD65A09-9745-4926-901F-A1444316E843}.Debug|x64.Build.0 = Debug|Any CPU
		{EDD65A09-9745-4926-901F-A1444316E843}.Debug|x86.ActiveCfg = Debug|Any CPU
		{EDD65A09-9745-4926-901F-A1444316E843}.Debug|x86.Build.0 = Debug|Any CPU
		{EDD65A09-9745-4926-901F-A1444316E843}.Release|Any CPU.ActiveCfg = Release|Any CPU
		{EDD65A09-9745-4926-901F-A1444316E843}.Release|Any CPU.Build.0 = Release|Any CPU
		{EDD65A09-9745-4926-901F-A1444316E843}.Release|arm64.ActiveCfg = Release|Any CPU
		{EDD65A09-9745-4926-901F-A1444316E843}.Release|arm64.Build.0 = Release|Any CPU
		{EDD65A09-9745-4926-901F-A1444316E843}.Release|x64.ActiveCfg = Release|Any CPU
		{EDD65A09-9745-4926-901F-A1444316E843}.Release|x64.Build.0 = Release|Any CPU
		{EDD65A09-9745-4926-901F-A1444316E843}.Release|x86.ActiveCfg = Release|Any CPU
		{EDD65A09-9745-4926-901F-A1444316E843}.Release|x86.Build.0 = Release|Any CPU
		{EDD65A09-9745-4926-901F-A1444316E843}.StrictCompile|Any CPU.ActiveCfg = Debug|Any CPU
		{EDD65A09-9745-4926-901F-A1444316E843}.StrictCompile|Any CPU.Build.0 = Debug|Any CPU
		{EDD65A09-9745-4926-901F-A1444316E843}.StrictCompile|arm64.ActiveCfg = Debug|Any CPU
		{EDD65A09-9745-4926-901F-A1444316E843}.StrictCompile|arm64.Build.0 = Debug|Any CPU
		{EDD65A09-9745-4926-901F-A1444316E843}.StrictCompile|x64.ActiveCfg = Debug|Any CPU
		{EDD65A09-9745-4926-901F-A1444316E843}.StrictCompile|x64.Build.0 = Debug|Any CPU
		{EDD65A09-9745-4926-901F-A1444316E843}.StrictCompile|x86.ActiveCfg = Debug|Any CPU
		{EDD65A09-9745-4926-901F-A1444316E843}.StrictCompile|x86.Build.0 = Debug|Any CPU
		{19DA73BB-CF63-475B-ABAD-8B0ECC11E584}.Debug|Any CPU.ActiveCfg = Debug|Any CPU
		{19DA73BB-CF63-475B-ABAD-8B0ECC11E584}.Debug|Any CPU.Build.0 = Debug|Any CPU
		{19DA73BB-CF63-475B-ABAD-8B0ECC11E584}.Debug|arm64.ActiveCfg = Debug|Any CPU
		{19DA73BB-CF63-475B-ABAD-8B0ECC11E584}.Debug|arm64.Build.0 = Debug|Any CPU
		{19DA73BB-CF63-475B-ABAD-8B0ECC11E584}.Debug|x64.ActiveCfg = Debug|Any CPU
		{19DA73BB-CF63-475B-ABAD-8B0ECC11E584}.Debug|x64.Build.0 = Debug|Any CPU
		{19DA73BB-CF63-475B-ABAD-8B0ECC11E584}.Debug|x86.ActiveCfg = Debug|Any CPU
		{19DA73BB-CF63-475B-ABAD-8B0ECC11E584}.Debug|x86.Build.0 = Debug|Any CPU
		{19DA73BB-CF63-475B-ABAD-8B0ECC11E584}.Release|Any CPU.ActiveCfg = Release|Any CPU
		{19DA73BB-CF63-475B-ABAD-8B0ECC11E584}.Release|Any CPU.Build.0 = Release|Any CPU
		{19DA73BB-CF63-475B-ABAD-8B0ECC11E584}.Release|arm64.ActiveCfg = Release|Any CPU
		{19DA73BB-CF63-475B-ABAD-8B0ECC11E584}.Release|arm64.Build.0 = Release|Any CPU
		{19DA73BB-CF63-475B-ABAD-8B0ECC11E584}.Release|x64.ActiveCfg = Release|Any CPU
		{19DA73BB-CF63-475B-ABAD-8B0ECC11E584}.Release|x64.Build.0 = Release|Any CPU
		{19DA73BB-CF63-475B-ABAD-8B0ECC11E584}.Release|x86.ActiveCfg = Release|Any CPU
		{19DA73BB-CF63-475B-ABAD-8B0ECC11E584}.Release|x86.Build.0 = Release|Any CPU
		{19DA73BB-CF63-475B-ABAD-8B0ECC11E584}.StrictCompile|Any CPU.ActiveCfg = Debug|Any CPU
		{19DA73BB-CF63-475B-ABAD-8B0ECC11E584}.StrictCompile|Any CPU.Build.0 = Debug|Any CPU
		{19DA73BB-CF63-475B-ABAD-8B0ECC11E584}.StrictCompile|arm64.ActiveCfg = Debug|Any CPU
		{19DA73BB-CF63-475B-ABAD-8B0ECC11E584}.StrictCompile|arm64.Build.0 = Debug|Any CPU
		{19DA73BB-CF63-475B-ABAD-8B0ECC11E584}.StrictCompile|x64.ActiveCfg = Debug|Any CPU
		{19DA73BB-CF63-475B-ABAD-8B0ECC11E584}.StrictCompile|x64.Build.0 = Debug|Any CPU
		{19DA73BB-CF63-475B-ABAD-8B0ECC11E584}.StrictCompile|x86.ActiveCfg = Debug|Any CPU
		{19DA73BB-CF63-475B-ABAD-8B0ECC11E584}.StrictCompile|x86.Build.0 = Debug|Any CPU
		{DC59BB64-5AC3-43F8-A42E-25B92E8EE328}.Debug|Any CPU.ActiveCfg = Debug|Any CPU
		{DC59BB64-5AC3-43F8-A42E-25B92E8EE328}.Debug|Any CPU.Build.0 = Debug|Any CPU
		{DC59BB64-5AC3-43F8-A42E-25B92E8EE328}.Debug|arm64.ActiveCfg = Debug|Any CPU
		{DC59BB64-5AC3-43F8-A42E-25B92E8EE328}.Debug|arm64.Build.0 = Debug|Any CPU
		{DC59BB64-5AC3-43F8-A42E-25B92E8EE328}.Debug|x64.ActiveCfg = Debug|Any CPU
		{DC59BB64-5AC3-43F8-A42E-25B92E8EE328}.Debug|x64.Build.0 = Debug|Any CPU
		{DC59BB64-5AC3-43F8-A42E-25B92E8EE328}.Debug|x86.ActiveCfg = Debug|Any CPU
		{DC59BB64-5AC3-43F8-A42E-25B92E8EE328}.Debug|x86.Build.0 = Debug|Any CPU
		{DC59BB64-5AC3-43F8-A42E-25B92E8EE328}.Release|Any CPU.ActiveCfg = Release|Any CPU
		{DC59BB64-5AC3-43F8-A42E-25B92E8EE328}.Release|Any CPU.Build.0 = Release|Any CPU
		{DC59BB64-5AC3-43F8-A42E-25B92E8EE328}.Release|arm64.ActiveCfg = Release|Any CPU
		{DC59BB64-5AC3-43F8-A42E-25B92E8EE328}.Release|arm64.Build.0 = Release|Any CPU
		{DC59BB64-5AC3-43F8-A42E-25B92E8EE328}.Release|x64.ActiveCfg = Release|Any CPU
		{DC59BB64-5AC3-43F8-A42E-25B92E8EE328}.Release|x64.Build.0 = Release|Any CPU
		{DC59BB64-5AC3-43F8-A42E-25B92E8EE328}.Release|x86.ActiveCfg = Release|Any CPU
		{DC59BB64-5AC3-43F8-A42E-25B92E8EE328}.Release|x86.Build.0 = Release|Any CPU
		{DC59BB64-5AC3-43F8-A42E-25B92E8EE328}.StrictCompile|Any CPU.ActiveCfg = Debug|Any CPU
		{DC59BB64-5AC3-43F8-A42E-25B92E8EE328}.StrictCompile|Any CPU.Build.0 = Debug|Any CPU
		{DC59BB64-5AC3-43F8-A42E-25B92E8EE328}.StrictCompile|arm64.ActiveCfg = Debug|Any CPU
		{DC59BB64-5AC3-43F8-A42E-25B92E8EE328}.StrictCompile|arm64.Build.0 = Debug|Any CPU
		{DC59BB64-5AC3-43F8-A42E-25B92E8EE328}.StrictCompile|x64.ActiveCfg = Debug|Any CPU
		{DC59BB64-5AC3-43F8-A42E-25B92E8EE328}.StrictCompile|x64.Build.0 = Debug|Any CPU
		{DC59BB64-5AC3-43F8-A42E-25B92E8EE328}.StrictCompile|x86.ActiveCfg = Debug|Any CPU
		{DC59BB64-5AC3-43F8-A42E-25B92E8EE328}.StrictCompile|x86.Build.0 = Debug|Any CPU
		{E73ED715-768A-47A9-8144-57986AD56139}.Debug|Any CPU.ActiveCfg = Debug|Any CPU
		{E73ED715-768A-47A9-8144-57986AD56139}.Debug|Any CPU.Build.0 = Debug|Any CPU
		{E73ED715-768A-47A9-8144-57986AD56139}.Debug|arm64.ActiveCfg = Debug|Any CPU
		{E73ED715-768A-47A9-8144-57986AD56139}.Debug|arm64.Build.0 = Debug|Any CPU
		{E73ED715-768A-47A9-8144-57986AD56139}.Debug|x64.ActiveCfg = Debug|Any CPU
		{E73ED715-768A-47A9-8144-57986AD56139}.Debug|x64.Build.0 = Debug|Any CPU
		{E73ED715-768A-47A9-8144-57986AD56139}.Debug|x86.ActiveCfg = Debug|Any CPU
		{E73ED715-768A-47A9-8144-57986AD56139}.Debug|x86.Build.0 = Debug|Any CPU
		{E73ED715-768A-47A9-8144-57986AD56139}.Release|Any CPU.ActiveCfg = Release|Any CPU
		{E73ED715-768A-47A9-8144-57986AD56139}.Release|Any CPU.Build.0 = Release|Any CPU
		{E73ED715-768A-47A9-8144-57986AD56139}.Release|arm64.ActiveCfg = Release|Any CPU
		{E73ED715-768A-47A9-8144-57986AD56139}.Release|arm64.Build.0 = Release|Any CPU
		{E73ED715-768A-47A9-8144-57986AD56139}.Release|x64.ActiveCfg = Release|Any CPU
		{E73ED715-768A-47A9-8144-57986AD56139}.Release|x64.Build.0 = Release|Any CPU
		{E73ED715-768A-47A9-8144-57986AD56139}.Release|x86.ActiveCfg = Release|Any CPU
		{E73ED715-768A-47A9-8144-57986AD56139}.Release|x86.Build.0 = Release|Any CPU
		{E73ED715-768A-47A9-8144-57986AD56139}.StrictCompile|Any CPU.ActiveCfg = Debug|Any CPU
		{E73ED715-768A-47A9-8144-57986AD56139}.StrictCompile|Any CPU.Build.0 = Debug|Any CPU
		{E73ED715-768A-47A9-8144-57986AD56139}.StrictCompile|arm64.ActiveCfg = Debug|Any CPU
		{E73ED715-768A-47A9-8144-57986AD56139}.StrictCompile|arm64.Build.0 = Debug|Any CPU
		{E73ED715-768A-47A9-8144-57986AD56139}.StrictCompile|x64.ActiveCfg = Debug|Any CPU
		{E73ED715-768A-47A9-8144-57986AD56139}.StrictCompile|x64.Build.0 = Debug|Any CPU
		{E73ED715-768A-47A9-8144-57986AD56139}.StrictCompile|x86.ActiveCfg = Debug|Any CPU
		{E73ED715-768A-47A9-8144-57986AD56139}.StrictCompile|x86.Build.0 = Debug|Any CPU
		{8E28EDE7-16C4-434F-BA86-8DC20B6B95C0}.Debug|Any CPU.ActiveCfg = Debug|Any CPU
		{8E28EDE7-16C4-434F-BA86-8DC20B6B95C0}.Debug|Any CPU.Build.0 = Debug|Any CPU
		{8E28EDE7-16C4-434F-BA86-8DC20B6B95C0}.Debug|arm64.ActiveCfg = Debug|Any CPU
		{8E28EDE7-16C4-434F-BA86-8DC20B6B95C0}.Debug|arm64.Build.0 = Debug|Any CPU
		{8E28EDE7-16C4-434F-BA86-8DC20B6B95C0}.Debug|x64.ActiveCfg = Debug|Any CPU
		{8E28EDE7-16C4-434F-BA86-8DC20B6B95C0}.Debug|x64.Build.0 = Debug|Any CPU
		{8E28EDE7-16C4-434F-BA86-8DC20B6B95C0}.Debug|x86.ActiveCfg = Debug|Any CPU
		{8E28EDE7-16C4-434F-BA86-8DC20B6B95C0}.Debug|x86.Build.0 = Debug|Any CPU
		{8E28EDE7-16C4-434F-BA86-8DC20B6B95C0}.Release|Any CPU.ActiveCfg = Release|Any CPU
		{8E28EDE7-16C4-434F-BA86-8DC20B6B95C0}.Release|Any CPU.Build.0 = Release|Any CPU
		{8E28EDE7-16C4-434F-BA86-8DC20B6B95C0}.Release|arm64.ActiveCfg = Release|Any CPU
		{8E28EDE7-16C4-434F-BA86-8DC20B6B95C0}.Release|arm64.Build.0 = Release|Any CPU
		{8E28EDE7-16C4-434F-BA86-8DC20B6B95C0}.Release|x64.ActiveCfg = Release|Any CPU
		{8E28EDE7-16C4-434F-BA86-8DC20B6B95C0}.Release|x64.Build.0 = Release|Any CPU
		{8E28EDE7-16C4-434F-BA86-8DC20B6B95C0}.Release|x86.ActiveCfg = Release|Any CPU
		{8E28EDE7-16C4-434F-BA86-8DC20B6B95C0}.Release|x86.Build.0 = Release|Any CPU
		{8E28EDE7-16C4-434F-BA86-8DC20B6B95C0}.StrictCompile|Any CPU.ActiveCfg = Debug|Any CPU
		{8E28EDE7-16C4-434F-BA86-8DC20B6B95C0}.StrictCompile|Any CPU.Build.0 = Debug|Any CPU
		{8E28EDE7-16C4-434F-BA86-8DC20B6B95C0}.StrictCompile|arm64.ActiveCfg = Debug|Any CPU
		{8E28EDE7-16C4-434F-BA86-8DC20B6B95C0}.StrictCompile|arm64.Build.0 = Debug|Any CPU
		{8E28EDE7-16C4-434F-BA86-8DC20B6B95C0}.StrictCompile|x64.ActiveCfg = Debug|Any CPU
		{8E28EDE7-16C4-434F-BA86-8DC20B6B95C0}.StrictCompile|x64.Build.0 = Debug|Any CPU
		{8E28EDE7-16C4-434F-BA86-8DC20B6B95C0}.StrictCompile|x86.ActiveCfg = Debug|Any CPU
		{8E28EDE7-16C4-434F-BA86-8DC20B6B95C0}.StrictCompile|x86.Build.0 = Debug|Any CPU
		{BFCC3E4B-F560-4483-A7E9-6C508831DB59}.Debug|Any CPU.ActiveCfg = Debug|Any CPU
		{BFCC3E4B-F560-4483-A7E9-6C508831DB59}.Debug|Any CPU.Build.0 = Debug|Any CPU
		{BFCC3E4B-F560-4483-A7E9-6C508831DB59}.Debug|arm64.ActiveCfg = Debug|Any CPU
		{BFCC3E4B-F560-4483-A7E9-6C508831DB59}.Debug|arm64.Build.0 = Debug|Any CPU
		{BFCC3E4B-F560-4483-A7E9-6C508831DB59}.Debug|x64.ActiveCfg = Debug|Any CPU
		{BFCC3E4B-F560-4483-A7E9-6C508831DB59}.Debug|x64.Build.0 = Debug|Any CPU
		{BFCC3E4B-F560-4483-A7E9-6C508831DB59}.Debug|x86.ActiveCfg = Debug|Any CPU
		{BFCC3E4B-F560-4483-A7E9-6C508831DB59}.Debug|x86.Build.0 = Debug|Any CPU
		{BFCC3E4B-F560-4483-A7E9-6C508831DB59}.Release|Any CPU.ActiveCfg = Release|Any CPU
		{BFCC3E4B-F560-4483-A7E9-6C508831DB59}.Release|Any CPU.Build.0 = Release|Any CPU
		{BFCC3E4B-F560-4483-A7E9-6C508831DB59}.Release|arm64.ActiveCfg = Release|Any CPU
		{BFCC3E4B-F560-4483-A7E9-6C508831DB59}.Release|arm64.Build.0 = Release|Any CPU
		{BFCC3E4B-F560-4483-A7E9-6C508831DB59}.Release|x64.ActiveCfg = Release|Any CPU
		{BFCC3E4B-F560-4483-A7E9-6C508831DB59}.Release|x64.Build.0 = Release|Any CPU
		{BFCC3E4B-F560-4483-A7E9-6C508831DB59}.Release|x86.ActiveCfg = Release|Any CPU
		{BFCC3E4B-F560-4483-A7E9-6C508831DB59}.Release|x86.Build.0 = Release|Any CPU
		{BFCC3E4B-F560-4483-A7E9-6C508831DB59}.StrictCompile|Any CPU.ActiveCfg = Debug|Any CPU
		{BFCC3E4B-F560-4483-A7E9-6C508831DB59}.StrictCompile|Any CPU.Build.0 = Debug|Any CPU
		{BFCC3E4B-F560-4483-A7E9-6C508831DB59}.StrictCompile|arm64.ActiveCfg = Debug|Any CPU
		{BFCC3E4B-F560-4483-A7E9-6C508831DB59}.StrictCompile|arm64.Build.0 = Debug|Any CPU
		{BFCC3E4B-F560-4483-A7E9-6C508831DB59}.StrictCompile|x64.ActiveCfg = Debug|Any CPU
		{BFCC3E4B-F560-4483-A7E9-6C508831DB59}.StrictCompile|x64.Build.0 = Debug|Any CPU
		{BFCC3E4B-F560-4483-A7E9-6C508831DB59}.StrictCompile|x86.ActiveCfg = Debug|Any CPU
		{BFCC3E4B-F560-4483-A7E9-6C508831DB59}.StrictCompile|x86.Build.0 = Debug|Any CPU
		{80C25BAA-A2CF-4E0C-9C9E-976115D36565}.Debug|Any CPU.ActiveCfg = Debug|Any CPU
		{80C25BAA-A2CF-4E0C-9C9E-976115D36565}.Debug|Any CPU.Build.0 = Debug|Any CPU
		{80C25BAA-A2CF-4E0C-9C9E-976115D36565}.Debug|arm64.ActiveCfg = Debug|Any CPU
		{80C25BAA-A2CF-4E0C-9C9E-976115D36565}.Debug|arm64.Build.0 = Debug|Any CPU
		{80C25BAA-A2CF-4E0C-9C9E-976115D36565}.Debug|x64.ActiveCfg = Debug|Any CPU
		{80C25BAA-A2CF-4E0C-9C9E-976115D36565}.Debug|x64.Build.0 = Debug|Any CPU
		{80C25BAA-A2CF-4E0C-9C9E-976115D36565}.Debug|x86.ActiveCfg = Debug|Any CPU
		{80C25BAA-A2CF-4E0C-9C9E-976115D36565}.Debug|x86.Build.0 = Debug|Any CPU
		{80C25BAA-A2CF-4E0C-9C9E-976115D36565}.Release|Any CPU.ActiveCfg = Release|Any CPU
		{80C25BAA-A2CF-4E0C-9C9E-976115D36565}.Release|Any CPU.Build.0 = Release|Any CPU
		{80C25BAA-A2CF-4E0C-9C9E-976115D36565}.Release|arm64.ActiveCfg = Release|Any CPU
		{80C25BAA-A2CF-4E0C-9C9E-976115D36565}.Release|arm64.Build.0 = Release|Any CPU
		{80C25BAA-A2CF-4E0C-9C9E-976115D36565}.Release|x64.ActiveCfg = Release|Any CPU
		{80C25BAA-A2CF-4E0C-9C9E-976115D36565}.Release|x64.Build.0 = Release|Any CPU
		{80C25BAA-A2CF-4E0C-9C9E-976115D36565}.Release|x86.ActiveCfg = Release|Any CPU
		{80C25BAA-A2CF-4E0C-9C9E-976115D36565}.Release|x86.Build.0 = Release|Any CPU
		{80C25BAA-A2CF-4E0C-9C9E-976115D36565}.StrictCompile|Any CPU.ActiveCfg = Debug|Any CPU
		{80C25BAA-A2CF-4E0C-9C9E-976115D36565}.StrictCompile|Any CPU.Build.0 = Debug|Any CPU
		{80C25BAA-A2CF-4E0C-9C9E-976115D36565}.StrictCompile|arm64.ActiveCfg = Debug|Any CPU
		{80C25BAA-A2CF-4E0C-9C9E-976115D36565}.StrictCompile|arm64.Build.0 = Debug|Any CPU
		{80C25BAA-A2CF-4E0C-9C9E-976115D36565}.StrictCompile|x64.ActiveCfg = Debug|Any CPU
		{80C25BAA-A2CF-4E0C-9C9E-976115D36565}.StrictCompile|x64.Build.0 = Debug|Any CPU
		{80C25BAA-A2CF-4E0C-9C9E-976115D36565}.StrictCompile|x86.ActiveCfg = Debug|Any CPU
		{80C25BAA-A2CF-4E0C-9C9E-976115D36565}.StrictCompile|x86.Build.0 = Debug|Any CPU
		{658F3C07-7D20-42BE-BAB2-161B96EFD4F2}.Debug|Any CPU.ActiveCfg = Debug|Any CPU
		{658F3C07-7D20-42BE-BAB2-161B96EFD4F2}.Debug|Any CPU.Build.0 = Debug|Any CPU
		{658F3C07-7D20-42BE-BAB2-161B96EFD4F2}.Debug|arm64.ActiveCfg = Debug|Any CPU
		{658F3C07-7D20-42BE-BAB2-161B96EFD4F2}.Debug|arm64.Build.0 = Debug|Any CPU
		{658F3C07-7D20-42BE-BAB2-161B96EFD4F2}.Debug|x64.ActiveCfg = Debug|Any CPU
		{658F3C07-7D20-42BE-BAB2-161B96EFD4F2}.Debug|x64.Build.0 = Debug|Any CPU
		{658F3C07-7D20-42BE-BAB2-161B96EFD4F2}.Debug|x86.ActiveCfg = Debug|Any CPU
		{658F3C07-7D20-42BE-BAB2-161B96EFD4F2}.Debug|x86.Build.0 = Debug|Any CPU
		{658F3C07-7D20-42BE-BAB2-161B96EFD4F2}.Release|Any CPU.ActiveCfg = Release|Any CPU
		{658F3C07-7D20-42BE-BAB2-161B96EFD4F2}.Release|Any CPU.Build.0 = Release|Any CPU
		{658F3C07-7D20-42BE-BAB2-161B96EFD4F2}.Release|arm64.ActiveCfg = Release|Any CPU
		{658F3C07-7D20-42BE-BAB2-161B96EFD4F2}.Release|arm64.Build.0 = Release|Any CPU
		{658F3C07-7D20-42BE-BAB2-161B96EFD4F2}.Release|x64.ActiveCfg = Release|Any CPU
		{658F3C07-7D20-42BE-BAB2-161B96EFD4F2}.Release|x64.Build.0 = Release|Any CPU
		{658F3C07-7D20-42BE-BAB2-161B96EFD4F2}.Release|x86.ActiveCfg = Release|Any CPU
		{658F3C07-7D20-42BE-BAB2-161B96EFD4F2}.Release|x86.Build.0 = Release|Any CPU
		{658F3C07-7D20-42BE-BAB2-161B96EFD4F2}.StrictCompile|Any CPU.ActiveCfg = Debug|Any CPU
		{658F3C07-7D20-42BE-BAB2-161B96EFD4F2}.StrictCompile|Any CPU.Build.0 = Debug|Any CPU
		{658F3C07-7D20-42BE-BAB2-161B96EFD4F2}.StrictCompile|arm64.ActiveCfg = Debug|Any CPU
		{658F3C07-7D20-42BE-BAB2-161B96EFD4F2}.StrictCompile|arm64.Build.0 = Debug|Any CPU
		{658F3C07-7D20-42BE-BAB2-161B96EFD4F2}.StrictCompile|x64.ActiveCfg = Debug|Any CPU
		{658F3C07-7D20-42BE-BAB2-161B96EFD4F2}.StrictCompile|x64.Build.0 = Debug|Any CPU
		{658F3C07-7D20-42BE-BAB2-161B96EFD4F2}.StrictCompile|x86.ActiveCfg = Debug|Any CPU
		{658F3C07-7D20-42BE-BAB2-161B96EFD4F2}.StrictCompile|x86.Build.0 = Debug|Any CPU
		{A339F606-11DC-4982-A9A2-DC0BE158EBCA}.Debug|Any CPU.ActiveCfg = Debug|Any CPU
		{A339F606-11DC-4982-A9A2-DC0BE158EBCA}.Debug|Any CPU.Build.0 = Debug|Any CPU
		{A339F606-11DC-4982-A9A2-DC0BE158EBCA}.Debug|arm64.ActiveCfg = Debug|Any CPU
		{A339F606-11DC-4982-A9A2-DC0BE158EBCA}.Debug|arm64.Build.0 = Debug|Any CPU
		{A339F606-11DC-4982-A9A2-DC0BE158EBCA}.Debug|x64.ActiveCfg = Debug|Any CPU
		{A339F606-11DC-4982-A9A2-DC0BE158EBCA}.Debug|x64.Build.0 = Debug|Any CPU
		{A339F606-11DC-4982-A9A2-DC0BE158EBCA}.Debug|x86.ActiveCfg = Debug|Any CPU
		{A339F606-11DC-4982-A9A2-DC0BE158EBCA}.Debug|x86.Build.0 = Debug|Any CPU
		{A339F606-11DC-4982-A9A2-DC0BE158EBCA}.Release|Any CPU.ActiveCfg = Release|Any CPU
		{A339F606-11DC-4982-A9A2-DC0BE158EBCA}.Release|Any CPU.Build.0 = Release|Any CPU
		{A339F606-11DC-4982-A9A2-DC0BE158EBCA}.Release|arm64.ActiveCfg = Release|Any CPU
		{A339F606-11DC-4982-A9A2-DC0BE158EBCA}.Release|arm64.Build.0 = Release|Any CPU
		{A339F606-11DC-4982-A9A2-DC0BE158EBCA}.Release|x64.ActiveCfg = Release|Any CPU
		{A339F606-11DC-4982-A9A2-DC0BE158EBCA}.Release|x64.Build.0 = Release|Any CPU
		{A339F606-11DC-4982-A9A2-DC0BE158EBCA}.Release|x86.ActiveCfg = Release|Any CPU
		{A339F606-11DC-4982-A9A2-DC0BE158EBCA}.Release|x86.Build.0 = Release|Any CPU
		{A339F606-11DC-4982-A9A2-DC0BE158EBCA}.StrictCompile|Any CPU.ActiveCfg = Debug|Any CPU
		{A339F606-11DC-4982-A9A2-DC0BE158EBCA}.StrictCompile|Any CPU.Build.0 = Debug|Any CPU
		{A339F606-11DC-4982-A9A2-DC0BE158EBCA}.StrictCompile|arm64.ActiveCfg = Debug|Any CPU
		{A339F606-11DC-4982-A9A2-DC0BE158EBCA}.StrictCompile|arm64.Build.0 = Debug|Any CPU
		{A339F606-11DC-4982-A9A2-DC0BE158EBCA}.StrictCompile|x64.ActiveCfg = Debug|Any CPU
		{A339F606-11DC-4982-A9A2-DC0BE158EBCA}.StrictCompile|x64.Build.0 = Debug|Any CPU
		{A339F606-11DC-4982-A9A2-DC0BE158EBCA}.StrictCompile|x86.ActiveCfg = Debug|Any CPU
		{A339F606-11DC-4982-A9A2-DC0BE158EBCA}.StrictCompile|x86.Build.0 = Debug|Any CPU
		{2ECEA0D4-AC03-4247-AA84-295A922E9C30}.Debug|Any CPU.ActiveCfg = Debug|Any CPU
		{2ECEA0D4-AC03-4247-AA84-295A922E9C30}.Debug|Any CPU.Build.0 = Debug|Any CPU
		{2ECEA0D4-AC03-4247-AA84-295A922E9C30}.Debug|arm64.ActiveCfg = Debug|Any CPU
		{2ECEA0D4-AC03-4247-AA84-295A922E9C30}.Debug|arm64.Build.0 = Debug|Any CPU
		{2ECEA0D4-AC03-4247-AA84-295A922E9C30}.Debug|x64.ActiveCfg = Debug|Any CPU
		{2ECEA0D4-AC03-4247-AA84-295A922E9C30}.Debug|x64.Build.0 = Debug|Any CPU
		{2ECEA0D4-AC03-4247-AA84-295A922E9C30}.Debug|x86.ActiveCfg = Debug|Any CPU
		{2ECEA0D4-AC03-4247-AA84-295A922E9C30}.Debug|x86.Build.0 = Debug|Any CPU
		{2ECEA0D4-AC03-4247-AA84-295A922E9C30}.Release|Any CPU.ActiveCfg = Release|Any CPU
		{2ECEA0D4-AC03-4247-AA84-295A922E9C30}.Release|Any CPU.Build.0 = Release|Any CPU
		{2ECEA0D4-AC03-4247-AA84-295A922E9C30}.Release|arm64.ActiveCfg = Release|Any CPU
		{2ECEA0D4-AC03-4247-AA84-295A922E9C30}.Release|arm64.Build.0 = Release|Any CPU
		{2ECEA0D4-AC03-4247-AA84-295A922E9C30}.Release|x64.ActiveCfg = Release|Any CPU
		{2ECEA0D4-AC03-4247-AA84-295A922E9C30}.Release|x64.Build.0 = Release|Any CPU
		{2ECEA0D4-AC03-4247-AA84-295A922E9C30}.Release|x86.ActiveCfg = Release|Any CPU
		{2ECEA0D4-AC03-4247-AA84-295A922E9C30}.Release|x86.Build.0 = Release|Any CPU
		{2ECEA0D4-AC03-4247-AA84-295A922E9C30}.StrictCompile|Any CPU.ActiveCfg = Debug|Any CPU
		{2ECEA0D4-AC03-4247-AA84-295A922E9C30}.StrictCompile|Any CPU.Build.0 = Debug|Any CPU
		{2ECEA0D4-AC03-4247-AA84-295A922E9C30}.StrictCompile|arm64.ActiveCfg = Debug|Any CPU
		{2ECEA0D4-AC03-4247-AA84-295A922E9C30}.StrictCompile|arm64.Build.0 = Debug|Any CPU
		{2ECEA0D4-AC03-4247-AA84-295A922E9C30}.StrictCompile|x64.ActiveCfg = Debug|Any CPU
		{2ECEA0D4-AC03-4247-AA84-295A922E9C30}.StrictCompile|x64.Build.0 = Debug|Any CPU
		{2ECEA0D4-AC03-4247-AA84-295A922E9C30}.StrictCompile|x86.ActiveCfg = Debug|Any CPU
		{2ECEA0D4-AC03-4247-AA84-295A922E9C30}.StrictCompile|x86.Build.0 = Debug|Any CPU
		{F7BCB80F-968B-481F-B2DF-FDC608651290}.Debug|Any CPU.ActiveCfg = Debug|Any CPU
		{F7BCB80F-968B-481F-B2DF-FDC608651290}.Debug|Any CPU.Build.0 = Debug|Any CPU
		{F7BCB80F-968B-481F-B2DF-FDC608651290}.Debug|arm64.ActiveCfg = Debug|Any CPU
		{F7BCB80F-968B-481F-B2DF-FDC608651290}.Debug|arm64.Build.0 = Debug|Any CPU
		{F7BCB80F-968B-481F-B2DF-FDC608651290}.Debug|x64.ActiveCfg = Debug|Any CPU
		{F7BCB80F-968B-481F-B2DF-FDC608651290}.Debug|x64.Build.0 = Debug|Any CPU
		{F7BCB80F-968B-481F-B2DF-FDC608651290}.Debug|x86.ActiveCfg = Debug|Any CPU
		{F7BCB80F-968B-481F-B2DF-FDC608651290}.Debug|x86.Build.0 = Debug|Any CPU
		{F7BCB80F-968B-481F-B2DF-FDC608651290}.Release|Any CPU.ActiveCfg = Release|Any CPU
		{F7BCB80F-968B-481F-B2DF-FDC608651290}.Release|Any CPU.Build.0 = Release|Any CPU
		{F7BCB80F-968B-481F-B2DF-FDC608651290}.Release|arm64.ActiveCfg = Release|Any CPU
		{F7BCB80F-968B-481F-B2DF-FDC608651290}.Release|arm64.Build.0 = Release|Any CPU
		{F7BCB80F-968B-481F-B2DF-FDC608651290}.Release|x64.ActiveCfg = Release|Any CPU
		{F7BCB80F-968B-481F-B2DF-FDC608651290}.Release|x64.Build.0 = Release|Any CPU
		{F7BCB80F-968B-481F-B2DF-FDC608651290}.Release|x86.ActiveCfg = Release|Any CPU
		{F7BCB80F-968B-481F-B2DF-FDC608651290}.Release|x86.Build.0 = Release|Any CPU
		{F7BCB80F-968B-481F-B2DF-FDC608651290}.StrictCompile|Any CPU.ActiveCfg = Debug|Any CPU
		{F7BCB80F-968B-481F-B2DF-FDC608651290}.StrictCompile|Any CPU.Build.0 = Debug|Any CPU
		{F7BCB80F-968B-481F-B2DF-FDC608651290}.StrictCompile|arm64.ActiveCfg = Debug|Any CPU
		{F7BCB80F-968B-481F-B2DF-FDC608651290}.StrictCompile|arm64.Build.0 = Debug|Any CPU
		{F7BCB80F-968B-481F-B2DF-FDC608651290}.StrictCompile|x64.ActiveCfg = Debug|Any CPU
		{F7BCB80F-968B-481F-B2DF-FDC608651290}.StrictCompile|x64.Build.0 = Debug|Any CPU
		{F7BCB80F-968B-481F-B2DF-FDC608651290}.StrictCompile|x86.ActiveCfg = Debug|Any CPU
		{F7BCB80F-968B-481F-B2DF-FDC608651290}.StrictCompile|x86.Build.0 = Debug|Any CPU
		{A7731B65-8CAF-4BB4-B241-42730CC9ED85}.Debug|Any CPU.ActiveCfg = Debug|Any CPU
		{A7731B65-8CAF-4BB4-B241-42730CC9ED85}.Debug|Any CPU.Build.0 = Debug|Any CPU
		{A7731B65-8CAF-4BB4-B241-42730CC9ED85}.Debug|arm64.ActiveCfg = Debug|Any CPU
		{A7731B65-8CAF-4BB4-B241-42730CC9ED85}.Debug|arm64.Build.0 = Debug|Any CPU
		{A7731B65-8CAF-4BB4-B241-42730CC9ED85}.Debug|x64.ActiveCfg = Debug|Any CPU
		{A7731B65-8CAF-4BB4-B241-42730CC9ED85}.Debug|x64.Build.0 = Debug|Any CPU
		{A7731B65-8CAF-4BB4-B241-42730CC9ED85}.Debug|x86.ActiveCfg = Debug|Any CPU
		{A7731B65-8CAF-4BB4-B241-42730CC9ED85}.Debug|x86.Build.0 = Debug|Any CPU
		{A7731B65-8CAF-4BB4-B241-42730CC9ED85}.Release|Any CPU.ActiveCfg = Release|Any CPU
		{A7731B65-8CAF-4BB4-B241-42730CC9ED85}.Release|Any CPU.Build.0 = Release|Any CPU
		{A7731B65-8CAF-4BB4-B241-42730CC9ED85}.Release|arm64.ActiveCfg = Release|Any CPU
		{A7731B65-8CAF-4BB4-B241-42730CC9ED85}.Release|arm64.Build.0 = Release|Any CPU
		{A7731B65-8CAF-4BB4-B241-42730CC9ED85}.Release|x64.ActiveCfg = Release|Any CPU
		{A7731B65-8CAF-4BB4-B241-42730CC9ED85}.Release|x64.Build.0 = Release|Any CPU
		{A7731B65-8CAF-4BB4-B241-42730CC9ED85}.Release|x86.ActiveCfg = Release|Any CPU
		{A7731B65-8CAF-4BB4-B241-42730CC9ED85}.Release|x86.Build.0 = Release|Any CPU
		{A7731B65-8CAF-4BB4-B241-42730CC9ED85}.StrictCompile|Any CPU.ActiveCfg = Debug|Any CPU
		{A7731B65-8CAF-4BB4-B241-42730CC9ED85}.StrictCompile|Any CPU.Build.0 = Debug|Any CPU
		{A7731B65-8CAF-4BB4-B241-42730CC9ED85}.StrictCompile|arm64.ActiveCfg = Debug|Any CPU
		{A7731B65-8CAF-4BB4-B241-42730CC9ED85}.StrictCompile|arm64.Build.0 = Debug|Any CPU
		{A7731B65-8CAF-4BB4-B241-42730CC9ED85}.StrictCompile|x64.ActiveCfg = Debug|Any CPU
		{A7731B65-8CAF-4BB4-B241-42730CC9ED85}.StrictCompile|x64.Build.0 = Debug|Any CPU
		{A7731B65-8CAF-4BB4-B241-42730CC9ED85}.StrictCompile|x86.ActiveCfg = Debug|Any CPU
		{A7731B65-8CAF-4BB4-B241-42730CC9ED85}.StrictCompile|x86.Build.0 = Debug|Any CPU
	EndGlobalSection
	GlobalSection(SolutionProperties) = preSolution
		HideSolutionNode = FALSE
	EndGlobalSection
	GlobalSection(ExtensibilityGlobals) = postSolution
		SolutionGuid = {5A40B2FE-FE61-4A0F-88F7-D9D978B2D9EE}
	EndGlobalSection
EndGlobal
