Microsoft Visual Studio Solution File, Format Version 12.00
# Visual Studio Version 17
VisualStudioVersion = 17.4.33205.214
MinimumVisualStudioVersion = 10.0.40219.1
Project("{6EC3EE1D-3C4E-46DD-8F32-0CC8E7565705}") = "VSocket", "..\UIauto\VSocket\VSocket.fsproj", "{E153A356-2386-4345-B5D8-1A7113EF824B}"
EndProject
Project("{9A19103F-16F7-4668-BE54-9A1E7A4F7556}") = "UniversalExtensions", "..\WesternCap\UniversalExtensions\UniversalExtensions.csproj", "{382DD02D-3626-43D3-96FF-D23B138FC564}"
EndProject
Project("{6EC3EE1D-3C4E-46DD-8F32-0CC8E7565705}") = "FSSClass", "..\UIauto\FSSClass\FSSClass.fsproj", "{040E6526-25ED-4450-A3AF-6A29C545E65F}"
EndProject
Project("{778DAE3C-4631-46EA-AA77-85C1314464D9}") = "VSCMD", "..\UIauto\VSCMD\VSCMD.vbproj", "{1C13FCCF-0756-41CA-ABCA-C0D338EF4D8A}"
EndProject
Project("{778DAE3C-4631-46EA-AA77-85C1314464D9}") = "SourceFramework", "..\UIauto\SourceFramework\SourceFramework.vbproj", "{040957FF-F7A2-4CB4-B02F-1C110634F787}"
EndProject
Project("{9A19103F-16F7-4668-BE54-9A1E7A4F7556}") = "SharedFrameworkInterfaces", "..\WesternCap\SharedFrameworkInterfaces\SharedFrameworkInterfaces.csproj", "{1B0E6FEA-350B-477E-B3E3-F8516B218714}"
EndProject
Project("{6EC3EE1D-3C4E-46DD-8F32-0CC8E7565705}") = "WisdominatorClient", "..\MatrixOS\WisdominatorClient\WisdominatorClient.fsproj", "{43642E60-C64D-464D-954C-9789B1FC92EE}"
EndProject
Project("{6EC3EE1D-3C4E-46DD-8F32-0CC8E7565705}") = "ExceptionalCode", "..\WesternCap\ExceptionalCode\ExceptionalCode.fsproj", "{2F7E3A26-F687-4BFD-A01B-408DBE459195}"
EndProject
Project("{6EC3EE1D-3C4E-46DD-8F32-0CC8E7565705}") = "SharedFSharpVanilla", "..\WesternCap\SharedFSharpVanilla\SharedFSharpVanilla.fsproj", "{3F97F31B-6490-42FC-A3B0-1E53E58E1AA9}"
EndProject
Project("{9A19103F-16F7-4668-BE54-9A1E7A4F7556}") = "SharedFrameworkLogging", "C:\Dev\WesternCap\SharedFrameworkLogging\SharedFrameworkLogging.csproj", "{9F44B3B1-4095-4061-95F7-D380D406E371}"
EndProject
Project("{6EC3EE1D-3C4E-46DD-8F32-0CC8E7565705}") = "SharedFrameworkROP", "C:\Dev\WesternCap\SharedFrameworkROP\SharedFrameworkROP.fsproj", "{7AA09256-3CD8-47C2-B249-F85EBDC41D71}"
EndProject
Project("{9A19103F-16F7-4668-BE54-9A1E7A4F7556}") = "CSFramework", "C:\Dev\UIauto\CSFramework\CSFramework.csproj", "{B65B4A85-4E06-4015-A634-C2A8AB923FAD}"
EndProject
Project("{778DAE3C-4631-46EA-AA77-85C1314464D9}") = "ClipMasterClass", "C:\Dev\UIauto\ClipMasterClass\ClipMasterClass.vbproj", "{2DCAF743-3340-4ABC-9FE3-ACB717D044C6}"
EndProject
Project("{6EC3EE1D-3C4E-46DD-8F32-0CC8E7565705}") = "FSparkle", "C:\Dev\WesternCap\FSparkle\FSparkle.fsproj", "{02D1BE8E-9701-45D4-96F1-6D449857A180}"
EndProject
Project("{6EC3EE1D-3C4E-46DD-8F32-0CC8E7565705}") = "Flatinum", "C:\Dev\WesternCap\Flatinum\Flatinum.fsproj", "{9092AA49-C25F-48EC-8EB7-18AC18601626}"
EndProject
Project("{6EC3EE1D-3C4E-46DD-8F32-0CC8E7565705}") = "PerFSharp", "C:\Dev\WesternCap\PerFSharp\PerFSharp.fsproj", "{AADC3A0F-807C-4E33-9CD7-8044BBA327DD}"
EndProject
Project("{6EC3EE1D-3C4E-46DD-8F32-0CC8E7565705}") = "SharedFSharpForms", "C:\Dev\WesternCap\SharedFSharpForms\SharedFSharpForms.fsproj", "{A4DB8863-FD6E-414A-A437-E4A558C098AF}"
EndProject
Project("{9A19103F-16F7-4668-BE54-9A1E7A4F7556}") = "SharedFramework", "C:\Dev\WesternCap\SharedFramework\SharedFramework.csproj", "{21B2142C-F3C2-4F49-B3BA-0BE45E820919}"
EndProject
Project("{6EC3EE1D-3C4E-46DD-8F32-0CC8E7565705}") = "SharedFrameworkEntity", "C:\Dev\WesternCap\SharedFrameworkEntity\SharedFrameworkEntity.fsproj", "{344091B7-4D0A-4F62-BB06-05140A63A46A}"
EndProject
Project("{778DAE3C-4631-46EA-AA77-85C1314464D9}") = "ClipMaster_Plugin", "C:\Dev\UIAuto\ClipMaster_Plugin\ClipMaster_Plugin.vbproj", "{EDCACBA4-CEBE-4AD3-BD9F-5E386F1A0000}"
EndProject
Project("{9A19103F-16F7-4668-BE54-9A1E7A4F7556}") = "Cricket.Utilities", "C:\Dev\WesternCap\Cricket.Utilities\Cricket.Utilities.csproj", "{BA288DCA-F1FE-4EB9-A972-2CA5473E6DA2}"
EndProject
Project("{9A19103F-16F7-4668-BE54-9A1E7A4F7556}") = "SharedFrameworkTests", "C:\Dev\WesternCap\SharedFrameworkTests\SharedFrameworkTests.csproj", "{2356475C-6214-427D-81EA-F0752145219D}"
EndProject
Project("{FAE04EC0-301F-11D3-BF4B-00C04F79EFBC}") = "VSocketExtension", "VSocketExtension\VSocketExtension.csproj", "{473860A7-963C-40AA-A703-28BD68109AB0}"
EndProject
Project("{778DAE3C-4631-46EA-AA77-85C1314464D9}") = "Delimitext", "C:\Dev\UIauto\Delimitext\Delimitext.vbproj", "{65CAAFC3-E5A4-4C87-9291-72ACC6D1010B}"
EndProject
Project("{6EC3EE1D-3C4E-46DD-8F32-0CC8E7565705}") = "SolutionManagement", "C:\Dev\WesternCap\SolutionManagement\SolutionManagement.fsproj", "{35079C63-BD05-4943-B408-A1C4914EF4AD}"
EndProject
Project("{9A19103F-16F7-4668-BE54-9A1E7A4F7556}") = "UniversalNetstandardHoldups", "C:\Dev\WesternCap\UniversalNetstandardHoldups\UniversalNetstandardHoldups.csproj", "{0138943C-6DC4-491C-B3E1-070DFBD15167}"
EndProject
Project("{6EC3EE1D-3C4E-46DD-8F32-0CC8E7565705}") = "WinMergeEquals", "C:\dev\WesternCap\WinMergeEquals\WinMergeEquals.fsproj", "{601EB546-7669-4499-BA04-B77520973D9C}"
EndProject
Global
	GlobalSection(SolutionConfigurationPlatforms) = preSolution
		Debug|Any CPU = Debug|Any CPU
		Debug|arm64 = Debug|arm64
		Debug|x64 = Debug|x64
		Debug|x86 = Debug|x86
		Release|Any CPU = Release|Any CPU
		Release|arm64 = Release|arm64
		Release|x64 = Release|x64
		Release|x86 = Release|x86
		StrictCompile|Any CPU = StrictCompile|Any CPU
		StrictCompile|arm64 = StrictCompile|arm64
		StrictCompile|x64 = StrictCompile|x64
		StrictCompile|x86 = StrictCompile|x86
	EndGlobalSection
	GlobalSection(ProjectConfigurationPlatforms) = postSolution
		{E153A356-2386-4345-B5D8-1A7113EF824B}.Debug|Any CPU.ActiveCfg = Debug|Any CPU
		{E153A356-2386-4345-B5D8-1A7113EF824B}.Debug|Any CPU.Build.0 = Debug|Any CPU
		{E153A356-2386-4345-B5D8-1A7113EF824B}.Debug|arm64.ActiveCfg = Debug|Any CPU
		{E153A356-2386-4345-B5D8-1A7113EF824B}.Debug|arm64.Build.0 = Debug|Any CPU
		{E153A356-2386-4345-B5D8-1A7113EF824B}.Debug|x64.ActiveCfg = Debug|Any CPU
		{E153A356-2386-4345-B5D8-1A7113EF824B}.Debug|x64.Build.0 = Debug|Any CPU
		{E153A356-2386-4345-B5D8-1A7113EF824B}.Debug|x86.ActiveCfg = Debug|Any CPU
		{E153A356-2386-4345-B5D8-1A7113EF824B}.Debug|x86.Build.0 = Debug|Any CPU
		{E153A356-2386-4345-B5D8-1A7113EF824B}.Release|Any CPU.ActiveCfg = Release|Any CPU
		{E153A356-2386-4345-B5D8-1A7113EF824B}.Release|Any CPU.Build.0 = Release|Any CPU
		{E153A356-2386-4345-B5D8-1A7113EF824B}.Release|arm64.ActiveCfg = Release|Any CPU
		{E153A356-2386-4345-B5D8-1A7113EF824B}.Release|arm64.Build.0 = Release|Any CPU
		{E153A356-2386-4345-B5D8-1A7113EF824B}.Release|x64.ActiveCfg = Release|Any CPU
		{E153A356-2386-4345-B5D8-1A7113EF824B}.Release|x64.Build.0 = Release|Any CPU
		{E153A356-2386-4345-B5D8-1A7113EF824B}.Release|x86.ActiveCfg = Release|Any CPU
		{E153A356-2386-4345-B5D8-1A7113EF824B}.Release|x86.Build.0 = Release|Any CPU
		{E153A356-2386-4345-B5D8-1A7113EF824B}.StrictCompile|Any CPU.ActiveCfg = Release|Any CPU
		{E153A356-2386-4345-B5D8-1A7113EF824B}.StrictCompile|Any CPU.Build.0 = Release|Any CPU
		{E153A356-2386-4345-B5D8-1A7113EF824B}.StrictCompile|arm64.ActiveCfg = Release|Any CPU
		{E153A356-2386-4345-B5D8-1A7113EF824B}.StrictCompile|arm64.Build.0 = Release|Any CPU
		{E153A356-2386-4345-B5D8-1A7113EF824B}.StrictCompile|x64.ActiveCfg = Release|Any CPU
		{E153A356-2386-4345-B5D8-1A7113EF824B}.StrictCompile|x64.Build.0 = Release|Any CPU
		{E153A356-2386-4345-B5D8-1A7113EF824B}.StrictCompile|x86.ActiveCfg = Release|Any CPU
		{E153A356-2386-4345-B5D8-1A7113EF824B}.StrictCompile|x86.Build.0 = Release|Any CPU
		{382DD02D-3626-43D3-96FF-D23B138FC564}.Debug|Any CPU.ActiveCfg = Debug|Any CPU
		{382DD02D-3626-43D3-96FF-D23B138FC564}.Debug|Any CPU.Build.0 = Debug|Any CPU
		{382DD02D-3626-43D3-96FF-D23B138FC564}.Debug|arm64.ActiveCfg = Debug|Any CPU
		{382DD02D-3626-43D3-96FF-D23B138FC564}.Debug|arm64.Build.0 = Debug|Any CPU
		{382DD02D-3626-43D3-96FF-D23B138FC564}.Debug|x64.ActiveCfg = Debug|x64
		{382DD02D-3626-43D3-96FF-D23B138FC564}.Debug|x64.Build.0 = Debug|x64
		{382DD02D-3626-43D3-96FF-D23B138FC564}.Debug|x86.ActiveCfg = Debug|x86
		{382DD02D-3626-43D3-96FF-D23B138FC564}.Debug|x86.Build.0 = Debug|x86
		{382DD02D-3626-43D3-96FF-D23B138FC564}.Release|Any CPU.ActiveCfg = Release|Any CPU
		{382DD02D-3626-43D3-96FF-D23B138FC564}.Release|Any CPU.Build.0 = Release|Any CPU
		{382DD02D-3626-43D3-96FF-D23B138FC564}.Release|arm64.ActiveCfg = Release|Any CPU
		{382DD02D-3626-43D3-96FF-D23B138FC564}.Release|arm64.Build.0 = Release|Any CPU
		{382DD02D-3626-43D3-96FF-D23B138FC564}.Release|x64.ActiveCfg = Release|x64
		{382DD02D-3626-43D3-96FF-D23B138FC564}.Release|x64.Build.0 = Release|x64
		{382DD02D-3626-43D3-96FF-D23B138FC564}.Release|x86.ActiveCfg = Release|x86
		{382DD02D-3626-43D3-96FF-D23B138FC564}.Release|x86.Build.0 = Release|x86
		{382DD02D-3626-43D3-96FF-D23B138FC564}.StrictCompile|Any CPU.ActiveCfg = Release|Any CPU
		{382DD02D-3626-43D3-96FF-D23B138FC564}.StrictCompile|Any CPU.Build.0 = Release|Any CPU
		{382DD02D-3626-43D3-96FF-D23B138FC564}.StrictCompile|arm64.ActiveCfg = Release|Any CPU
		{382DD02D-3626-43D3-96FF-D23B138FC564}.StrictCompile|arm64.Build.0 = Release|Any CPU
		{382DD02D-3626-43D3-96FF-D23B138FC564}.StrictCompile|x64.ActiveCfg = Release|x64
		{382DD02D-3626-43D3-96FF-D23B138FC564}.StrictCompile|x64.Build.0 = Release|x64
		{382DD02D-3626-43D3-96FF-D23B138FC564}.StrictCompile|x86.ActiveCfg = Release|x86
		{382DD02D-3626-43D3-96FF-D23B138FC564}.StrictCompile|x86.Build.0 = Release|x86
		{040E6526-25ED-4450-A3AF-6A29C545E65F}.Debug|Any CPU.ActiveCfg = Debug|Any CPU
		{040E6526-25ED-4450-A3AF-6A29C545E65F}.Debug|Any CPU.Build.0 = Debug|Any CPU
		{040E6526-25ED-4450-A3AF-6A29C545E65F}.Debug|arm64.ActiveCfg = Debug|Any CPU
		{040E6526-25ED-4450-A3AF-6A29C545E65F}.Debug|arm64.Build.0 = Debug|Any CPU
		{040E6526-25ED-4450-A3AF-6A29C545E65F}.Debug|x64.ActiveCfg = Debug|Any CPU
		{040E6526-25ED-4450-A3AF-6A29C545E65F}.Debug|x64.Build.0 = Debug|Any CPU
		{040E6526-25ED-4450-A3AF-6A29C545E65F}.Debug|x86.ActiveCfg = Debug|Any CPU
		{040E6526-25ED-4450-A3AF-6A29C545E65F}.Debug|x86.Build.0 = Debug|Any CPU
		{040E6526-25ED-4450-A3AF-6A29C545E65F}.Release|Any CPU.ActiveCfg = Release|Any CPU
		{040E6526-25ED-4450-A3AF-6A29C545E65F}.Release|Any CPU.Build.0 = Release|Any CPU
		{040E6526-25ED-4450-A3AF-6A29C545E65F}.Release|arm64.ActiveCfg = Release|Any CPU
		{040E6526-25ED-4450-A3AF-6A29C545E65F}.Release|arm64.Build.0 = Release|Any CPU
		{040E6526-25ED-4450-A3AF-6A29C545E65F}.Release|x64.ActiveCfg = Release|Any CPU
		{040E6526-25ED-4450-A3AF-6A29C545E65F}.Release|x64.Build.0 = Release|Any CPU
		{040E6526-25ED-4450-A3AF-6A29C545E65F}.Release|x86.ActiveCfg = Release|Any CPU
		{040E6526-25ED-4450-A3AF-6A29C545E65F}.Release|x86.Build.0 = Release|Any CPU
		{040E6526-25ED-4450-A3AF-6A29C545E65F}.StrictCompile|Any CPU.ActiveCfg = Release|Any CPU
		{040E6526-25ED-4450-A3AF-6A29C545E65F}.StrictCompile|Any CPU.Build.0 = Release|Any CPU
		{040E6526-25ED-4450-A3AF-6A29C545E65F}.StrictCompile|arm64.ActiveCfg = Release|Any CPU
		{040E6526-25ED-4450-A3AF-6A29C545E65F}.StrictCompile|arm64.Build.0 = Release|Any CPU
		{040E6526-25ED-4450-A3AF-6A29C545E65F}.StrictCompile|x64.ActiveCfg = Release|Any CPU
		{040E6526-25ED-4450-A3AF-6A29C545E65F}.StrictCompile|x64.Build.0 = Release|Any CPU
		{040E6526-25ED-4450-A3AF-6A29C545E65F}.StrictCompile|x86.ActiveCfg = Release|Any CPU
		{040E6526-25ED-4450-A3AF-6A29C545E65F}.StrictCompile|x86.Build.0 = Release|Any CPU
		{1C13FCCF-0756-41CA-ABCA-C0D338EF4D8A}.Debug|Any CPU.ActiveCfg = Debug|Any CPU
		{1C13FCCF-0756-41CA-ABCA-C0D338EF4D8A}.Debug|Any CPU.Build.0 = Debug|Any CPU
		{1C13FCCF-0756-41CA-ABCA-C0D338EF4D8A}.Debug|arm64.ActiveCfg = Debug|Any CPU
		{1C13FCCF-0756-41CA-ABCA-C0D338EF4D8A}.Debug|arm64.Build.0 = Debug|Any CPU
		{1C13FCCF-0756-41CA-ABCA-C0D338EF4D8A}.Debug|x64.ActiveCfg = Debug|Any CPU
		{1C13FCCF-0756-41CA-ABCA-C0D338EF4D8A}.Debug|x64.Build.0 = Debug|Any CPU
		{1C13FCCF-0756-41CA-ABCA-C0D338EF4D8A}.Debug|x86.ActiveCfg = Debug|Any CPU
		{1C13FCCF-0756-41CA-ABCA-C0D338EF4D8A}.Debug|x86.Build.0 = Debug|Any CPU
		{1C13FCCF-0756-41CA-ABCA-C0D338EF4D8A}.Release|Any CPU.ActiveCfg = Release|Any CPU
		{1C13FCCF-0756-41CA-ABCA-C0D338EF4D8A}.Release|Any CPU.Build.0 = Release|Any CPU
		{1C13FCCF-0756-41CA-ABCA-C0D338EF4D8A}.Release|arm64.ActiveCfg = Release|Any CPU
		{1C13FCCF-0756-41CA-ABCA-C0D338EF4D8A}.Release|arm64.Build.0 = Release|Any CPU
		{1C13FCCF-0756-41CA-ABCA-C0D338EF4D8A}.Release|x64.ActiveCfg = Release|Any CPU
		{1C13FCCF-0756-41CA-ABCA-C0D338EF4D8A}.Release|x64.Build.0 = Release|Any CPU
		{1C13FCCF-0756-41CA-ABCA-C0D338EF4D8A}.Release|x86.ActiveCfg = Release|Any CPU
		{1C13FCCF-0756-41CA-ABCA-C0D338EF4D8A}.Release|x86.Build.0 = Release|Any CPU
		{1C13FCCF-0756-41CA-ABCA-C0D338EF4D8A}.StrictCompile|Any CPU.ActiveCfg = Release|Any CPU
		{1C13FCCF-0756-41CA-ABCA-C0D338EF4D8A}.StrictCompile|Any CPU.Build.0 = Release|Any CPU
		{1C13FCCF-0756-41CA-ABCA-C0D338EF4D8A}.StrictCompile|arm64.ActiveCfg = Release|Any CPU
		{1C13FCCF-0756-41CA-ABCA-C0D338EF4D8A}.StrictCompile|arm64.Build.0 = Release|Any CPU
		{1C13FCCF-0756-41CA-ABCA-C0D338EF4D8A}.StrictCompile|x64.ActiveCfg = Release|Any CPU
		{1C13FCCF-0756-41CA-ABCA-C0D338EF4D8A}.StrictCompile|x64.Build.0 = Release|Any CPU
		{1C13FCCF-0756-41CA-ABCA-C0D338EF4D8A}.StrictCompile|x86.ActiveCfg = Release|Any CPU
		{1C13FCCF-0756-41CA-ABCA-C0D338EF4D8A}.StrictCompile|x86.Build.0 = Release|Any CPU
		{040957FF-F7A2-4CB4-B02F-1C110634F787}.Debug|Any CPU.ActiveCfg = Debug|Any CPU
		{040957FF-F7A2-4CB4-B02F-1C110634F787}.Debug|Any CPU.Build.0 = Debug|Any CPU
		{040957FF-F7A2-4CB4-B02F-1C110634F787}.Debug|arm64.ActiveCfg = Debug|Any CPU
		{040957FF-F7A2-4CB4-B02F-1C110634F787}.Debug|arm64.Build.0 = Debug|Any CPU
		{040957FF-F7A2-4CB4-B02F-1C110634F787}.Debug|x64.ActiveCfg = Debug|Any CPU
		{040957FF-F7A2-4CB4-B02F-1C110634F787}.Debug|x64.Build.0 = Debug|Any CPU
		{040957FF-F7A2-4CB4-B02F-1C110634F787}.Debug|x86.ActiveCfg = Debug|Any CPU
		{040957FF-F7A2-4CB4-B02F-1C110634F787}.Debug|x86.Build.0 = Debug|Any CPU
		{040957FF-F7A2-4CB4-B02F-1C110634F787}.Release|Any CPU.ActiveCfg = Release|Any CPU
		{040957FF-F7A2-4CB4-B02F-1C110634F787}.Release|Any CPU.Build.0 = Release|Any CPU
		{040957FF-F7A2-4CB4-B02F-1C110634F787}.Release|arm64.ActiveCfg = Release|Any CPU
		{040957FF-F7A2-4CB4-B02F-1C110634F787}.Release|arm64.Build.0 = Release|Any CPU
		{040957FF-F7A2-4CB4-B02F-1C110634F787}.Release|x64.ActiveCfg = Release|Any CPU
		{040957FF-F7A2-4CB4-B02F-1C110634F787}.Release|x64.Build.0 = Release|Any CPU
		{040957FF-F7A2-4CB4-B02F-1C110634F787}.Release|x86.ActiveCfg = Release|Any CPU
		{040957FF-F7A2-4CB4-B02F-1C110634F787}.Release|x86.Build.0 = Release|Any CPU
		{040957FF-F7A2-4CB4-B02F-1C110634F787}.StrictCompile|Any CPU.ActiveCfg = Release|Any CPU
		{040957FF-F7A2-4CB4-B02F-1C110634F787}.StrictCompile|Any CPU.Build.0 = Release|Any CPU
		{040957FF-F7A2-4CB4-B02F-1C110634F787}.StrictCompile|arm64.ActiveCfg = StrictCompile|Any CPU
		{040957FF-F7A2-4CB4-B02F-1C110634F787}.StrictCompile|arm64.Build.0 = StrictCompile|Any CPU
		{040957FF-F7A2-4CB4-B02F-1C110634F787}.StrictCompile|x64.ActiveCfg = StrictCompile|Any CPU
		{040957FF-F7A2-4CB4-B02F-1C110634F787}.StrictCompile|x64.Build.0 = StrictCompile|Any CPU
		{040957FF-F7A2-4CB4-B02F-1C110634F787}.StrictCompile|x86.ActiveCfg = StrictCompile|Any CPU
		{040957FF-F7A2-4CB4-B02F-1C110634F787}.StrictCompile|x86.Build.0 = StrictCompile|Any CPU
		{1B0E6FEA-350B-477E-B3E3-F8516B218714}.Debug|Any CPU.ActiveCfg = Debug|Any CPU
		{1B0E6FEA-350B-477E-B3E3-F8516B218714}.Debug|Any CPU.Build.0 = Debug|Any CPU
		{1B0E6FEA-350B-477E-B3E3-F8516B218714}.Debug|arm64.ActiveCfg = Debug|Any CPU
		{1B0E6FEA-350B-477E-B3E3-F8516B218714}.Debug|arm64.Build.0 = Debug|Any CPU
		{1B0E6FEA-350B-477E-B3E3-F8516B218714}.Debug|x64.ActiveCfg = Debug|x64
		{1B0E6FEA-350B-477E-B3E3-F8516B218714}.Debug|x64.Build.0 = Debug|x64
		{1B0E6FEA-350B-477E-B3E3-F8516B218714}.Debug|x86.ActiveCfg = Debug|x86
		{1B0E6FEA-350B-477E-B3E3-F8516B218714}.Debug|x86.Build.0 = Debug|x86
		{1B0E6FEA-350B-477E-B3E3-F8516B218714}.Release|Any CPU.ActiveCfg = Release|Any CPU
		{1B0E6FEA-350B-477E-B3E3-F8516B218714}.Release|Any CPU.Build.0 = Release|Any CPU
		{1B0E6FEA-350B-477E-B3E3-F8516B218714}.Release|arm64.ActiveCfg = Release|Any CPU
		{1B0E6FEA-350B-477E-B3E3-F8516B218714}.Release|arm64.Build.0 = Release|Any CPU
		{1B0E6FEA-350B-477E-B3E3-F8516B218714}.Release|x64.ActiveCfg = Release|x64
		{1B0E6FEA-350B-477E-B3E3-F8516B218714}.Release|x64.Build.0 = Release|x64
		{1B0E6FEA-350B-477E-B3E3-F8516B218714}.Release|x86.ActiveCfg = Release|x86
		{1B0E6FEA-350B-477E-B3E3-F8516B218714}.Release|x86.Build.0 = Release|x86
		{1B0E6FEA-350B-477E-B3E3-F8516B218714}.StrictCompile|Any CPU.ActiveCfg = Release|Any CPU
		{1B0E6FEA-350B-477E-B3E3-F8516B218714}.StrictCompile|Any CPU.Build.0 = Release|Any CPU
		{1B0E6FEA-350B-477E-B3E3-F8516B218714}.StrictCompile|arm64.ActiveCfg = Release|Any CPU
		{1B0E6FEA-350B-477E-B3E3-F8516B218714}.StrictCompile|arm64.Build.0 = Release|Any CPU
		{1B0E6FEA-350B-477E-B3E3-F8516B218714}.StrictCompile|x64.ActiveCfg = Debug|x64
		{1B0E6FEA-350B-477E-B3E3-F8516B218714}.StrictCompile|x64.Build.0 = Debug|x64
		{1B0E6FEA-350B-477E-B3E3-F8516B218714}.StrictCompile|x86.ActiveCfg = Debug|x86
		{1B0E6FEA-350B-477E-B3E3-F8516B218714}.StrictCompile|x86.Build.0 = Debug|x86
		{43642E60-C64D-464D-954C-9789B1FC92EE}.Debug|Any CPU.ActiveCfg = Debug|Any CPU
		{43642E60-C64D-464D-954C-9789B1FC92EE}.Debug|Any CPU.Build.0 = Debug|Any CPU
		{43642E60-C64D-464D-954C-9789B1FC92EE}.Debug|arm64.ActiveCfg = Debug|Any CPU
		{43642E60-C64D-464D-954C-9789B1FC92EE}.Debug|arm64.Build.0 = Debug|Any CPU
		{43642E60-C64D-464D-954C-9789B1FC92EE}.Debug|x64.ActiveCfg = Debug|Any CPU
		{43642E60-C64D-464D-954C-9789B1FC92EE}.Debug|x64.Build.0 = Debug|Any CPU
		{43642E60-C64D-464D-954C-9789B1FC92EE}.Debug|x86.ActiveCfg = Debug|Any CPU
		{43642E60-C64D-464D-954C-9789B1FC92EE}.Debug|x86.Build.0 = Debug|Any CPU
		{43642E60-C64D-464D-954C-9789B1FC92EE}.Release|Any CPU.ActiveCfg = Release|Any CPU
		{43642E60-C64D-464D-954C-9789B1FC92EE}.Release|Any CPU.Build.0 = Release|Any CPU
		{43642E60-C64D-464D-954C-9789B1FC92EE}.Release|arm64.ActiveCfg = Release|Any CPU
		{43642E60-C64D-464D-954C-9789B1FC92EE}.Release|arm64.Build.0 = Release|Any CPU
		{43642E60-C64D-464D-954C-9789B1FC92EE}.Release|x64.ActiveCfg = Release|Any CPU
		{43642E60-C64D-464D-954C-9789B1FC92EE}.Release|x64.Build.0 = Release|Any CPU
		{43642E60-C64D-464D-954C-9789B1FC92EE}.Release|x86.ActiveCfg = Release|Any CPU
		{43642E60-C64D-464D-954C-9789B1FC92EE}.Release|x86.Build.0 = Release|Any CPU
		{43642E60-C64D-464D-954C-9789B1FC92EE}.StrictCompile|Any CPU.ActiveCfg = Release|Any CPU
		{43642E60-C64D-464D-954C-9789B1FC92EE}.StrictCompile|Any CPU.Build.0 = Release|Any CPU
		{43642E60-C64D-464D-954C-9789B1FC92EE}.StrictCompile|arm64.ActiveCfg = Release|Any CPU
		{43642E60-C64D-464D-954C-9789B1FC92EE}.StrictCompile|arm64.Build.0 = Release|Any CPU
		{43642E60-C64D-464D-954C-9789B1FC92EE}.StrictCompile|x64.ActiveCfg = Debug|Any CPU
		{43642E60-C64D-464D-954C-9789B1FC92EE}.StrictCompile|x64.Build.0 = Debug|Any CPU
		{43642E60-C64D-464D-954C-9789B1FC92EE}.StrictCompile|x86.ActiveCfg = Debug|Any CPU
		{43642E60-C64D-464D-954C-9789B1FC92EE}.StrictCompile|x86.Build.0 = Debug|Any CPU
		{2F7E3A26-F687-4BFD-A01B-408DBE459195}.Debug|Any CPU.ActiveCfg = Debug|Any CPU
		{2F7E3A26-F687-4BFD-A01B-408DBE459195}.Debug|Any CPU.Build.0 = Debug|Any CPU
		{2F7E3A26-F687-4BFD-A01B-408DBE459195}.Debug|arm64.ActiveCfg = Debug|Any CPU
		{2F7E3A26-F687-4BFD-A01B-408DBE459195}.Debug|arm64.Build.0 = Debug|Any CPU
		{2F7E3A26-F687-4BFD-A01B-408DBE459195}.Debug|x64.ActiveCfg = Debug|Any CPU
		{2F7E3A26-F687-4BFD-A01B-408DBE459195}.Debug|x64.Build.0 = Debug|Any CPU
		{2F7E3A26-F687-4BFD-A01B-408DBE459195}.Debug|x86.ActiveCfg = Debug|x86
		{2F7E3A26-F687-4BFD-A01B-408DBE459195}.Debug|x86.Build.0 = Debug|x86
		{2F7E3A26-F687-4BFD-A01B-408DBE459195}.Release|Any CPU.ActiveCfg = Release|Any CPU
		{2F7E3A26-F687-4BFD-A01B-408DBE459195}.Release|Any CPU.Build.0 = Release|Any CPU
		{2F7E3A26-F687-4BFD-A01B-408DBE459195}.Release|arm64.ActiveCfg = Release|Any CPU
		{2F7E3A26-F687-4BFD-A01B-408DBE459195}.Release|arm64.Build.0 = Release|Any CPU
		{2F7E3A26-F687-4BFD-A01B-408DBE459195}.Release|x64.ActiveCfg = Release|Any CPU
		{2F7E3A26-F687-4BFD-A01B-408DBE459195}.Release|x64.Build.0 = Release|Any CPU
		{2F7E3A26-F687-4BFD-A01B-408DBE459195}.Release|x86.ActiveCfg = Release|x86
		{2F7E3A26-F687-4BFD-A01B-408DBE459195}.Release|x86.Build.0 = Release|x86
		{2F7E3A26-F687-4BFD-A01B-408DBE459195}.StrictCompile|Any CPU.ActiveCfg = Release|Any CPU
		{2F7E3A26-F687-4BFD-A01B-408DBE459195}.StrictCompile|Any CPU.Build.0 = Release|Any CPU
		{2F7E3A26-F687-4BFD-A01B-408DBE459195}.StrictCompile|arm64.ActiveCfg = Release|Any CPU
		{2F7E3A26-F687-4BFD-A01B-408DBE459195}.StrictCompile|arm64.Build.0 = Release|Any CPU
		{2F7E3A26-F687-4BFD-A01B-408DBE459195}.StrictCompile|x64.ActiveCfg = Debug|Any CPU
		{2F7E3A26-F687-4BFD-A01B-408DBE459195}.StrictCompile|x64.Build.0 = Debug|Any CPU
		{2F7E3A26-F687-4BFD-A01B-408DBE459195}.StrictCompile|x86.ActiveCfg = Debug|x86
		{2F7E3A26-F687-4BFD-A01B-408DBE459195}.StrictCompile|x86.Build.0 = Debug|x86
		{3F97F31B-6490-42FC-A3B0-1E53E58E1AA9}.Debug|Any CPU.ActiveCfg = Debug|Any CPU
		{3F97F31B-6490-42FC-A3B0-1E53E58E1AA9}.Debug|Any CPU.Build.0 = Debug|Any CPU
		{3F97F31B-6490-42FC-A3B0-1E53E58E1AA9}.Debug|arm64.ActiveCfg = Debug|Any CPU
		{3F97F31B-6490-42FC-A3B0-1E53E58E1AA9}.Debug|arm64.Build.0 = Debug|Any CPU
		{3F97F31B-6490-42FC-A3B0-1E53E58E1AA9}.Debug|x64.ActiveCfg = Debug|x64
		{3F97F31B-6490-42FC-A3B0-1E53E58E1AA9}.Debug|x64.Build.0 = Debug|x64
		{3F97F31B-6490-42FC-A3B0-1E53E58E1AA9}.Debug|x86.ActiveCfg = Debug|x86
		{3F97F31B-6490-42FC-A3B0-1E53E58E1AA9}.Debug|x86.Build.0 = Debug|x86
		{3F97F31B-6490-42FC-A3B0-1E53E58E1AA9}.Release|Any CPU.ActiveCfg = Release|Any CPU
		{3F97F31B-6490-42FC-A3B0-1E53E58E1AA9}.Release|Any CPU.Build.0 = Release|Any CPU
		{3F97F31B-6490-42FC-A3B0-1E53E58E1AA9}.Release|arm64.ActiveCfg = Release|Any CPU
		{3F97F31B-6490-42FC-A3B0-1E53E58E1AA9}.Release|arm64.Build.0 = Release|Any CPU
		{3F97F31B-6490-42FC-A3B0-1E53E58E1AA9}.Release|x64.ActiveCfg = Release|x64
		{3F97F31B-6490-42FC-A3B0-1E53E58E1AA9}.Release|x64.Build.0 = Release|x64
		{3F97F31B-6490-42FC-A3B0-1E53E58E1AA9}.Release|x86.ActiveCfg = Release|x86
		{3F97F31B-6490-42FC-A3B0-1E53E58E1AA9}.Release|x86.Build.0 = Release|x86
		{3F97F31B-6490-42FC-A3B0-1E53E58E1AA9}.StrictCompile|Any CPU.ActiveCfg = Release|Any CPU
		{3F97F31B-6490-42FC-A3B0-1E53E58E1AA9}.StrictCompile|Any CPU.Build.0 = Release|Any CPU
		{3F97F31B-6490-42FC-A3B0-1E53E58E1AA9}.StrictCompile|arm64.ActiveCfg = Release|Any CPU
		{3F97F31B-6490-42FC-A3B0-1E53E58E1AA9}.StrictCompile|arm64.Build.0 = Release|Any CPU
		{3F97F31B-6490-42FC-A3B0-1E53E58E1AA9}.StrictCompile|x64.ActiveCfg = Debug|x64
		{3F97F31B-6490-42FC-A3B0-1E53E58E1AA9}.StrictCompile|x64.Build.0 = Debug|x64
		{3F97F31B-6490-42FC-A3B0-1E53E58E1AA9}.StrictCompile|x86.ActiveCfg = Debug|x86
		{3F97F31B-6490-42FC-A3B0-1E53E58E1AA9}.StrictCompile|x86.Build.0 = Debug|x86
		{9F44B3B1-4095-4061-95F7-D380D406E371}.Debug|Any CPU.ActiveCfg = Debug|Any CPU
		{9F44B3B1-4095-4061-95F7-D380D406E371}.Debug|Any CPU.Build.0 = Debug|Any CPU
		{9F44B3B1-4095-4061-95F7-D380D406E371}.Debug|arm64.ActiveCfg = Debug|Any CPU
		{9F44B3B1-4095-4061-95F7-D380D406E371}.Debug|arm64.Build.0 = Debug|Any CPU
		{9F44B3B1-4095-4061-95F7-D380D406E371}.Debug|x64.ActiveCfg = Debug|Any CPU
		{9F44B3B1-4095-4061-95F7-D380D406E371}.Debug|x64.Build.0 = Debug|Any CPU
		{9F44B3B1-4095-4061-95F7-D380D406E371}.Debug|x86.ActiveCfg = Debug|Any CPU
		{9F44B3B1-4095-4061-95F7-D380D406E371}.Debug|x86.Build.0 = Debug|Any CPU
		{9F44B3B1-4095-4061-95F7-D380D406E371}.Release|Any CPU.ActiveCfg = Release|Any CPU
		{9F44B3B1-4095-4061-95F7-D380D406E371}.Release|Any CPU.Build.0 = Release|Any CPU
		{9F44B3B1-4095-4061-95F7-D380D406E371}.Release|arm64.ActiveCfg = Release|Any CPU
		{9F44B3B1-4095-4061-95F7-D380D406E371}.Release|arm64.Build.0 = Release|Any CPU
		{9F44B3B1-4095-4061-95F7-D380D406E371}.Release|x64.ActiveCfg = Release|Any CPU
		{9F44B3B1-4095-4061-95F7-D380D406E371}.Release|x64.Build.0 = Release|Any CPU
		{9F44B3B1-4095-4061-95F7-D380D406E371}.Release|x86.ActiveCfg = Release|Any CPU
		{9F44B3B1-4095-4061-95F7-D380D406E371}.Release|x86.Build.0 = Release|Any CPU
		{9F44B3B1-4095-4061-95F7-D380D406E371}.StrictCompile|Any CPU.ActiveCfg = Release|Any CPU
		{9F44B3B1-4095-4061-95F7-D380D406E371}.StrictCompile|Any CPU.Build.0 = Release|Any CPU
		{9F44B3B1-4095-4061-95F7-D380D406E371}.StrictCompile|arm64.ActiveCfg = Release|Any CPU
		{9F44B3B1-4095-4061-95F7-D380D406E371}.StrictCompile|arm64.Build.0 = Release|Any CPU
		{9F44B3B1-4095-4061-95F7-D380D406E371}.StrictCompile|x64.ActiveCfg = Debug|Any CPU
		{9F44B3B1-4095-4061-95F7-D380D406E371}.StrictCompile|x64.Build.0 = Debug|Any CPU
		{9F44B3B1-4095-4061-95F7-D380D406E371}.StrictCompile|x86.ActiveCfg = Debug|Any CPU
		{9F44B3B1-4095-4061-95F7-D380D406E371}.StrictCompile|x86.Build.0 = Debug|Any CPU
		{7AA09256-3CD8-47C2-B249-F85EBDC41D71}.Debug|Any CPU.ActiveCfg = Debug|Any CPU
		{7AA09256-3CD8-47C2-B249-F85EBDC41D71}.Debug|Any CPU.Build.0 = Debug|Any CPU
		{7AA09256-3CD8-47C2-B249-F85EBDC41D71}.Debug|arm64.ActiveCfg = Debug|Any CPU
		{7AA09256-3CD8-47C2-B249-F85EBDC41D71}.Debug|arm64.Build.0 = Debug|Any CPU
		{7AA09256-3CD8-47C2-B249-F85EBDC41D71}.Debug|x64.ActiveCfg = Debug|Any CPU
		{7AA09256-3CD8-47C2-B249-F85EBDC41D71}.Debug|x64.Build.0 = Debug|Any CPU
		{7AA09256-3CD8-47C2-B249-F85EBDC41D71}.Debug|x86.ActiveCfg = Debug|Any CPU
		{7AA09256-3CD8-47C2-B249-F85EBDC41D71}.Debug|x86.Build.0 = Debug|Any CPU
		{7AA09256-3CD8-47C2-B249-F85EBDC41D71}.Release|Any CPU.ActiveCfg = Release|Any CPU
		{7AA09256-3CD8-47C2-B249-F85EBDC41D71}.Release|Any CPU.Build.0 = Release|Any CPU
		{7AA09256-3CD8-47C2-B249-F85EBDC41D71}.Release|arm64.ActiveCfg = Release|Any CPU
		{7AA09256-3CD8-47C2-B249-F85EBDC41D71}.Release|arm64.Build.0 = Release|Any CPU
		{7AA09256-3CD8-47C2-B249-F85EBDC41D71}.Release|x64.ActiveCfg = Release|Any CPU
		{7AA09256-3CD8-47C2-B249-F85EBDC41D71}.Release|x64.Build.0 = Release|Any CPU
		{7AA09256-3CD8-47C2-B249-F85EBDC41D71}.Release|x86.ActiveCfg = Release|Any CPU
		{7AA09256-3CD8-47C2-B249-F85EBDC41D71}.Release|x86.Build.0 = Release|Any CPU
		{7AA09256-3CD8-47C2-B249-F85EBDC41D71}.StrictCompile|Any CPU.ActiveCfg = Release|Any CPU
		{7AA09256-3CD8-47C2-B249-F85EBDC41D71}.StrictCompile|Any CPU.Build.0 = Release|Any CPU
		{7AA09256-3CD8-47C2-B249-F85EBDC41D71}.StrictCompile|arm64.ActiveCfg = Release|Any CPU
		{7AA09256-3CD8-47C2-B249-F85EBDC41D71}.StrictCompile|arm64.Build.0 = Release|Any CPU
		{7AA09256-3CD8-47C2-B249-F85EBDC41D71}.StrictCompile|x64.ActiveCfg = Debug|Any CPU
		{7AA09256-3CD8-47C2-B249-F85EBDC41D71}.StrictCompile|x64.Build.0 = Debug|Any CPU
		{7AA09256-3CD8-47C2-B249-F85EBDC41D71}.StrictCompile|x86.ActiveCfg = Debug|Any CPU
		{7AA09256-3CD8-47C2-B249-F85EBDC41D71}.StrictCompile|x86.Build.0 = Debug|Any CPU
		{B65B4A85-4E06-4015-A634-C2A8AB923FAD}.Debug|Any CPU.ActiveCfg = Debug|Any CPU
		{B65B4A85-4E06-4015-A634-C2A8AB923FAD}.Debug|Any CPU.Build.0 = Debug|Any CPU
		{B65B4A85-4E06-4015-A634-C2A8AB923FAD}.Debug|arm64.ActiveCfg = Debug|Any CPU
		{B65B4A85-4E06-4015-A634-C2A8AB923FAD}.Debug|arm64.Build.0 = Debug|Any CPU
		{B65B4A85-4E06-4015-A634-C2A8AB923FAD}.Debug|x64.ActiveCfg = Debug|x64
		{B65B4A85-4E06-4015-A634-C2A8AB923FAD}.Debug|x64.Build.0 = Debug|x64
		{B65B4A85-4E06-4015-A634-C2A8AB923FAD}.Debug|x86.ActiveCfg = Debug|Any CPU
		{B65B4A85-4E06-4015-A634-C2A8AB923FAD}.Debug|x86.Build.0 = Debug|Any CPU
		{B65B4A85-4E06-4015-A634-C2A8AB923FAD}.Release|Any CPU.ActiveCfg = Release|Any CPU
		{B65B4A85-4E06-4015-A634-C2A8AB923FAD}.Release|Any CPU.Build.0 = Release|Any CPU
		{B65B4A85-4E06-4015-A634-C2A8AB923FAD}.Release|arm64.ActiveCfg = Release|Any CPU
		{B65B4A85-4E06-4015-A634-C2A8AB923FAD}.Release|arm64.Build.0 = Release|Any CPU
		{B65B4A85-4E06-4015-A634-C2A8AB923FAD}.Release|x64.ActiveCfg = Release|x64
		{B65B4A85-4E06-4015-A634-C2A8AB923FAD}.Release|x64.Build.0 = Release|x64
		{B65B4A85-4E06-4015-A634-C2A8AB923FAD}.Release|x86.ActiveCfg = Release|Any CPU
		{B65B4A85-4E06-4015-A634-C2A8AB923FAD}.Release|x86.Build.0 = Release|Any CPU
		{B65B4A85-4E06-4015-A634-C2A8AB923FAD}.StrictCompile|Any CPU.ActiveCfg = Release|Any CPU
		{B65B4A85-4E06-4015-A634-C2A8AB923FAD}.StrictCompile|Any CPU.Build.0 = Release|Any CPU
		{B65B4A85-4E06-4015-A634-C2A8AB923FAD}.StrictCompile|arm64.ActiveCfg = Release|Any CPU
		{B65B4A85-4E06-4015-A634-C2A8AB923FAD}.StrictCompile|arm64.Build.0 = Release|Any CPU
		{B65B4A85-4E06-4015-A634-C2A8AB923FAD}.StrictCompile|x64.ActiveCfg = Debug|x64
		{B65B4A85-4E06-4015-A634-C2A8AB923FAD}.StrictCompile|x64.Build.0 = Debug|x64
		{B65B4A85-4E06-4015-A634-C2A8AB923FAD}.StrictCompile|x86.ActiveCfg = Debug|Any CPU
		{B65B4A85-4E06-4015-A634-C2A8AB923FAD}.StrictCompile|x86.Build.0 = Debug|Any CPU
		{2DCAF743-3340-4ABC-9FE3-ACB717D044C6}.Debug|Any CPU.ActiveCfg = Debug|Any CPU
		{2DCAF743-3340-4ABC-9FE3-ACB717D044C6}.Debug|Any CPU.Build.0 = Debug|Any CPU
		{2DCAF743-3340-4ABC-9FE3-ACB717D044C6}.Debug|arm64.ActiveCfg = Debug|Any CPU
		{2DCAF743-3340-4ABC-9FE3-ACB717D044C6}.Debug|arm64.Build.0 = Debug|Any CPU
		{2DCAF743-3340-4ABC-9FE3-ACB717D044C6}.Debug|x64.ActiveCfg = Debug|Any CPU
		{2DCAF743-3340-4ABC-9FE3-ACB717D044C6}.Debug|x64.Build.0 = Debug|Any CPU
		{2DCAF743-3340-4ABC-9FE3-ACB717D044C6}.Debug|x86.ActiveCfg = Debug|Any CPU
		{2DCAF743-3340-4ABC-9FE3-ACB717D044C6}.Debug|x86.Build.0 = Debug|Any CPU
		{2DCAF743-3340-4ABC-9FE3-ACB717D044C6}.Release|Any CPU.ActiveCfg = Release|Any CPU
		{2DCAF743-3340-4ABC-9FE3-ACB717D044C6}.Release|Any CPU.Build.0 = Release|Any CPU
		{2DCAF743-3340-4ABC-9FE3-ACB717D044C6}.Release|arm64.ActiveCfg = Release|Any CPU
		{2DCAF743-3340-4ABC-9FE3-ACB717D044C6}.Release|arm64.Build.0 = Release|Any CPU
		{2DCAF743-3340-4ABC-9FE3-ACB717D044C6}.Release|x64.ActiveCfg = Release|Any CPU
		{2DCAF743-3340-4ABC-9FE3-ACB717D044C6}.Release|x64.Build.0 = Release|Any CPU
		{2DCAF743-3340-4ABC-9FE3-ACB717D044C6}.Release|x86.ActiveCfg = Release|Any CPU
		{2DCAF743-3340-4ABC-9FE3-ACB717D044C6}.Release|x86.Build.0 = Release|Any CPU
		{2DCAF743-3340-4ABC-9FE3-ACB717D044C6}.StrictCompile|Any CPU.ActiveCfg = Release|Any CPU
		{2DCAF743-3340-4ABC-9FE3-ACB717D044C6}.StrictCompile|Any CPU.Build.0 = Release|Any CPU
		{2DCAF743-3340-4ABC-9FE3-ACB717D044C6}.StrictCompile|arm64.ActiveCfg = Release|Any CPU
		{2DCAF743-3340-4ABC-9FE3-ACB717D044C6}.StrictCompile|arm64.Build.0 = Release|Any CPU
		{2DCAF743-3340-4ABC-9FE3-ACB717D044C6}.StrictCompile|x64.ActiveCfg = Debug|Any CPU
		{2DCAF743-3340-4ABC-9FE3-ACB717D044C6}.StrictCompile|x64.Build.0 = Debug|Any CPU
		{2DCAF743-3340-4ABC-9FE3-ACB717D044C6}.StrictCompile|x86.ActiveCfg = Debug|Any CPU
		{2DCAF743-3340-4ABC-9FE3-ACB717D044C6}.StrictCompile|x86.Build.0 = Debug|Any CPU
		{02D1BE8E-9701-45D4-96F1-6D449857A180}.Debug|Any CPU.ActiveCfg = Debug|Any CPU
		{02D1BE8E-9701-45D4-96F1-6D449857A180}.Debug|Any CPU.Build.0 = Debug|Any CPU
		{02D1BE8E-9701-45D4-96F1-6D449857A180}.Debug|arm64.ActiveCfg = Debug|Any CPU
		{02D1BE8E-9701-45D4-96F1-6D449857A180}.Debug|arm64.Build.0 = Debug|Any CPU
		{02D1BE8E-9701-45D4-96F1-6D449857A180}.Debug|x64.ActiveCfg = Debug|Any CPU
		{02D1BE8E-9701-45D4-96F1-6D449857A180}.Debug|x64.Build.0 = Debug|Any CPU
		{02D1BE8E-9701-45D4-96F1-6D449857A180}.Debug|x86.ActiveCfg = Debug|Any CPU
		{02D1BE8E-9701-45D4-96F1-6D449857A180}.Debug|x86.Build.0 = Debug|Any CPU
		{02D1BE8E-9701-45D4-96F1-6D449857A180}.Release|Any CPU.ActiveCfg = Release|Any CPU
		{02D1BE8E-9701-45D4-96F1-6D449857A180}.Release|Any CPU.Build.0 = Release|Any CPU
		{02D1BE8E-9701-45D4-96F1-6D449857A180}.Release|arm64.ActiveCfg = Release|Any CPU
		{02D1BE8E-9701-45D4-96F1-6D449857A180}.Release|arm64.Build.0 = Release|Any CPU
		{02D1BE8E-9701-45D4-96F1-6D449857A180}.Release|x64.ActiveCfg = Release|Any CPU
		{02D1BE8E-9701-45D4-96F1-6D449857A180}.Release|x64.Build.0 = Release|Any CPU
		{02D1BE8E-9701-45D4-96F1-6D449857A180}.Release|x86.ActiveCfg = Release|Any CPU
		{02D1BE8E-9701-45D4-96F1-6D449857A180}.Release|x86.Build.0 = Release|Any CPU
		{02D1BE8E-9701-45D4-96F1-6D449857A180}.StrictCompile|Any CPU.ActiveCfg = Release|Any CPU
		{02D1BE8E-9701-45D4-96F1-6D449857A180}.StrictCompile|Any CPU.Build.0 = Release|Any CPU
		{02D1BE8E-9701-45D4-96F1-6D449857A180}.StrictCompile|arm64.ActiveCfg = Release|Any CPU
		{02D1BE8E-9701-45D4-96F1-6D449857A180}.StrictCompile|arm64.Build.0 = Release|Any CPU
		{02D1BE8E-9701-45D4-96F1-6D449857A180}.StrictCompile|x64.ActiveCfg = Debug|Any CPU
		{02D1BE8E-9701-45D4-96F1-6D449857A180}.StrictCompile|x64.Build.0 = Debug|Any CPU
		{02D1BE8E-9701-45D4-96F1-6D449857A180}.StrictCompile|x86.ActiveCfg = Debug|Any CPU
		{02D1BE8E-9701-45D4-96F1-6D449857A180}.StrictCompile|x86.Build.0 = Debug|Any CPU
		{9092AA49-C25F-48EC-8EB7-18AC18601626}.Debug|Any CPU.ActiveCfg = Debug|Any CPU
		{9092AA49-C25F-48EC-8EB7-18AC18601626}.Debug|Any CPU.Build.0 = Debug|Any CPU
		{9092AA49-C25F-48EC-8EB7-18AC18601626}.Debug|arm64.ActiveCfg = Debug|Any CPU
		{9092AA49-C25F-48EC-8EB7-18AC18601626}.Debug|arm64.Build.0 = Debug|Any CPU
		{9092AA49-C25F-48EC-8EB7-18AC18601626}.Debug|x64.ActiveCfg = Debug|Any CPU
		{9092AA49-C25F-48EC-8EB7-18AC18601626}.Debug|x64.Build.0 = Debug|Any CPU
		{9092AA49-C25F-48EC-8EB7-18AC18601626}.Debug|x86.ActiveCfg = Debug|Any CPU
		{9092AA49-C25F-48EC-8EB7-18AC18601626}.Debug|x86.Build.0 = Debug|Any CPU
		{9092AA49-C25F-48EC-8EB7-18AC18601626}.Release|Any CPU.ActiveCfg = Release|Any CPU
		{9092AA49-C25F-48EC-8EB7-18AC18601626}.Release|Any CPU.Build.0 = Release|Any CPU
		{9092AA49-C25F-48EC-8EB7-18AC18601626}.Release|arm64.ActiveCfg = Release|Any CPU
		{9092AA49-C25F-48EC-8EB7-18AC18601626}.Release|arm64.Build.0 = Release|Any CPU
		{9092AA49-C25F-48EC-8EB7-18AC18601626}.Release|x64.ActiveCfg = Release|Any CPU
		{9092AA49-C25F-48EC-8EB7-18AC18601626}.Release|x64.Build.0 = Release|Any CPU
		{9092AA49-C25F-48EC-8EB7-18AC18601626}.Release|x86.ActiveCfg = Release|Any CPU
		{9092AA49-C25F-48EC-8EB7-18AC18601626}.Release|x86.Build.0 = Release|Any CPU
		{9092AA49-C25F-48EC-8EB7-18AC18601626}.StrictCompile|Any CPU.ActiveCfg = Release|Any CPU
		{9092AA49-C25F-48EC-8EB7-18AC18601626}.StrictCompile|Any CPU.Build.0 = Release|Any CPU
		{9092AA49-C25F-48EC-8EB7-18AC18601626}.StrictCompile|arm64.ActiveCfg = Release|Any CPU
		{9092AA49-C25F-48EC-8EB7-18AC18601626}.StrictCompile|arm64.Build.0 = Release|Any CPU
		{9092AA49-C25F-48EC-8EB7-18AC18601626}.StrictCompile|x64.ActiveCfg = Debug|Any CPU
		{9092AA49-C25F-48EC-8EB7-18AC18601626}.StrictCompile|x64.Build.0 = Debug|Any CPU
		{9092AA49-C25F-48EC-8EB7-18AC18601626}.StrictCompile|x86.ActiveCfg = Debug|Any CPU
		{9092AA49-C25F-48EC-8EB7-18AC18601626}.StrictCompile|x86.Build.0 = Debug|Any CPU
		{AADC3A0F-807C-4E33-9CD7-8044BBA327DD}.Debug|Any CPU.ActiveCfg = Debug|Any CPU
		{AADC3A0F-807C-4E33-9CD7-8044BBA327DD}.Debug|Any CPU.Build.0 = Debug|Any CPU
		{AADC3A0F-807C-4E33-9CD7-8044BBA327DD}.Debug|arm64.ActiveCfg = Debug|Any CPU
		{AADC3A0F-807C-4E33-9CD7-8044BBA327DD}.Debug|arm64.Build.0 = Debug|Any CPU
		{AADC3A0F-807C-4E33-9CD7-8044BBA327DD}.Debug|x64.ActiveCfg = Debug|Any CPU
		{AADC3A0F-807C-4E33-9CD7-8044BBA327DD}.Debug|x64.Build.0 = Debug|Any CPU
		{AADC3A0F-807C-4E33-9CD7-8044BBA327DD}.Debug|x86.ActiveCfg = Debug|Any CPU
		{AADC3A0F-807C-4E33-9CD7-8044BBA327DD}.Debug|x86.Build.0 = Debug|Any CPU
		{AADC3A0F-807C-4E33-9CD7-8044BBA327DD}.Release|Any CPU.ActiveCfg = Release|Any CPU
		{AADC3A0F-807C-4E33-9CD7-8044BBA327DD}.Release|Any CPU.Build.0 = Release|Any CPU
		{AADC3A0F-807C-4E33-9CD7-8044BBA327DD}.Release|arm64.ActiveCfg = Release|Any CPU
		{AADC3A0F-807C-4E33-9CD7-8044BBA327DD}.Release|arm64.Build.0 = Release|Any CPU
		{AADC3A0F-807C-4E33-9CD7-8044BBA327DD}.Release|x64.ActiveCfg = Release|Any CPU
		{AADC3A0F-807C-4E33-9CD7-8044BBA327DD}.Release|x64.Build.0 = Release|Any CPU
		{AADC3A0F-807C-4E33-9CD7-8044BBA327DD}.Release|x86.ActiveCfg = Release|Any CPU
		{AADC3A0F-807C-4E33-9CD7-8044BBA327DD}.Release|x86.Build.0 = Release|Any CPU
		{AADC3A0F-807C-4E33-9CD7-8044BBA327DD}.StrictCompile|Any CPU.ActiveCfg = Release|Any CPU
		{AADC3A0F-807C-4E33-9CD7-8044BBA327DD}.StrictCompile|Any CPU.Build.0 = Release|Any CPU
		{AADC3A0F-807C-4E33-9CD7-8044BBA327DD}.StrictCompile|arm64.ActiveCfg = Release|Any CPU
		{AADC3A0F-807C-4E33-9CD7-8044BBA327DD}.StrictCompile|arm64.Build.0 = Release|Any CPU
		{AADC3A0F-807C-4E33-9CD7-8044BBA327DD}.StrictCompile|x64.ActiveCfg = Debug|Any CPU
		{AADC3A0F-807C-4E33-9CD7-8044BBA327DD}.StrictCompile|x64.Build.0 = Debug|Any CPU
		{AADC3A0F-807C-4E33-9CD7-8044BBA327DD}.StrictCompile|x86.ActiveCfg = Debug|Any CPU
		{AADC3A0F-807C-4E33-9CD7-8044BBA327DD}.StrictCompile|x86.Build.0 = Debug|Any CPU
		{A4DB8863-FD6E-414A-A437-E4A558C098AF}.Debug|Any CPU.ActiveCfg = Debug|Any CPU
		{A4DB8863-FD6E-414A-A437-E4A558C098AF}.Debug|Any CPU.Build.0 = Debug|Any CPU
		{A4DB8863-FD6E-414A-A437-E4A558C098AF}.Debug|arm64.ActiveCfg = Debug|Any CPU
		{A4DB8863-FD6E-414A-A437-E4A558C098AF}.Debug|arm64.Build.0 = Debug|Any CPU
		{A4DB8863-FD6E-414A-A437-E4A558C098AF}.Debug|x64.ActiveCfg = Debug|Any CPU
		{A4DB8863-FD6E-414A-A437-E4A558C098AF}.Debug|x64.Build.0 = Debug|Any CPU
		{A4DB8863-FD6E-414A-A437-E4A558C098AF}.Debug|x86.ActiveCfg = Debug|Any CPU
		{A4DB8863-FD6E-414A-A437-E4A558C098AF}.Debug|x86.Build.0 = Debug|Any CPU
		{A4DB8863-FD6E-414A-A437-E4A558C098AF}.Release|Any CPU.ActiveCfg = Release|Any CPU
		{A4DB8863-FD6E-414A-A437-E4A558C098AF}.Release|Any CPU.Build.0 = Release|Any CPU
		{A4DB8863-FD6E-414A-A437-E4A558C098AF}.Release|arm64.ActiveCfg = Release|Any CPU
		{A4DB8863-FD6E-414A-A437-E4A558C098AF}.Release|arm64.Build.0 = Release|Any CPU
		{A4DB8863-FD6E-414A-A437-E4A558C098AF}.Release|x64.ActiveCfg = Release|Any CPU
		{A4DB8863-FD6E-414A-A437-E4A558C098AF}.Release|x64.Build.0 = Release|Any CPU
		{A4DB8863-FD6E-414A-A437-E4A558C098AF}.Release|x86.ActiveCfg = Release|Any CPU
		{A4DB8863-FD6E-414A-A437-E4A558C098AF}.Release|x86.Build.0 = Release|Any CPU
		{A4DB8863-FD6E-414A-A437-E4A558C098AF}.StrictCompile|Any CPU.ActiveCfg = Release|Any CPU
		{A4DB8863-FD6E-414A-A437-E4A558C098AF}.StrictCompile|Any CPU.Build.0 = Release|Any CPU
		{A4DB8863-FD6E-414A-A437-E4A558C098AF}.StrictCompile|arm64.ActiveCfg = Release|Any CPU
		{A4DB8863-FD6E-414A-A437-E4A558C098AF}.StrictCompile|arm64.Build.0 = Release|Any CPU
		{A4DB8863-FD6E-414A-A437-E4A558C098AF}.StrictCompile|x64.ActiveCfg = Debug|Any CPU
		{A4DB8863-FD6E-414A-A437-E4A558C098AF}.StrictCompile|x64.Build.0 = Debug|Any CPU
		{A4DB8863-FD6E-414A-A437-E4A558C098AF}.StrictCompile|x86.ActiveCfg = Debug|Any CPU
		{A4DB8863-FD6E-414A-A437-E4A558C098AF}.StrictCompile|x86.Build.0 = Debug|Any CPU
		{21B2142C-F3C2-4F49-B3BA-0BE45E820919}.Debug|Any CPU.ActiveCfg = Debug|Any CPU
		{21B2142C-F3C2-4F49-B3BA-0BE45E820919}.Debug|Any CPU.Build.0 = Debug|Any CPU
		{21B2142C-F3C2-4F49-B3BA-0BE45E820919}.Debug|arm64.ActiveCfg = Debug|Any CPU
		{21B2142C-F3C2-4F49-B3BA-0BE45E820919}.Debug|arm64.Build.0 = Debug|Any CPU
		{21B2142C-F3C2-4F49-B3BA-0BE45E820919}.Debug|x64.ActiveCfg = Debug|Any CPU
		{21B2142C-F3C2-4F49-B3BA-0BE45E820919}.Debug|x64.Build.0 = Debug|Any CPU
		{21B2142C-F3C2-4F49-B3BA-0BE45E820919}.Debug|x86.ActiveCfg = Debug|Any CPU
		{21B2142C-F3C2-4F49-B3BA-0BE45E820919}.Debug|x86.Build.0 = Debug|Any CPU
		{21B2142C-F3C2-4F49-B3BA-0BE45E820919}.Release|Any CPU.ActiveCfg = Release|Any CPU
		{21B2142C-F3C2-4F49-B3BA-0BE45E820919}.Release|Any CPU.Build.0 = Release|Any CPU
		{21B2142C-F3C2-4F49-B3BA-0BE45E820919}.Release|arm64.ActiveCfg = Release|Any CPU
		{21B2142C-F3C2-4F49-B3BA-0BE45E820919}.Release|arm64.Build.0 = Release|Any CPU
		{21B2142C-F3C2-4F49-B3BA-0BE45E820919}.Release|x64.ActiveCfg = Release|Any CPU
		{21B2142C-F3C2-4F49-B3BA-0BE45E820919}.Release|x64.Build.0 = Release|Any CPU
		{21B2142C-F3C2-4F49-B3BA-0BE45E820919}.Release|x86.ActiveCfg = Release|Any CPU
		{21B2142C-F3C2-4F49-B3BA-0BE45E820919}.Release|x86.Build.0 = Release|Any CPU
		{21B2142C-F3C2-4F49-B3BA-0BE45E820919}.StrictCompile|Any CPU.ActiveCfg = Release|Any CPU
		{21B2142C-F3C2-4F49-B3BA-0BE45E820919}.StrictCompile|Any CPU.Build.0 = Release|Any CPU
		{21B2142C-F3C2-4F49-B3BA-0BE45E820919}.StrictCompile|arm64.ActiveCfg = Release|Any CPU
		{21B2142C-F3C2-4F49-B3BA-0BE45E820919}.StrictCompile|arm64.Build.0 = Release|Any CPU
		{21B2142C-F3C2-4F49-B3BA-0BE45E820919}.StrictCompile|x64.ActiveCfg = Debug|Any CPU
		{21B2142C-F3C2-4F49-B3BA-0BE45E820919}.StrictCompile|x64.Build.0 = Debug|Any CPU
		{21B2142C-F3C2-4F49-B3BA-0BE45E820919}.StrictCompile|x86.ActiveCfg = Debug|Any CPU
		{21B2142C-F3C2-4F49-B3BA-0BE45E820919}.StrictCompile|x86.Build.0 = Debug|Any CPU
		{344091B7-4D0A-4F62-BB06-05140A63A46A}.Debug|Any CPU.ActiveCfg = Debug|Any CPU
		{344091B7-4D0A-4F62-BB06-05140A63A46A}.Debug|Any CPU.Build.0 = Debug|Any CPU
		{344091B7-4D0A-4F62-BB06-05140A63A46A}.Debug|arm64.ActiveCfg = Debug|Any CPU
		{344091B7-4D0A-4F62-BB06-05140A63A46A}.Debug|arm64.Build.0 = Debug|Any CPU
		{344091B7-4D0A-4F62-BB06-05140A63A46A}.Debug|x64.ActiveCfg = Debug|Any CPU
		{344091B7-4D0A-4F62-BB06-05140A63A46A}.Debug|x64.Build.0 = Debug|Any CPU
		{344091B7-4D0A-4F62-BB06-05140A63A46A}.Debug|x86.ActiveCfg = Debug|Any CPU
		{344091B7-4D0A-4F62-BB06-05140A63A46A}.Debug|x86.Build.0 = Debug|Any CPU
		{344091B7-4D0A-4F62-BB06-05140A63A46A}.Release|Any CPU.ActiveCfg = Release|Any CPU
		{344091B7-4D0A-4F62-BB06-05140A63A46A}.Release|Any CPU.Build.0 = Release|Any CPU
		{344091B7-4D0A-4F62-BB06-05140A63A46A}.Release|arm64.ActiveCfg = Release|Any CPU
		{344091B7-4D0A-4F62-BB06-05140A63A46A}.Release|arm64.Build.0 = Release|Any CPU
		{344091B7-4D0A-4F62-BB06-05140A63A46A}.Release|x64.ActiveCfg = Release|Any CPU
		{344091B7-4D0A-4F62-BB06-05140A63A46A}.Release|x64.Build.0 = Release|Any CPU
		{344091B7-4D0A-4F62-BB06-05140A63A46A}.Release|x86.ActiveCfg = Release|Any CPU
		{344091B7-4D0A-4F62-BB06-05140A63A46A}.Release|x86.Build.0 = Release|Any CPU
		{344091B7-4D0A-4F62-BB06-05140A63A46A}.StrictCompile|Any CPU.ActiveCfg = Release|Any CPU
		{344091B7-4D0A-4F62-BB06-05140A63A46A}.StrictCompile|Any CPU.Build.0 = Release|Any CPU
		{344091B7-4D0A-4F62-BB06-05140A63A46A}.StrictCompile|arm64.ActiveCfg = Release|Any CPU
		{344091B7-4D0A-4F62-BB06-05140A63A46A}.StrictCompile|arm64.Build.0 = Release|Any CPU
		{344091B7-4D0A-4F62-BB06-05140A63A46A}.StrictCompile|x64.ActiveCfg = Debug|Any CPU
		{344091B7-4D0A-4F62-BB06-05140A63A46A}.StrictCompile|x64.Build.0 = Debug|Any CPU
		{344091B7-4D0A-4F62-BB06-05140A63A46A}.StrictCompile|x86.ActiveCfg = Debug|Any CPU
		{344091B7-4D0A-4F62-BB06-05140A63A46A}.StrictCompile|x86.Build.0 = Debug|Any CPU
		{EDCACBA4-CEBE-4AD3-BD9F-5E386F1A0000}.Debug|Any CPU.ActiveCfg = Debug|Any CPU
		{EDCACBA4-CEBE-4AD3-BD9F-5E386F1A0000}.Debug|Any CPU.Build.0 = Debug|Any CPU
		{EDCACBA4-CEBE-4AD3-BD9F-5E386F1A0000}.Debug|arm64.ActiveCfg = Debug|Any CPU
		{EDCACBA4-CEBE-4AD3-BD9F-5E386F1A0000}.Debug|arm64.Build.0 = Debug|Any CPU
		{EDCACBA4-CEBE-4AD3-BD9F-5E386F1A0000}.Debug|x64.ActiveCfg = Debug|Any CPU
		{EDCACBA4-CEBE-4AD3-BD9F-5E386F1A0000}.Debug|x64.Build.0 = Debug|Any CPU
		{EDCACBA4-CEBE-4AD3-BD9F-5E386F1A0000}.Debug|x86.ActiveCfg = Debug|Any CPU
		{EDCACBA4-CEBE-4AD3-BD9F-5E386F1A0000}.Debug|x86.Build.0 = Debug|Any CPU
		{EDCACBA4-CEBE-4AD3-BD9F-5E386F1A0000}.Release|Any CPU.ActiveCfg = Release|Any CPU
		{EDCACBA4-CEBE-4AD3-BD9F-5E386F1A0000}.Release|Any CPU.Build.0 = Release|Any CPU
		{EDCACBA4-CEBE-4AD3-BD9F-5E386F1A0000}.Release|arm64.ActiveCfg = Release|Any CPU
		{EDCACBA4-CEBE-4AD3-BD9F-5E386F1A0000}.Release|arm64.Build.0 = Release|Any CPU
		{EDCACBA4-CEBE-4AD3-BD9F-5E386F1A0000}.Release|x64.ActiveCfg = Release|Any CPU
		{EDCACBA4-CEBE-4AD3-BD9F-5E386F1A0000}.Release|x64.Build.0 = Release|Any CPU
		{EDCACBA4-CEBE-4AD3-BD9F-5E386F1A0000}.Release|x86.ActiveCfg = Release|Any CPU
		{EDCACBA4-CEBE-4AD3-BD9F-5E386F1A0000}.Release|x86.Build.0 = Release|Any CPU
		{EDCACBA4-CEBE-4AD3-BD9F-5E386F1A0000}.StrictCompile|Any CPU.ActiveCfg = Debug|Any CPU
		{EDCACBA4-CEBE-4AD3-BD9F-5E386F1A0000}.StrictCompile|Any CPU.Build.0 = Debug|Any CPU
		{EDCACBA4-CEBE-4AD3-BD9F-5E386F1A0000}.StrictCompile|arm64.ActiveCfg = Release|Any CPU
		{EDCACBA4-CEBE-4AD3-BD9F-5E386F1A0000}.StrictCompile|arm64.Build.0 = Release|Any CPU
		{EDCACBA4-CEBE-4AD3-BD9F-5E386F1A0000}.StrictCompile|x64.ActiveCfg = Debug|Any CPU
		{EDCACBA4-CEBE-4AD3-BD9F-5E386F1A0000}.StrictCompile|x64.Build.0 = Debug|Any CPU
		{EDCACBA4-CEBE-4AD3-BD9F-5E386F1A0000}.StrictCompile|x86.ActiveCfg = Debug|Any CPU
		{EDCACBA4-CEBE-4AD3-BD9F-5E386F1A0000}.StrictCompile|x86.Build.0 = Debug|Any CPU
		{BA288DCA-F1FE-4EB9-A972-2CA5473E6DA2}.Debug|Any CPU.ActiveCfg = Debug|Any CPU
		{BA288DCA-F1FE-4EB9-A972-2CA5473E6DA2}.Debug|Any CPU.Build.0 = Debug|Any CPU
		{BA288DCA-F1FE-4EB9-A972-2CA5473E6DA2}.Debug|arm64.ActiveCfg = Debug|Any CPU
		{BA288DCA-F1FE-4EB9-A972-2CA5473E6DA2}.Debug|arm64.Build.0 = Debug|Any CPU
		{BA288DCA-F1FE-4EB9-A972-2CA5473E6DA2}.Debug|x64.ActiveCfg = Debug|Any CPU
		{BA288DCA-F1FE-4EB9-A972-2CA5473E6DA2}.Debug|x64.Build.0 = Debug|Any CPU
		{BA288DCA-F1FE-4EB9-A972-2CA5473E6DA2}.Debug|x86.ActiveCfg = Debug|Any CPU
		{BA288DCA-F1FE-4EB9-A972-2CA5473E6DA2}.Debug|x86.Build.0 = Debug|Any CPU
		{BA288DCA-F1FE-4EB9-A972-2CA5473E6DA2}.Release|Any CPU.ActiveCfg = Release|Any CPU
		{BA288DCA-F1FE-4EB9-A972-2CA5473E6DA2}.Release|Any CPU.Build.0 = Release|Any CPU
		{BA288DCA-F1FE-4EB9-A972-2CA5473E6DA2}.Release|arm64.ActiveCfg = Release|Any CPU
		{BA288DCA-F1FE-4EB9-A972-2CA5473E6DA2}.Release|arm64.Build.0 = Release|Any CPU
		{BA288DCA-F1FE-4EB9-A972-2CA5473E6DA2}.Release|x64.ActiveCfg = Release|Any CPU
		{BA288DCA-F1FE-4EB9-A972-2CA5473E6DA2}.Release|x64.Build.0 = Release|Any CPU
		{BA288DCA-F1FE-4EB9-A972-2CA5473E6DA2}.Release|x86.ActiveCfg = Release|Any CPU
		{BA288DCA-F1FE-4EB9-A972-2CA5473E6DA2}.Release|x86.Build.0 = Release|Any CPU
		{BA288DCA-F1FE-4EB9-A972-2CA5473E6DA2}.StrictCompile|Any CPU.ActiveCfg = Debug|Any CPU
		{BA288DCA-F1FE-4EB9-A972-2CA5473E6DA2}.StrictCompile|Any CPU.Build.0 = Debug|Any CPU
		{BA288DCA-F1FE-4EB9-A972-2CA5473E6DA2}.StrictCompile|arm64.ActiveCfg = Release|Any CPU
		{BA288DCA-F1FE-4EB9-A972-2CA5473E6DA2}.StrictCompile|arm64.Build.0 = Release|Any CPU
		{BA288DCA-F1FE-4EB9-A972-2CA5473E6DA2}.StrictCompile|x64.ActiveCfg = Debug|Any CPU
		{BA288DCA-F1FE-4EB9-A972-2CA5473E6DA2}.StrictCompile|x64.Build.0 = Debug|Any CPU
		{BA288DCA-F1FE-4EB9-A972-2CA5473E6DA2}.StrictCompile|x86.ActiveCfg = Debug|Any CPU
		{BA288DCA-F1FE-4EB9-A972-2CA5473E6DA2}.StrictCompile|x86.Build.0 = Debug|Any CPU
		{2356475C-6214-427D-81EA-F0752145219D}.Debug|Any CPU.ActiveCfg = Debug|Any CPU
		{2356475C-6214-427D-81EA-F0752145219D}.Debug|Any CPU.Build.0 = Debug|Any CPU
		{2356475C-6214-427D-81EA-F0752145219D}.Debug|arm64.ActiveCfg = Debug|Any CPU
		{2356475C-6214-427D-81EA-F0752145219D}.Debug|arm64.Build.0 = Debug|Any CPU
		{2356475C-6214-427D-81EA-F0752145219D}.Debug|x64.ActiveCfg = Debug|Any CPU
		{2356475C-6214-427D-81EA-F0752145219D}.Debug|x64.Build.0 = Debug|Any CPU
		{2356475C-6214-427D-81EA-F0752145219D}.Debug|x86.ActiveCfg = Debug|Any CPU
		{2356475C-6214-427D-81EA-F0752145219D}.Debug|x86.Build.0 = Debug|Any CPU
		{2356475C-6214-427D-81EA-F0752145219D}.Release|Any CPU.ActiveCfg = Release|Any CPU
		{2356475C-6214-427D-81EA-F0752145219D}.Release|Any CPU.Build.0 = Release|Any CPU
		{2356475C-6214-427D-81EA-F0752145219D}.Release|arm64.ActiveCfg = Release|Any CPU
		{2356475C-6214-427D-81EA-F0752145219D}.Release|arm64.Build.0 = Release|Any CPU
		{2356475C-6214-427D-81EA-F0752145219D}.Release|x64.ActiveCfg = Release|Any CPU
		{2356475C-6214-427D-81EA-F0752145219D}.Release|x64.Build.0 = Release|Any CPU
		{2356475C-6214-427D-81EA-F0752145219D}.Release|x86.ActiveCfg = Release|Any CPU
		{2356475C-6214-427D-81EA-F0752145219D}.Release|x86.Build.0 = Release|Any CPU
		{2356475C-6214-427D-81EA-F0752145219D}.StrictCompile|Any CPU.ActiveCfg = Debug|Any CPU
		{2356475C-6214-427D-81EA-F0752145219D}.StrictCompile|Any CPU.Build.0 = Debug|Any CPU
		{2356475C-6214-427D-81EA-F0752145219D}.StrictCompile|arm64.ActiveCfg = Release|Any CPU
		{2356475C-6214-427D-81EA-F0752145219D}.StrictCompile|arm64.Build.0 = Release|Any CPU
		{2356475C-6214-427D-81EA-F0752145219D}.StrictCompile|x64.ActiveCfg = Debug|Any CPU
		{2356475C-6214-427D-81EA-F0752145219D}.StrictCompile|x64.Build.0 = Debug|Any CPU
		{2356475C-6214-427D-81EA-F0752145219D}.StrictCompile|x86.ActiveCfg = Debug|Any CPU
		{2356475C-6214-427D-81EA-F0752145219D}.StrictCompile|x86.Build.0 = Debug|Any CPU
		{473860A7-963C-40AA-A703-28BD68109AB0}.Debug|Any CPU.ActiveCfg = Debug|Any CPU
		{473860A7-963C-40AA-A703-28BD68109AB0}.Debug|Any CPU.Build.0 = Debug|Any CPU
		{473860A7-963C-40AA-A703-28BD68109AB0}.Debug|arm64.ActiveCfg = Debug|arm64
		{473860A7-963C-40AA-A703-28BD68109AB0}.Debug|arm64.Build.0 = Debug|arm64
		{473860A7-963C-40AA-A703-28BD68109AB0}.Debug|x64.ActiveCfg = Debug|Any CPU
		{473860A7-963C-40AA-A703-28BD68109AB0}.Debug|x64.Build.0 = Debug|Any CPU
		{473860A7-963C-40AA-A703-28BD68109AB0}.Debug|x86.ActiveCfg = Debug|x86
		{473860A7-963C-40AA-A703-28BD68109AB0}.Debug|x86.Build.0 = Debug|x86
		{473860A7-963C-40AA-A703-28BD68109AB0}.Release|Any CPU.ActiveCfg = Release|Any CPU
		{473860A7-963C-40AA-A703-28BD68109AB0}.Release|Any CPU.Build.0 = Release|Any CPU
		{473860A7-963C-40AA-A703-28BD68109AB0}.Release|arm64.ActiveCfg = Release|arm64
		{473860A7-963C-40AA-A703-28BD68109AB0}.Release|arm64.Build.0 = Release|arm64
		{473860A7-963C-40AA-A703-28BD68109AB0}.Release|x64.ActiveCfg = Release|Any CPU
		{473860A7-963C-40AA-A703-28BD68109AB0}.Release|x64.Build.0 = Release|Any CPU
		{473860A7-963C-40AA-A703-28BD68109AB0}.Release|x86.ActiveCfg = Release|x86
		{473860A7-963C-40AA-A703-28BD68109AB0}.Release|x86.Build.0 = Release|x86
		{473860A7-963C-40AA-A703-28BD68109AB0}.StrictCompile|Any CPU.ActiveCfg = Debug|Any CPU
		{473860A7-963C-40AA-A703-28BD68109AB0}.StrictCompile|Any CPU.Build.0 = Debug|Any CPU
		{473860A7-963C-40AA-A703-28BD68109AB0}.StrictCompile|arm64.ActiveCfg = Debug|arm64
		{473860A7-963C-40AA-A703-28BD68109AB0}.StrictCompile|arm64.Build.0 = Debug|arm64
		{473860A7-963C-40AA-A703-28BD68109AB0}.StrictCompile|x64.ActiveCfg = Debug|Any CPU
		{473860A7-963C-40AA-A703-28BD68109AB0}.StrictCompile|x64.Build.0 = Debug|Any CPU
		{473860A7-963C-40AA-A703-28BD68109AB0}.StrictCompile|x86.ActiveCfg = Debug|x86
		{473860A7-963C-40AA-A703-28BD68109AB0}.StrictCompile|x86.Build.0 = Debug|x86
		{65CAAFC3-E5A4-4C87-9291-72ACC6D1010B}.Debug|Any CPU.ActiveCfg = Debug|Any CPU
		{65CAAFC3-E5A4-4C87-9291-72ACC6D1010B}.Debug|Any CPU.Build.0 = Debug|Any CPU
		{65CAAFC3-E5A4-4C87-9291-72ACC6D1010B}.Debug|arm64.ActiveCfg = Debug|Any CPU
		{65CAAFC3-E5A4-4C87-9291-72ACC6D1010B}.Debug|arm64.Build.0 = Debug|Any CPU
		{65CAAFC3-E5A4-4C87-9291-72ACC6D1010B}.Debug|x64.ActiveCfg = Debug|Any CPU
		{65CAAFC3-E5A4-4C87-9291-72ACC6D1010B}.Debug|x64.Build.0 = Debug|Any CPU
		{65CAAFC3-E5A4-4C87-9291-72ACC6D1010B}.Debug|x86.ActiveCfg = Debug|Any CPU
		{65CAAFC3-E5A4-4C87-9291-72ACC6D1010B}.Debug|x86.Build.0 = Debug|Any CPU
		{65CAAFC3-E5A4-4C87-9291-72ACC6D1010B}.Release|Any CPU.ActiveCfg = Release|Any CPU
		{65CAAFC3-E5A4-4C87-9291-72ACC6D1010B}.Release|Any CPU.Build.0 = Release|Any CPU
		{65CAAFC3-E5A4-4C87-9291-72ACC6D1010B}.Release|arm64.ActiveCfg = Release|Any CPU
		{65CAAFC3-E5A4-4C87-9291-72ACC6D1010B}.Release|arm64.Build.0 = Release|Any CPU
		{65CAAFC3-E5A4-4C87-9291-72ACC6D1010B}.Release|x64.ActiveCfg = Release|Any CPU
		{65CAAFC3-E5A4-4C87-9291-72ACC6D1010B}.Release|x64.Build.0 = Release|Any CPU
		{65CAAFC3-E5A4-4C87-9291-72ACC6D1010B}.Release|x86.ActiveCfg = Release|Any CPU
		{65CAAFC3-E5A4-4C87-9291-72ACC6D1010B}.Release|x86.Build.0 = Release|Any CPU
		{65CAAFC3-E5A4-4C87-9291-72ACC6D1010B}.StrictCompile|Any CPU.ActiveCfg = Debug|Any CPU
		{65CAAFC3-E5A4-4C87-9291-72ACC6D1010B}.StrictCompile|Any CPU.Build.0 = Debug|Any CPU
		{65CAAFC3-E5A4-4C87-9291-72ACC6D1010B}.StrictCompile|arm64.ActiveCfg = Debug|Any CPU
		{65CAAFC3-E5A4-4C87-9291-72ACC6D1010B}.StrictCompile|arm64.Build.0 = Debug|Any CPU
		{65CAAFC3-E5A4-4C87-9291-72ACC6D1010B}.StrictCompile|x64.ActiveCfg = Debug|Any CPU
		{65CAAFC3-E5A4-4C87-9291-72ACC6D1010B}.StrictCompile|x64.Build.0 = Debug|Any CPU
		{65CAAFC3-E5A4-4C87-9291-72ACC6D1010B}.StrictCompile|x86.ActiveCfg = Debug|Any CPU
		{65CAAFC3-E5A4-4C87-9291-72ACC6D1010B}.StrictCompile|x86.Build.0 = Debug|Any CPU
		{35079C63-BD05-4943-B408-A1C4914EF4AD}.Debug|Any CPU.ActiveCfg = Debug|Any CPU
		{35079C63-BD05-4943-B408-A1C4914EF4AD}.Debug|Any CPU.Build.0 = Debug|Any CPU
		{35079C63-BD05-4943-B408-A1C4914EF4AD}.Debug|arm64.ActiveCfg = Debug|Any CPU
		{35079C63-BD05-4943-B408-A1C4914EF4AD}.Debug|arm64.Build.0 = Debug|Any CPU
		{35079C63-BD05-4943-B408-A1C4914EF4AD}.Debug|x64.ActiveCfg = Debug|Any CPU
		{35079C63-BD05-4943-B408-A1C4914EF4AD}.Debug|x64.Build.0 = Debug|Any CPU
		{35079C63-BD05-4943-B408-A1C4914EF4AD}.Debug|x86.ActiveCfg = Debug|Any CPU
		{35079C63-BD05-4943-B408-A1C4914EF4AD}.Debug|x86.Build.0 = Debug|Any CPU
		{35079C63-BD05-4943-B408-A1C4914EF4AD}.Release|Any CPU.ActiveCfg = Release|Any CPU
		{35079C63-BD05-4943-B408-A1C4914EF4AD}.Release|Any CPU.Build.0 = Release|Any CPU
		{35079C63-BD05-4943-B408-A1C4914EF4AD}.Release|arm64.ActiveCfg = Release|Any CPU
		{35079C63-BD05-4943-B408-A1C4914EF4AD}.Release|arm64.Build.0 = Release|Any CPU
		{35079C63-BD05-4943-B408-A1C4914EF4AD}.Release|x64.ActiveCfg = Release|Any CPU
		{35079C63-BD05-4943-B408-A1C4914EF4AD}.Release|x64.Build.0 = Release|Any CPU
		{35079C63-BD05-4943-B408-A1C4914EF4AD}.Release|x86.ActiveCfg = Release|Any CPU
		{35079C63-BD05-4943-B408-A1C4914EF4AD}.Release|x86.Build.0 = Release|Any CPU
		{35079C63-BD05-4943-B408-A1C4914EF4AD}.StrictCompile|Any CPU.ActiveCfg = Debug|Any CPU
		{35079C63-BD05-4943-B408-A1C4914EF4AD}.StrictCompile|Any CPU.Build.0 = Debug|Any CPU
		{35079C63-BD05-4943-B408-A1C4914EF4AD}.StrictCompile|arm64.ActiveCfg = Debug|Any CPU
		{35079C63-BD05-4943-B408-A1C4914EF4AD}.StrictCompile|arm64.Build.0 = Debug|Any CPU
		{35079C63-BD05-4943-B408-A1C4914EF4AD}.StrictCompile|x64.ActiveCfg = Debug|Any CPU
		{35079C63-BD05-4943-B408-A1C4914EF4AD}.StrictCompile|x64.Build.0 = Debug|Any CPU
		{35079C63-BD05-4943-B408-A1C4914EF4AD}.StrictCompile|x86.ActiveCfg = Debug|Any CPU
		{35079C63-BD05-4943-B408-A1C4914EF4AD}.StrictCompile|x86.Build.0 = Debug|Any CPU
		{0138943C-6DC4-491C-B3E1-070DFBD15167}.Debug|Any CPU.ActiveCfg = Debug|Any CPU
		{0138943C-6DC4-491C-B3E1-070DFBD15167}.Debug|Any CPU.Build.0 = Debug|Any CPU
		{0138943C-6DC4-491C-B3E1-070DFBD15167}.Debug|arm64.ActiveCfg = Debug|Any CPU
		{0138943C-6DC4-491C-B3E1-070DFBD15167}.Debug|arm64.Build.0 = Debug|Any CPU
		{0138943C-6DC4-491C-B3E1-070DFBD15167}.Debug|x64.ActiveCfg = Debug|Any CPU
		{0138943C-6DC4-491C-B3E1-070DFBD15167}.Debug|x64.Build.0 = Debug|Any CPU
		{0138943C-6DC4-491C-B3E1-070DFBD15167}.Debug|x86.ActiveCfg = Debug|Any CPU
		{0138943C-6DC4-491C-B3E1-070DFBD15167}.Debug|x86.Build.0 = Debug|Any CPU
		{0138943C-6DC4-491C-B3E1-070DFBD15167}.Release|Any CPU.ActiveCfg = Release|Any CPU
		{0138943C-6DC4-491C-B3E1-070DFBD15167}.Release|Any CPU.Build.0 = Release|Any CPU
		{0138943C-6DC4-491C-B3E1-070DFBD15167}.Release|arm64.ActiveCfg = Release|Any CPU
		{0138943C-6DC4-491C-B3E1-070DFBD15167}.Release|arm64.Build.0 = Release|Any CPU
		{0138943C-6DC4-491C-B3E1-070DFBD15167}.Release|x64.ActiveCfg = Release|Any CPU
		{0138943C-6DC4-491C-B3E1-070DFBD15167}.Release|x64.Build.0 = Release|Any CPU
		{0138943C-6DC4-491C-B3E1-070DFBD15167}.Release|x86.ActiveCfg = Release|Any CPU
		{0138943C-6DC4-491C-B3E1-070DFBD15167}.Release|x86.Build.0 = Release|Any CPU
		{0138943C-6DC4-491C-B3E1-070DFBD15167}.StrictCompile|Any CPU.ActiveCfg = Debug|Any CPU
		{0138943C-6DC4-491C-B3E1-070DFBD15167}.StrictCompile|Any CPU.Build.0 = Debug|Any CPU
		{0138943C-6DC4-491C-B3E1-070DFBD15167}.StrictCompile|arm64.ActiveCfg = Debug|Any CPU
		{0138943C-6DC4-491C-B3E1-070DFBD15167}.StrictCompile|arm64.Build.0 = Debug|Any CPU
		{0138943C-6DC4-491C-B3E1-070DFBD15167}.StrictCompile|x64.ActiveCfg = Debug|Any CPU
		{0138943C-6DC4-491C-B3E1-070DFBD15167}.StrictCompile|x64.Build.0 = Debug|Any CPU
		{0138943C-6DC4-491C-B3E1-070DFBD15167}.StrictCompile|x86.ActiveCfg = Debug|Any CPU
		{0138943C-6DC4-491C-B3E1-070DFBD15167}.StrictCompile|x86.Build.0 = Debug|Any CPU
		{601EB546-7669-4499-BA04-B77520973D9C}.Debug|Any CPU.ActiveCfg = Debug|Any CPU
		{601EB546-7669-4499-BA04-B77520973D9C}.Debug|Any CPU.Build.0 = Debug|Any CPU
		{601EB546-7669-4499-BA04-B77520973D9C}.Debug|arm64.ActiveCfg = Debug|Any CPU
		{601EB546-7669-4499-BA04-B77520973D9C}.Debug|arm64.Build.0 = Debug|Any CPU
		{601EB546-7669-4499-BA04-B77520973D9C}.Debug|x64.ActiveCfg = Debug|Any CPU
		{601EB546-7669-4499-BA04-B77520973D9C}.Debug|x64.Build.0 = Debug|Any CPU
		{601EB546-7669-4499-BA04-B77520973D9C}.Debug|x86.ActiveCfg = Debug|Any CPU
		{601EB546-7669-4499-BA04-B77520973D9C}.Debug|x86.Build.0 = Debug|Any CPU
		{601EB546-7669-4499-BA04-B77520973D9C}.Release|Any CPU.ActiveCfg = Release|Any CPU
		{601EB546-7669-4499-BA04-B77520973D9C}.Release|Any CPU.Build.0 = Release|Any CPU
		{601EB546-7669-4499-BA04-B77520973D9C}.Release|arm64.ActiveCfg = Release|Any CPU
		{601EB546-7669-4499-BA04-B77520973D9C}.Release|arm64.Build.0 = Release|Any CPU
		{601EB546-7669-4499-BA04-B77520973D9C}.Release|x64.ActiveCfg = Release|Any CPU
		{601EB546-7669-4499-BA04-B77520973D9C}.Release|x64.Build.0 = Release|Any CPU
		{601EB546-7669-4499-BA04-B77520973D9C}.Release|x86.ActiveCfg = Release|Any CPU
		{601EB546-7669-4499-BA04-B77520973D9C}.Release|x86.Build.0 = Release|Any CPU
		{601EB546-7669-4499-BA04-B77520973D9C}.StrictCompile|Any CPU.ActiveCfg = Debug|Any CPU
		{601EB546-7669-4499-BA04-B77520973D9C}.StrictCompile|Any CPU.Build.0 = Debug|Any CPU
		{601EB546-7669-4499-BA04-B77520973D9C}.StrictCompile|arm64.ActiveCfg = Debug|Any CPU
		{601EB546-7669-4499-BA04-B77520973D9C}.StrictCompile|arm64.Build.0 = Debug|Any CPU
		{601EB546-7669-4499-BA04-B77520973D9C}.StrictCompile|x64.ActiveCfg = Debug|Any CPU
		{601EB546-7669-4499-BA04-B77520973D9C}.StrictCompile|x64.Build.0 = Debug|Any CPU
		{601EB546-7669-4499-BA04-B77520973D9C}.StrictCompile|x86.ActiveCfg = Debug|Any CPU
		{601EB546-7669-4499-BA04-B77520973D9C}.StrictCompile|x86.Build.0 = Debug|Any CPU
	EndGlobalSection
	GlobalSection(SolutionProperties) = preSolution
		HideSolutionNode = FALSE
	EndGlobalSection
	GlobalSection(ExtensibilityGlobals) = postSolution
		SolutionGuid = {5A40B2FE-FE61-4A0F-88F7-D9D978B2D9EE}
	EndGlobalSection
EndGlobal
